
Terraform used the selected providers to generate the following execution
plan. Resource actions are indicated with the following symbols:
  [32m+[0m create
 [36m<=[0m read (data resources)
[0m
Terraform will perform the following actions:

[1m  # data.aws_iam_policy_document.demo-codedeploy-role-policy[0m will be read during apply
  # (config refers to values not yet known)[0m[0m
[0m [36m<=[0m[0m data "aws_iam_policy_document" "demo-codedeploy-role-policy"  {
      [32m+[0m [0m[1m[0mid[0m[0m   = (known after apply)
      [32m+[0m [0m[1m[0mjson[0m[0m = (known after apply)

      [32m+[0m [0mstatement {
          [32m+[0m [0m[1m[0mactions[0m[0m   = [
              [32m+[0m [0m"cloudwatch:DescribeAlarms",
              [32m+[0m [0m"ecs:CreateTaskSet",
              [32m+[0m [0m"ecs:DeleteTaskSet",
              [32m+[0m [0m"ecs:DescribeServices",
              [32m+[0m [0m"ecs:UpdateServicePrimaryTaskSet",
              [32m+[0m [0m"elasticloadbalancing:DescribeListeners",
              [32m+[0m [0m"elasticloadbalancing:DescribeRules",
              [32m+[0m [0m"elasticloadbalancing:DescribeTargetGroups",
              [32m+[0m [0m"elasticloadbalancing:ModifyListener",
              [32m+[0m [0m"elasticloadbalancing:ModifyRule",
              [32m+[0m [0m"lambda:InvokeFunction",
              [32m+[0m [0m"s3:GetObject",
              [32m+[0m [0m"s3:GetObjectVersion",
              [32m+[0m [0m"sns:Publish",
            ]
          [32m+[0m [0m[1m[0meffect[0m[0m    = "Allow"
          [32m+[0m [0m[1m[0mresources[0m[0m = [
              [32m+[0m [0m"*",
            ]
        }
      [32m+[0m [0mstatement {
          [32m+[0m [0m[1m[0mactions[0m[0m   = [
              [32m+[0m [0m"s3:Get*",
            ]
          [32m+[0m [0m[1m[0meffect[0m[0m    = "Allow"
          [32m+[0m [0m[1m[0mresources[0m[0m = [
              [32m+[0m [0m(known after apply),
            ]
        }
      [32m+[0m [0mstatement {
          [32m+[0m [0m[1m[0mactions[0m[0m   = [
              [32m+[0m [0m"kms:Decrypt",
              [32m+[0m [0m"kms:DescribeKey",
            ]
          [32m+[0m [0m[1m[0meffect[0m[0m    = "Allow"
          [32m+[0m [0m[1m[0mresources[0m[0m = [
              [32m+[0m [0m(known after apply),
            ]
        }
      [32m+[0m [0mstatement {
          [32m+[0m [0m[1m[0mactions[0m[0m   = [
              [32m+[0m [0m"iam:PassRole",
            ]
          [32m+[0m [0m[1m[0meffect[0m[0m    = "Allow"
          [32m+[0m [0m[1m[0mresources[0m[0m = [
              [32m+[0m [0m(known after apply),
              [32m+[0m [0m(known after apply),
            ]

          [32m+[0m [0mcondition {
              [32m+[0m [0m[1m[0mtest[0m[0m     = "StringLike"
              [32m+[0m [0m[1m[0mvalues[0m[0m   = [
                  [32m+[0m [0m"ecs-tasks.amazonaws.com",
                ]
              [32m+[0m [0m[1m[0mvariable[0m[0m = "iam:PassedToService"
            }
        }
    }

[1m  # data.aws_iam_policy_document.demo-codepipeline-role-policy[0m will be read during apply
  # (config refers to values not yet known)[0m[0m
[0m [36m<=[0m[0m data "aws_iam_policy_document" "demo-codepipeline-role-policy"  {
      [32m+[0m [0m[1m[0mid[0m[0m   = (known after apply)
      [32m+[0m [0m[1m[0mjson[0m[0m = (known after apply)

      [32m+[0m [0mstatement {
          [32m+[0m [0m[1m[0mactions[0m[0m   = [
              [32m+[0m [0m"s3:*",
            ]
          [32m+[0m [0m[1m[0meffect[0m[0m    = "Allow"
          [32m+[0m [0m[1m[0mresources[0m[0m = [
              [32m+[0m [0m(known after apply),
              [32m+[0m [0m(known after apply),
            ]
        }
      [32m+[0m [0mstatement {
          [32m+[0m [0m[1m[0mactions[0m[0m   = [
              [32m+[0m [0m"codebuild:BatchGetBuilds",
              [32m+[0m [0m"codebuild:StartBuild",
            ]
          [32m+[0m [0m[1m[0meffect[0m[0m    = "Allow"
          [32m+[0m [0m[1m[0mresources[0m[0m = [
              [32m+[0m [0m"*",
            ]
        }
      [32m+[0m [0mstatement {
          [32m+[0m [0m[1m[0mactions[0m[0m   = [
              [32m+[0m [0m"sts:AssumeRole",
            ]
          [32m+[0m [0m[1m[0meffect[0m[0m    = "Allow"
          [32m+[0m [0m[1m[0mresources[0m[0m = [
              [32m+[0m [0m"arn:aws:iam::996104769930:role/demo-codepipeline",
            ]
        }
      [32m+[0m [0mstatement {
          [32m+[0m [0m[1m[0mactions[0m[0m   = [
              [32m+[0m [0m"kms:Decrypt",
              [32m+[0m [0m"kms:DescribeKey",
              [32m+[0m [0m"kms:Encrypt",
              [32m+[0m [0m"kms:GenerateDataKey*",
              [32m+[0m [0m"kms:ReEncrypt*",
            ]
          [32m+[0m [0m[1m[0meffect[0m[0m    = "Allow"
          [32m+[0m [0m[1m[0mresources[0m[0m = [
              [32m+[0m [0m(known after apply),
            ]
        }
      [32m+[0m [0mstatement {
          [32m+[0m [0m[1m[0mactions[0m[0m   = [
              [32m+[0m [0m"codecommit:BatchDescribe*",
              [32m+[0m [0m"codecommit:BatchGet*",
              [32m+[0m [0m"codecommit:Describe*",
              [32m+[0m [0m"codecommit:Get*",
              [32m+[0m [0m"codecommit:GitPull",
              [32m+[0m [0m"codecommit:UploadArchive",
            ]
          [32m+[0m [0m[1m[0meffect[0m[0m    = "Allow"
          [32m+[0m [0m[1m[0mresources[0m[0m = [
              [32m+[0m [0m(known after apply),
            ]
        }
      [32m+[0m [0mstatement {
          [32m+[0m [0m[1m[0mactions[0m[0m   = [
              [32m+[0m [0m"codedeploy:*",
              [32m+[0m [0m"ecs:*",
            ]
          [32m+[0m [0m[1m[0meffect[0m[0m    = "Allow"
          [32m+[0m [0m[1m[0mresources[0m[0m = [
              [32m+[0m [0m"*",
            ]
        }
      [32m+[0m [0mstatement {
          [32m+[0m [0m[1m[0mactions[0m[0m   = [
              [32m+[0m [0m"iam:PassRole",
            ]
          [32m+[0m [0m[1m[0meffect[0m[0m    = "Allow"
          [32m+[0m [0m[1m[0mresources[0m[0m = [
              [32m+[0m [0m(known after apply),
              [32m+[0m [0m(known after apply),
            ]

          [32m+[0m [0mcondition {
              [32m+[0m [0m[1m[0mtest[0m[0m     = "StringLike"
              [32m+[0m [0m[1m[0mvalues[0m[0m   = [
                  [32m+[0m [0m"ecs-tasks.amazonaws.com",
                ]
              [32m+[0m [0m[1m[0mvariable[0m[0m = "iam:PassedToService"
            }
        }
    }

[1m  # data.aws_iam_policy_document.read_www_bucket[0m will be read during apply
  # (config refers to values not yet known)[0m[0m
[0m [36m<=[0m[0m data "aws_iam_policy_document" "read_www_bucket"  {
      [32m+[0m [0m[1m[0mid[0m[0m   = (known after apply)
      [32m+[0m [0m[1m[0mjson[0m[0m = (known after apply)

      [32m+[0m [0mstatement {
          [32m+[0m [0m[1m[0mactions[0m[0m   = [
              [32m+[0m [0m"s3:GetObject",
            ]
          [32m+[0m [0m[1m[0mresources[0m[0m = [
              [32m+[0m [0m(known after apply),
            ]

          [32m+[0m [0mprincipals {
              [32m+[0m [0m[1m[0midentifiers[0m[0m = [
                  [32m+[0m [0m(known after apply),
                ]
              [32m+[0m [0m[1m[0mtype[0m[0m        = "AWS"
            }
        }
      [32m+[0m [0mstatement {
          [32m+[0m [0m[1m[0mactions[0m[0m   = [
              [32m+[0m [0m"s3:ListBucket",
            ]
          [32m+[0m [0m[1m[0mresources[0m[0m = [
              [32m+[0m [0m(known after apply),
            ]

          [32m+[0m [0mprincipals {
              [32m+[0m [0m[1m[0midentifiers[0m[0m = [
                  [32m+[0m [0m(known after apply),
                ]
              [32m+[0m [0m[1m[0mtype[0m[0m        = "AWS"
            }
        }
    }

[1m  # data.aws_secretsmanager_secret_version.creds[0m will be read during apply
  # (config refers to values not yet known)[0m[0m
[0m [36m<=[0m[0m data "aws_secretsmanager_secret_version" "creds"  {
      [32m+[0m [0m[1m[0marn[0m[0m            = (known after apply)
      [32m+[0m [0m[1m[0mid[0m[0m             = (known after apply)
      [32m+[0m [0m[1m[0msecret_binary[0m[0m  = (sensitive value)
      [32m+[0m [0m[1m[0msecret_id[0m[0m      = (known after apply)
      [32m+[0m [0m[1m[0msecret_string[0m[0m  = (sensitive value)
      [32m+[0m [0m[1m[0mversion_id[0m[0m     = (known after apply)
      [32m+[0m [0m[1m[0mversion_stages[0m[0m = (known after apply)
    }

[1m  # aws_acm_certificate.myapp[0m will be created[0m[0m
[0m  [32m+[0m[0m resource "aws_acm_certificate" "myapp" {
      [32m+[0m [0m[1m[0marn[0m[0m                       = (known after apply)
      [32m+[0m [0m[1m[0mdomain_name[0m[0m               = "ssldemo.poc.csnglobal.net"
      [32m+[0m [0m[1m[0mdomain_validation_options[0m[0m = [
          [32m+[0m [0m{
              [32m+[0m [0mdomain_name           = "ssldemo.poc.csnglobal.net"
              [32m+[0m [0mresource_record_name  = (known after apply)
              [32m+[0m [0mresource_record_type  = (known after apply)
              [32m+[0m [0mresource_record_value = (known after apply)
            },
        ]
      [32m+[0m [0m[1m[0mid[0m[0m                        = (known after apply)
      [32m+[0m [0m[1m[0mstatus[0m[0m                    = (known after apply)
      [32m+[0m [0m[1m[0msubject_alternative_names[0m[0m = (known after apply)
      [32m+[0m [0m[1m[0mtags_all[0m[0m                  = (known after apply)
      [32m+[0m [0m[1m[0mvalidation_emails[0m[0m         = (known after apply)
      [32m+[0m [0m[1m[0mvalidation_method[0m[0m         = "DNS"
    }

[1m  # aws_acm_certificate.myapp_alb[0m will be created[0m[0m
[0m  [32m+[0m[0m resource "aws_acm_certificate" "myapp_alb" {
      [32m+[0m [0m[1m[0marn[0m[0m                       = (known after apply)
      [32m+[0m [0m[1m[0mdomain_name[0m[0m               = "ssldemo.poc.csnglobal.net"
      [32m+[0m [0m[1m[0mdomain_validation_options[0m[0m = [
          [32m+[0m [0m{
              [32m+[0m [0mdomain_name           = "ssldemo.poc.csnglobal.net"
              [32m+[0m [0mresource_record_name  = (known after apply)
              [32m+[0m [0mresource_record_type  = (known after apply)
              [32m+[0m [0mresource_record_value = (known after apply)
            },
        ]
      [32m+[0m [0m[1m[0mid[0m[0m                        = (known after apply)
      [32m+[0m [0m[1m[0mstatus[0m[0m                    = (known after apply)
      [32m+[0m [0m[1m[0msubject_alternative_names[0m[0m = (known after apply)
      [32m+[0m [0m[1m[0mtags_all[0m[0m                  = (known after apply)
      [32m+[0m [0m[1m[0mvalidation_emails[0m[0m         = (known after apply)
      [32m+[0m [0m[1m[0mvalidation_method[0m[0m         = "DNS"
    }

[1m  # aws_acm_certificate_validation.cert[0m will be created[0m[0m
[0m  [32m+[0m[0m resource "aws_acm_certificate_validation" "cert" {
      [32m+[0m [0m[1m[0mcertificate_arn[0m[0m         = (known after apply)
      [32m+[0m [0m[1m[0mid[0m[0m                      = (known after apply)
      [32m+[0m [0m[1m[0mvalidation_record_fqdns[0m[0m = (known after apply)
    }

[1m  # aws_appautoscaling_policy.carsales-dealer_to_target_cpu[0m will be created[0m[0m
[0m  [32m+[0m[0m resource "aws_appautoscaling_policy" "carsales-dealer_to_target_cpu" {
      [32m+[0m [0m[1m[0marn[0m[0m                = (known after apply)
      [32m+[0m [0m[1m[0mid[0m[0m                 = (known after apply)
      [32m+[0m [0m[1m[0mname[0m[0m               = "carsales-dealer-to-target-cpu"
      [32m+[0m [0m[1m[0mpolicy_type[0m[0m        = "TargetTrackingScaling"
      [32m+[0m [0m[1m[0mresource_id[0m[0m        = "service/carsales-cluster/carsales-dealer-service"
      [32m+[0m [0m[1m[0mscalable_dimension[0m[0m = "ecs:service:DesiredCount"
      [32m+[0m [0m[1m[0mservice_namespace[0m[0m  = "ecs"

      [32m+[0m [0mtarget_tracking_scaling_policy_configuration {
          [32m+[0m [0m[1m[0mdisable_scale_in[0m[0m = false
          [32m+[0m [0m[1m[0mtarget_value[0m[0m     = 80

          [32m+[0m [0mpredefined_metric_specification {
              [32m+[0m [0m[1m[0mpredefined_metric_type[0m[0m = "ECSServiceAverageCPUUtilization"
            }
        }
    }

[1m  # aws_appautoscaling_policy.carsales-dealer_to_target_memory[0m will be created[0m[0m
[0m  [32m+[0m[0m resource "aws_appautoscaling_policy" "carsales-dealer_to_target_memory" {
      [32m+[0m [0m[1m[0marn[0m[0m                = (known after apply)
      [32m+[0m [0m[1m[0mid[0m[0m                 = (known after apply)
      [32m+[0m [0m[1m[0mname[0m[0m               = "carsales-dealer-to-target-memory"
      [32m+[0m [0m[1m[0mpolicy_type[0m[0m        = "TargetTrackingScaling"
      [32m+[0m [0m[1m[0mresource_id[0m[0m        = "service/carsales-cluster/carsales-dealer-service"
      [32m+[0m [0m[1m[0mscalable_dimension[0m[0m = "ecs:service:DesiredCount"
      [32m+[0m [0m[1m[0mservice_namespace[0m[0m  = "ecs"

      [32m+[0m [0mtarget_tracking_scaling_policy_configuration {
          [32m+[0m [0m[1m[0mdisable_scale_in[0m[0m = false
          [32m+[0m [0m[1m[0mtarget_value[0m[0m     = 80

          [32m+[0m [0mpredefined_metric_specification {
              [32m+[0m [0m[1m[0mpredefined_metric_type[0m[0m = "ECSServiceAverageMemoryUtilization"
            }
        }
    }

[1m  # aws_appautoscaling_target.carsales-dealer_to_target[0m will be created[0m[0m
[0m  [32m+[0m[0m resource "aws_appautoscaling_target" "carsales-dealer_to_target" {
      [32m+[0m [0m[1m[0mid[0m[0m                 = (known after apply)
      [32m+[0m [0m[1m[0mmax_capacity[0m[0m       = 5
      [32m+[0m [0m[1m[0mmin_capacity[0m[0m       = 1
      [32m+[0m [0m[1m[0mresource_id[0m[0m        = "service/carsales-cluster/carsales-dealer-service"
      [32m+[0m [0m[1m[0mrole_arn[0m[0m           = (known after apply)
      [32m+[0m [0m[1m[0mscalable_dimension[0m[0m = "ecs:service:DesiredCount"
      [32m+[0m [0m[1m[0mservice_namespace[0m[0m  = "ecs"
    }

[1m  # aws_athena_database.cloudfront_logs_athena_database[0m will be created[0m[0m
[0m  [32m+[0m[0m resource "aws_athena_database" "cloudfront_logs_athena_database" {
      [32m+[0m [0m[1m[0mbucket[0m[0m        = "cloudfront-logs-athena-results-wwww.test1234567890"
      [32m+[0m [0m[1m[0mforce_destroy[0m[0m = false
      [32m+[0m [0m[1m[0mid[0m[0m            = (known after apply)
      [32m+[0m [0m[1m[0mname[0m[0m          = "cloudfront_logs"
    }

[1m  # aws_athena_workgroup.cloudfront_logs_athena_workgroup[0m will be created[0m[0m
[0m  [32m+[0m[0m resource "aws_athena_workgroup" "cloudfront_logs_athena_workgroup" {
      [32m+[0m [0m[1m[0marn[0m[0m           = (known after apply)
      [32m+[0m [0m[1m[0mdescription[0m[0m   = "Workgroup for Athena queries on CloudFront access logs"
      [32m+[0m [0m[1m[0mforce_destroy[0m[0m = true
      [32m+[0m [0m[1m[0mid[0m[0m            = (known after apply)
      [32m+[0m [0m[1m[0mname[0m[0m          = "cloudfront_logs_workgroup"
      [32m+[0m [0m[1m[0mstate[0m[0m         = "ENABLED"
      [32m+[0m [0m[1m[0mtags_all[0m[0m      = (known after apply)

      [32m+[0m [0mconfiguration {
          [32m+[0m [0m[1m[0menforce_workgroup_configuration[0m[0m    = true
          [32m+[0m [0m[1m[0mpublish_cloudwatch_metrics_enabled[0m[0m = true
          [32m+[0m [0m[1m[0mrequester_pays_enabled[0m[0m             = false

          [32m+[0m [0mresult_configuration {
              [32m+[0m [0m[1m[0moutput_location[0m[0m = "s3://cloudfront-logs-athena-results-wwww.test1234567890/output/"

              [32m+[0m [0mencryption_configuration {
                  [32m+[0m [0m[1m[0mencryption_option[0m[0m = "SSE_S3"
                }
            }
        }
    }

[1m  # aws_autoscaling_group.ecs-cluster[0m will be created[0m[0m
[0m  [32m+[0m[0m resource "aws_autoscaling_group" "ecs-cluster" {
      [32m+[0m [0m[1m[0marn[0m[0m                       = (known after apply)
      [32m+[0m [0m[1m[0mavailability_zones[0m[0m        = (known after apply)
      [32m+[0m [0m[1m[0mdefault_cooldown[0m[0m          = 30
      [32m+[0m [0m[1m[0mdesired_capacity[0m[0m          = 1
      [32m+[0m [0m[1m[0mforce_delete[0m[0m              = false
      [32m+[0m [0m[1m[0mforce_delete_warm_pool[0m[0m    = false
      [32m+[0m [0m[1m[0mhealth_check_grace_period[0m[0m = 30
      [32m+[0m [0m[1m[0mhealth_check_type[0m[0m         = "EC2"
      [32m+[0m [0m[1m[0mid[0m[0m                        = (known after apply)
      [32m+[0m [0m[1m[0mmax_size[0m[0m                  = 2
      [32m+[0m [0m[1m[0mmetrics_granularity[0m[0m       = "1Minute"
      [32m+[0m [0m[1m[0mmin_size[0m[0m                  = 1
      [32m+[0m [0m[1m[0mname[0m[0m                      = "carsales-ecs-asg"
      [32m+[0m [0m[1m[0mname_prefix[0m[0m               = (known after apply)
      [32m+[0m [0m[1m[0mprotect_from_scale_in[0m[0m     = false
      [32m+[0m [0m[1m[0mservice_linked_role_arn[0m[0m   = (known after apply)
      [32m+[0m [0m[1m[0mtermination_policies[0m[0m      = [
          [32m+[0m [0m"OldestInstance",
        ]
      [32m+[0m [0m[1m[0mvpc_zone_identifier[0m[0m       = (known after apply)
      [32m+[0m [0m[1m[0mwait_for_capacity_timeout[0m[0m = "10m"

      [32m+[0m [0minstance_refresh {
          [32m+[0m [0m[1m[0mstrategy[0m[0m = "Rolling"
          [32m+[0m [0m[1m[0mtriggers[0m[0m = [
              [32m+[0m [0m"tag",
            ]

          [32m+[0m [0mpreferences {
              [32m+[0m [0m[1m[0mmin_healthy_percentage[0m[0m = 0
            }
        }

      [32m+[0m [0mlaunch_template {
          [32m+[0m [0m[1m[0mid[0m[0m      = (known after apply)
          [32m+[0m [0m[1m[0mname[0m[0m    = (known after apply)
          [32m+[0m [0m[1m[0mversion[0m[0m = "$Latest"
        }

      [32m+[0m [0mtag {
          [32m+[0m [0m[1m[0mkey[0m[0m                 = "launch_template_version"
          [32m+[0m [0m[1m[0mpropagate_at_launch[0m[0m = true
          [32m+[0m [0m[1m[0mvalue[0m[0m               = (known after apply)
        }
    }

[1m  # aws_autoscaling_policy.ecs-cluster-cpu-scale-in[0m will be created[0m[0m
[0m  [32m+[0m[0m resource "aws_autoscaling_policy" "ecs-cluster-cpu-scale-in" {
      [32m+[0m [0m[1m[0madjustment_type[0m[0m         = "ChangeInCapacity"
      [32m+[0m [0m[1m[0marn[0m[0m                     = (known after apply)
      [32m+[0m [0m[1m[0mautoscaling_group_name[0m[0m  = "carsales-ecs-asg"
      [32m+[0m [0m[1m[0mcooldown[0m[0m                = 300
      [32m+[0m [0m[1m[0mid[0m[0m                      = (known after apply)
      [32m+[0m [0m[1m[0mmetric_aggregation_type[0m[0m = (known after apply)
      [32m+[0m [0m[1m[0mname[0m[0m                    = "ecs-cluster-cpu-scale-in"
      [32m+[0m [0m[1m[0mpolicy_type[0m[0m             = "SimpleScaling"
      [32m+[0m [0m[1m[0mscaling_adjustment[0m[0m      = -1
    }

[1m  # aws_autoscaling_policy.ecs-cluster-cpu-scale-out[0m will be created[0m[0m
[0m  [32m+[0m[0m resource "aws_autoscaling_policy" "ecs-cluster-cpu-scale-out" {
      [32m+[0m [0m[1m[0madjustment_type[0m[0m         = "ChangeInCapacity"
      [32m+[0m [0m[1m[0marn[0m[0m                     = (known after apply)
      [32m+[0m [0m[1m[0mautoscaling_group_name[0m[0m  = "carsales-ecs-asg"
      [32m+[0m [0m[1m[0mcooldown[0m[0m                = 300
      [32m+[0m [0m[1m[0mid[0m[0m                      = (known after apply)
      [32m+[0m [0m[1m[0mmetric_aggregation_type[0m[0m = (known after apply)
      [32m+[0m [0m[1m[0mname[0m[0m                    = "ecs-cluster-cpu-scale-out"
      [32m+[0m [0m[1m[0mpolicy_type[0m[0m             = "SimpleScaling"
      [32m+[0m [0m[1m[0mscaling_adjustment[0m[0m      = 1
    }

[1m  # aws_autoscaling_policy.ecs-cluster-mem-scale-in[0m will be created[0m[0m
[0m  [32m+[0m[0m resource "aws_autoscaling_policy" "ecs-cluster-mem-scale-in" {
      [32m+[0m [0m[1m[0madjustment_type[0m[0m         = "ChangeInCapacity"
      [32m+[0m [0m[1m[0marn[0m[0m                     = (known after apply)
      [32m+[0m [0m[1m[0mautoscaling_group_name[0m[0m  = "carsales-ecs-asg"
      [32m+[0m [0m[1m[0mcooldown[0m[0m                = 300
      [32m+[0m [0m[1m[0mid[0m[0m                      = (known after apply)
      [32m+[0m [0m[1m[0mmetric_aggregation_type[0m[0m = (known after apply)
      [32m+[0m [0m[1m[0mname[0m[0m                    = "ecs-cluster-mem-scale-in"
      [32m+[0m [0m[1m[0mpolicy_type[0m[0m             = "SimpleScaling"
      [32m+[0m [0m[1m[0mscaling_adjustment[0m[0m      = -1
    }

[1m  # aws_autoscaling_policy.ecs-cluster-mem-scale-out[0m will be created[0m[0m
[0m  [32m+[0m[0m resource "aws_autoscaling_policy" "ecs-cluster-mem-scale-out" {
      [32m+[0m [0m[1m[0madjustment_type[0m[0m         = "ChangeInCapacity"
      [32m+[0m [0m[1m[0marn[0m[0m                     = (known after apply)
      [32m+[0m [0m[1m[0mautoscaling_group_name[0m[0m  = "carsales-ecs-asg"
      [32m+[0m [0m[1m[0mcooldown[0m[0m                = 300
      [32m+[0m [0m[1m[0mid[0m[0m                      = (known after apply)
      [32m+[0m [0m[1m[0mmetric_aggregation_type[0m[0m = (known after apply)
      [32m+[0m [0m[1m[0mname[0m[0m                    = "ecs-cluster-mem-scale-out"
      [32m+[0m [0m[1m[0mpolicy_type[0m[0m             = "SimpleScaling"
      [32m+[0m [0m[1m[0mscaling_adjustment[0m[0m      = 1
    }

[1m  # aws_cloudfront_distribution.distribution[0m will be created[0m[0m
[0m  [32m+[0m[0m resource "aws_cloudfront_distribution" "distribution" {
      [32m+[0m [0m[1m[0maliases[0m[0m                        = [
          [32m+[0m [0m"ssldemo.poc.csnglobal.net",
        ]
      [32m+[0m [0m[1m[0marn[0m[0m                            = (known after apply)
      [32m+[0m [0m[1m[0mcaller_reference[0m[0m               = (known after apply)
      [32m+[0m [0m[1m[0mdomain_name[0m[0m                    = (known after apply)
      [32m+[0m [0m[1m[0menabled[0m[0m                        = true
      [32m+[0m [0m[1m[0metag[0m[0m                           = (known after apply)
      [32m+[0m [0m[1m[0mhosted_zone_id[0m[0m                 = (known after apply)
      [32m+[0m [0m[1m[0mhttp_version[0m[0m                   = "http2"
      [32m+[0m [0m[1m[0mid[0m[0m                             = (known after apply)
      [32m+[0m [0m[1m[0min_progress_validation_batches[0m[0m = (known after apply)
      [32m+[0m [0m[1m[0mis_ipv6_enabled[0m[0m                = false
      [32m+[0m [0m[1m[0mlast_modified_time[0m[0m             = (known after apply)
      [32m+[0m [0m[1m[0mprice_class[0m[0m                    = "PriceClass_All"
      [32m+[0m [0m[1m[0mretain_on_delete[0m[0m               = false
      [32m+[0m [0m[1m[0mstatus[0m[0m                         = (known after apply)
      [32m+[0m [0m[1m[0mtags_all[0m[0m                       = (known after apply)
      [32m+[0m [0m[1m[0mtrusted_key_groups[0m[0m             = (known after apply)
      [32m+[0m [0m[1m[0mtrusted_signers[0m[0m                = (known after apply)
      [32m+[0m [0m[1m[0mwait_for_deployment[0m[0m            = true
      [32m+[0m [0m[1m[0mweb_acl_id[0m[0m                     = (known after apply)

      [32m+[0m [0mdefault_cache_behavior {
          [32m+[0m [0m[1m[0mallowed_methods[0m[0m          = [
              [32m+[0m [0m"GET",
              [32m+[0m [0m"HEAD",
              [32m+[0m [0m"OPTIONS",
            ]
          [32m+[0m [0m[1m[0mcache_policy_id[0m[0m          = "658327ea-f89d-4fab-a63d-7e88639e58f6"
          [32m+[0m [0m[1m[0mcached_methods[0m[0m           = [
              [32m+[0m [0m"GET",
              [32m+[0m [0m"HEAD",
              [32m+[0m [0m"OPTIONS",
            ]
          [32m+[0m [0m[1m[0mcompress[0m[0m                 = true
          [32m+[0m [0m[1m[0mdefault_ttl[0m[0m              = 86400
          [32m+[0m [0m[1m[0mmax_ttl[0m[0m                  = 31536000
          [32m+[0m [0m[1m[0mmin_ttl[0m[0m                  = 0
          [32m+[0m [0m[1m[0morigin_request_policy_id[0m[0m = "88a5eaf4-2fd4-4709-b370-b4c650ea3fcf"
          [32m+[0m [0m[1m[0mtarget_origin_id[0m[0m         = "S3-www.test1234567890"
          [32m+[0m [0m[1m[0mtrusted_key_groups[0m[0m       = (known after apply)
          [32m+[0m [0m[1m[0mtrusted_signers[0m[0m          = (known after apply)
          [32m+[0m [0m[1m[0mviewer_protocol_policy[0m[0m   = "redirect-to-https"
        }

      [32m+[0m [0mlogging_config {
          [32m+[0m [0m[1m[0mbucket[0m[0m          = (known after apply)
          [32m+[0m [0m[1m[0minclude_cookies[0m[0m = false
          [32m+[0m [0m[1m[0mprefix[0m[0m          = "main/"
        }

      [32m+[0m [0mordered_cache_behavior {
          [32m+[0m [0m[1m[0mallowed_methods[0m[0m          = [
              [32m+[0m [0m"DELETE",
              [32m+[0m [0m"GET",
              [32m+[0m [0m"HEAD",
              [32m+[0m [0m"OPTIONS",
              [32m+[0m [0m"PATCH",
              [32m+[0m [0m"POST",
              [32m+[0m [0m"PUT",
            ]
          [32m+[0m [0m[1m[0mcache_policy_id[0m[0m          = "658327ea-f89d-4fab-a63d-7e88639e58f6"
          [32m+[0m [0m[1m[0mcached_methods[0m[0m           = [
              [32m+[0m [0m"GET",
              [32m+[0m [0m"HEAD",
            ]
          [32m+[0m [0m[1m[0mcompress[0m[0m                 = false
          [32m+[0m [0m[1m[0mdefault_ttl[0m[0m              = 3600
          [32m+[0m [0m[1m[0mmax_ttl[0m[0m                  = 86400
          [32m+[0m [0m[1m[0mmin_ttl[0m[0m                  = 0
          [32m+[0m [0m[1m[0morigin_request_policy_id[0m[0m = "216adef6-5c7f-47e4-b989-5492eafa07d3"
          [32m+[0m [0m[1m[0mpath_pattern[0m[0m             = "/carsales1/"
          [32m+[0m [0m[1m[0mtarget_origin_id[0m[0m         = "alb"
          [32m+[0m [0m[1m[0mviewer_protocol_policy[0m[0m   = "redirect-to-https"
        }
      [32m+[0m [0mordered_cache_behavior {
          [32m+[0m [0m[1m[0mallowed_methods[0m[0m          = [
              [32m+[0m [0m"DELETE",
              [32m+[0m [0m"GET",
              [32m+[0m [0m"HEAD",
              [32m+[0m [0m"OPTIONS",
              [32m+[0m [0m"PATCH",
              [32m+[0m [0m"POST",
              [32m+[0m [0m"PUT",
            ]
          [32m+[0m [0m[1m[0mcache_policy_id[0m[0m          = "658327ea-f89d-4fab-a63d-7e88639e58f6"
          [32m+[0m [0m[1m[0mcached_methods[0m[0m           = [
              [32m+[0m [0m"GET",
              [32m+[0m [0m"HEAD",
            ]
          [32m+[0m [0m[1m[0mcompress[0m[0m                 = false
          [32m+[0m [0m[1m[0mdefault_ttl[0m[0m              = 3600
          [32m+[0m [0m[1m[0mmax_ttl[0m[0m                  = 86400
          [32m+[0m [0m[1m[0mmin_ttl[0m[0m                  = 0
          [32m+[0m [0m[1m[0morigin_request_policy_id[0m[0m = "216adef6-5c7f-47e4-b989-5492eafa07d3"
          [32m+[0m [0m[1m[0mpath_pattern[0m[0m             = "/carsales2/"
          [32m+[0m [0m[1m[0mtarget_origin_id[0m[0m         = "alb"
          [32m+[0m [0m[1m[0mviewer_protocol_policy[0m[0m   = "redirect-to-https"
        }
      [32m+[0m [0mordered_cache_behavior {
          [32m+[0m [0m[1m[0mallowed_methods[0m[0m          = [
              [32m+[0m [0m"DELETE",
              [32m+[0m [0m"GET",
              [32m+[0m [0m"HEAD",
              [32m+[0m [0m"OPTIONS",
              [32m+[0m [0m"PATCH",
              [32m+[0m [0m"POST",
              [32m+[0m [0m"PUT",
            ]
          [32m+[0m [0m[1m[0mcache_policy_id[0m[0m          = "658327ea-f89d-4fab-a63d-7e88639e58f6"
          [32m+[0m [0m[1m[0mcached_methods[0m[0m           = [
              [32m+[0m [0m"GET",
              [32m+[0m [0m"HEAD",
            ]
          [32m+[0m [0m[1m[0mcompress[0m[0m                 = false
          [32m+[0m [0m[1m[0mdefault_ttl[0m[0m              = 3600
          [32m+[0m [0m[1m[0mmax_ttl[0m[0m                  = 86400
          [32m+[0m [0m[1m[0mmin_ttl[0m[0m                  = 0
          [32m+[0m [0m[1m[0morigin_request_policy_id[0m[0m = "216adef6-5c7f-47e4-b989-5492eafa07d3"
          [32m+[0m [0m[1m[0mpath_pattern[0m[0m             = "/lambda/"
          [32m+[0m [0m[1m[0mtarget_origin_id[0m[0m         = "alb"
          [32m+[0m [0m[1m[0mviewer_protocol_policy[0m[0m   = "redirect-to-https"
        }

      [32m+[0m [0morigin {
          # At least one attribute in this block is (or was) sensitive,
          # so its contents will not be displayed.
        }

      [32m+[0m [0mrestrictions {
          [32m+[0m [0mgeo_restriction {
              [32m+[0m [0m[1m[0mlocations[0m[0m        = (known after apply)
              [32m+[0m [0m[1m[0mrestriction_type[0m[0m = "none"
            }
        }

      [32m+[0m [0mviewer_certificate {
          [32m+[0m [0m[1m[0macm_certificate_arn[0m[0m      = (known after apply)
          [32m+[0m [0m[1m[0mminimum_protocol_version[0m[0m = "TLSv1.2_2018"
          [32m+[0m [0m[1m[0mssl_support_method[0m[0m       = "sni-only"
        }
    }

[1m  # aws_cloudfront_origin_access_identity.www_bucket[0m will be created[0m[0m
[0m  [32m+[0m[0m resource "aws_cloudfront_origin_access_identity" "www_bucket" {
      [32m+[0m [0m[1m[0mcaller_reference[0m[0m                = (known after apply)
      [32m+[0m [0m[1m[0mcloudfront_access_identity_path[0m[0m = (known after apply)
      [32m+[0m [0m[1m[0mcomment[0m[0m                         = "www_bucket"
      [32m+[0m [0m[1m[0metag[0m[0m                            = (known after apply)
      [32m+[0m [0m[1m[0miam_arn[0m[0m                         = (known after apply)
      [32m+[0m [0m[1m[0mid[0m[0m                              = (known after apply)
      [32m+[0m [0m[1m[0ms3_canonical_user_id[0m[0m            = (known after apply)
    }

[1m  # aws_cloudwatch_event_rule.every_five_minute_check_ssm_setting[0m will be created[0m[0m
[0m  [32m+[0m[0m resource "aws_cloudwatch_event_rule" "every_five_minute_check_ssm_setting" {
      [32m+[0m [0m[1m[0marn[0m[0m                 = (known after apply)
      [32m+[0m [0m[1m[0mdescription[0m[0m         = "Fires every five minutes to check SSM launch template setting"
      [32m+[0m [0m[1m[0mevent_bus_name[0m[0m      = "default"
      [32m+[0m [0m[1m[0mid[0m[0m                  = (known after apply)
      [32m+[0m [0m[1m[0mis_enabled[0m[0m          = true
      [32m+[0m [0m[1m[0mname[0m[0m                = "every-five-minutes-check-ssm-setting"
      [32m+[0m [0m[1m[0mname_prefix[0m[0m         = (known after apply)
      [32m+[0m [0m[1m[0mschedule_expression[0m[0m = "rate(5 minutes)"
      [32m+[0m [0m[1m[0mtags_all[0m[0m            = (known after apply)
    }

[1m  # aws_cloudwatch_event_rule.launchtemplate_updated_rule[0m will be created[0m[0m
[0m  [32m+[0m[0m resource "aws_cloudwatch_event_rule" "launchtemplate_updated_rule" {
      [32m+[0m [0m[1m[0marn[0m[0m            = (known after apply)
      [32m+[0m [0m[1m[0mdescription[0m[0m    = "Event when launch template  updated in Parameter store."
      [32m+[0m [0m[1m[0mevent_bus_name[0m[0m = "default"
      [32m+[0m [0m[1m[0mevent_pattern[0m[0m  = jsonencode(
            {
              [32m+[0m [0mdetail      = {
                  [32m+[0m [0mname      = [
                      [32m+[0m [0m"ASG_launch_template_version",
                    ]
                  [32m+[0m [0moperation = [
                      [32m+[0m [0m"Update",
                    ]
                }
              [32m+[0m [0mdetail-type = [
                  [32m+[0m [0m"Parameter Store Change",
                ]
              [32m+[0m [0msource      = [
                  [32m+[0m [0m"aws.ssm",
                ]
            }
        )
      [32m+[0m [0m[1m[0mid[0m[0m             = (known after apply)
      [32m+[0m [0m[1m[0mis_enabled[0m[0m     = true
      [32m+[0m [0m[1m[0mname[0m[0m           = "launchtemplate_updated"
      [32m+[0m [0m[1m[0mname_prefix[0m[0m    = (known after apply)
      [32m+[0m [0m[1m[0mtags_all[0m[0m       = (known after apply)
    }

[1m  # aws_cloudwatch_event_target.check_launchtempalte_five_minute[0m will be created[0m[0m
[0m  [32m+[0m[0m resource "aws_cloudwatch_event_target" "check_launchtempalte_five_minute" {
      [32m+[0m [0m[1m[0marn[0m[0m            = (known after apply)
      [32m+[0m [0m[1m[0mevent_bus_name[0m[0m = "default"
      [32m+[0m [0m[1m[0mid[0m[0m             = (known after apply)
      [32m+[0m [0m[1m[0mrule[0m[0m           = "every-five-minutes-check-ssm-setting"
      [32m+[0m [0m[1m[0mtarget_id[0m[0m      = "lambda"
    }

[1m  # aws_cloudwatch_event_target.refresh_asg[0m will be created[0m[0m
[0m  [32m+[0m[0m resource "aws_cloudwatch_event_target" "refresh_asg" {
      [32m+[0m [0m[1m[0marn[0m[0m            = (known after apply)
      [32m+[0m [0m[1m[0mevent_bus_name[0m[0m = "default"
      [32m+[0m [0m[1m[0mid[0m[0m             = (known after apply)
      [32m+[0m [0m[1m[0mrule[0m[0m           = "launchtemplate_updated"
      [32m+[0m [0m[1m[0mtarget_id[0m[0m      = "SentToLambda"
    }

[1m  # aws_cloudwatch_metric_alarm.cpu-high[0m will be created[0m[0m
[0m  [32m+[0m[0m resource "aws_cloudwatch_metric_alarm" "cpu-high" {
      [32m+[0m [0m[1m[0mactions_enabled[0m[0m                       = true
      [32m+[0m [0m[1m[0malarm_actions[0m[0m                         = (known after apply)
      [32m+[0m [0m[1m[0malarm_description[0m[0m                     = "This metric monitors ec2 cpu for high utilization on agent hosts"
      [32m+[0m [0m[1m[0malarm_name[0m[0m                            = "cpu-util-high-agents"
      [32m+[0m [0m[1m[0marn[0m[0m                                   = (known after apply)
      [32m+[0m [0m[1m[0mcomparison_operator[0m[0m                   = "GreaterThanOrEqualToThreshold"
      [32m+[0m [0m[1m[0mdimensions[0m[0m                            = {
          [32m+[0m [0m"AutoScalingGroupName" = "carsales-ecs-asg"
        }
      [32m+[0m [0m[1m[0mevaluate_low_sample_count_percentiles[0m[0m = (known after apply)
      [32m+[0m [0m[1m[0mevaluation_periods[0m[0m                    = 2
      [32m+[0m [0m[1m[0mid[0m[0m                                    = (known after apply)
      [32m+[0m [0m[1m[0mmetric_name[0m[0m                           = "CPUUtilization"
      [32m+[0m [0m[1m[0mnamespace[0m[0m                             = "AWS/EC2"
      [32m+[0m [0m[1m[0mperiod[0m[0m                                = 30
      [32m+[0m [0m[1m[0mstatistic[0m[0m                             = "Average"
      [32m+[0m [0m[1m[0mtags_all[0m[0m                              = (known after apply)
      [32m+[0m [0m[1m[0mthreshold[0m[0m                             = 30
      [32m+[0m [0m[1m[0mtreat_missing_data[0m[0m                    = "missing"
    }

[1m  # aws_cloudwatch_metric_alarm.cpu-low[0m will be created[0m[0m
[0m  [32m+[0m[0m resource "aws_cloudwatch_metric_alarm" "cpu-low" {
      [32m+[0m [0m[1m[0mactions_enabled[0m[0m                       = true
      [32m+[0m [0m[1m[0malarm_actions[0m[0m                         = (known after apply)
      [32m+[0m [0m[1m[0malarm_description[0m[0m                     = "This metric monitors ec2 cpu for low utilization on agent hosts"
      [32m+[0m [0m[1m[0malarm_name[0m[0m                            = "cpu-util-low-agents"
      [32m+[0m [0m[1m[0marn[0m[0m                                   = (known after apply)
      [32m+[0m [0m[1m[0mcomparison_operator[0m[0m                   = "LessThanOrEqualToThreshold"
      [32m+[0m [0m[1m[0mdimensions[0m[0m                            = {
          [32m+[0m [0m"AutoScalingGroupName" = "carsales-ecs-asg"
        }
      [32m+[0m [0m[1m[0mevaluate_low_sample_count_percentiles[0m[0m = (known after apply)
      [32m+[0m [0m[1m[0mevaluation_periods[0m[0m                    = 2
      [32m+[0m [0m[1m[0mid[0m[0m                                    = (known after apply)
      [32m+[0m [0m[1m[0mmetric_name[0m[0m                           = "CPUUtilization"
      [32m+[0m [0m[1m[0mnamespace[0m[0m                             = "AWS/EC2"
      [32m+[0m [0m[1m[0mperiod[0m[0m                                = 30
      [32m+[0m [0m[1m[0mstatistic[0m[0m                             = "Average"
      [32m+[0m [0m[1m[0mtags_all[0m[0m                              = (known after apply)
      [32m+[0m [0m[1m[0mthreshold[0m[0m                             = 10
      [32m+[0m [0m[1m[0mtreat_missing_data[0m[0m                    = "missing"
    }

[1m  # aws_cloudwatch_metric_alarm.memory-high[0m will be created[0m[0m
[0m  [32m+[0m[0m resource "aws_cloudwatch_metric_alarm" "memory-high" {
      [32m+[0m [0m[1m[0mactions_enabled[0m[0m                       = true
      [32m+[0m [0m[1m[0malarm_actions[0m[0m                         = (known after apply)
      [32m+[0m [0m[1m[0malarm_description[0m[0m                     = "This metric monitors ec2 memory for high utilization on agent hosts"
      [32m+[0m [0m[1m[0malarm_name[0m[0m                            = "mem-util-high-agents"
      [32m+[0m [0m[1m[0marn[0m[0m                                   = (known after apply)
      [32m+[0m [0m[1m[0mcomparison_operator[0m[0m                   = "GreaterThanOrEqualToThreshold"
      [32m+[0m [0m[1m[0mdimensions[0m[0m                            = {
          [32m+[0m [0m"AutoScalingGroupName" = "carsales-ecs-asg"
        }
      [32m+[0m [0m[1m[0mevaluate_low_sample_count_percentiles[0m[0m = (known after apply)
      [32m+[0m [0m[1m[0mevaluation_periods[0m[0m                    = 2
      [32m+[0m [0m[1m[0mid[0m[0m                                    = (known after apply)
      [32m+[0m [0m[1m[0mmetric_name[0m[0m                           = "mem_used_percent"
      [32m+[0m [0m[1m[0mnamespace[0m[0m                             = "CWAgent"
      [32m+[0m [0m[1m[0mperiod[0m[0m                                = 300
      [32m+[0m [0m[1m[0mstatistic[0m[0m                             = "Average"
      [32m+[0m [0m[1m[0mtags_all[0m[0m                              = (known after apply)
      [32m+[0m [0m[1m[0mthreshold[0m[0m                             = 80
      [32m+[0m [0m[1m[0mtreat_missing_data[0m[0m                    = "missing"
    }

[1m  # aws_cloudwatch_metric_alarm.memory-low[0m will be created[0m[0m
[0m  [32m+[0m[0m resource "aws_cloudwatch_metric_alarm" "memory-low" {
      [32m+[0m [0m[1m[0mactions_enabled[0m[0m                       = true
      [32m+[0m [0m[1m[0malarm_actions[0m[0m                         = (known after apply)
      [32m+[0m [0m[1m[0malarm_description[0m[0m                     = "This metric monitors ec2 memory for low utilization on agent hosts"
      [32m+[0m [0m[1m[0malarm_name[0m[0m                            = "mem-util-low-agents"
      [32m+[0m [0m[1m[0marn[0m[0m                                   = (known after apply)
      [32m+[0m [0m[1m[0mcomparison_operator[0m[0m                   = "LessThanOrEqualToThreshold"
      [32m+[0m [0m[1m[0mdimensions[0m[0m                            = {
          [32m+[0m [0m"AutoScalingGroupName" = "carsales-ecs-asg"
        }
      [32m+[0m [0m[1m[0mevaluate_low_sample_count_percentiles[0m[0m = (known after apply)
      [32m+[0m [0m[1m[0mevaluation_periods[0m[0m                    = 2
      [32m+[0m [0m[1m[0mid[0m[0m                                    = (known after apply)
      [32m+[0m [0m[1m[0mmetric_name[0m[0m                           = "mem_used_percent"
      [32m+[0m [0m[1m[0mnamespace[0m[0m                             = "CWAgent"
      [32m+[0m [0m[1m[0mperiod[0m[0m                                = 300
      [32m+[0m [0m[1m[0mstatistic[0m[0m                             = "Average"
      [32m+[0m [0m[1m[0mtags_all[0m[0m                              = (known after apply)
      [32m+[0m [0m[1m[0mthreshold[0m[0m                             = 20
      [32m+[0m [0m[1m[0mtreat_missing_data[0m[0m                    = "missing"
    }

[1m  # aws_codebuild_project.demo[0m will be created[0m[0m
[0m  [32m+[0m[0m resource "aws_codebuild_project" "demo" {
      [32m+[0m [0m[1m[0marn[0m[0m                  = (known after apply)
      [32m+[0m [0m[1m[0mbadge_enabled[0m[0m        = false
      [32m+[0m [0m[1m[0mbadge_url[0m[0m            = (known after apply)
      [32m+[0m [0m[1m[0mbuild_timeout[0m[0m        = 30
      [32m+[0m [0m[1m[0mdescription[0m[0m          = "carsales1 docker build"
      [32m+[0m [0m[1m[0mencryption_key[0m[0m       = (known after apply)
      [32m+[0m [0m[1m[0mid[0m[0m                   = (known after apply)
      [32m+[0m [0m[1m[0mname[0m[0m                 = "carsales1"
      [32m+[0m [0m[1m[0mproject_visibility[0m[0m   = "PRIVATE"
      [32m+[0m [0m[1m[0mpublic_project_alias[0m[0m = (known after apply)
      [32m+[0m [0m[1m[0mqueued_timeout[0m[0m       = 480
      [32m+[0m [0m[1m[0mservice_role[0m[0m         = (known after apply)
      [32m+[0m [0m[1m[0mtags_all[0m[0m             = (known after apply)

      [32m+[0m [0martifacts {
          [32m+[0m [0m[1m[0mencryption_disabled[0m[0m    = false
          [32m+[0m [0m[1m[0moverride_artifact_name[0m[0m = false
          [32m+[0m [0m[1m[0mtype[0m[0m                   = "CODEPIPELINE"
        }

      [32m+[0m [0menvironment {
          [32m+[0m [0m[1m[0mcompute_type[0m[0m                = "BUILD_GENERAL1_SMALL"
          [32m+[0m [0m[1m[0mimage[0m[0m                       = "aws/codebuild/amazonlinux2-x86_64-standard:3.0"
          [32m+[0m [0m[1m[0mimage_pull_credentials_type[0m[0m = "CODEBUILD"
          [32m+[0m [0m[1m[0mprivileged_mode[0m[0m             = true
          [32m+[0m [0m[1m[0mtype[0m[0m                        = "LINUX_CONTAINER"

          [32m+[0m [0menvironment_variable {
              [32m+[0m [0m[1m[0mname[0m[0m  = "AWS_DEFAULT_REGION"
              [32m+[0m [0m[1m[0mtype[0m[0m  = "PLAINTEXT"
              [32m+[0m [0m[1m[0mvalue[0m[0m = "ap-southeast-2"
            }
          [32m+[0m [0menvironment_variable {
              [32m+[0m [0m[1m[0mname[0m[0m  = "AWS_ACCOUNT_ID"
              [32m+[0m [0m[1m[0mtype[0m[0m  = "PLAINTEXT"
              [32m+[0m [0m[1m[0mvalue[0m[0m = "996104769930"
            }
          [32m+[0m [0menvironment_variable {
              [32m+[0m [0m[1m[0mname[0m[0m  = "IMAGE_REPO_NAME"
              [32m+[0m [0m[1m[0mtype[0m[0m  = "PLAINTEXT"
              [32m+[0m [0m[1m[0mvalue[0m[0m = "test_ecr_repo"
            }
        }

      [32m+[0m [0msource {
          [32m+[0m [0m[1m[0mbuildspec[0m[0m = "buildspec.yml"
          [32m+[0m [0m[1m[0mtype[0m[0m      = "CODEPIPELINE"
        }
    }

[1m  # aws_codecommit_repository.demo[0m will be created[0m[0m
[0m  [32m+[0m[0m resource "aws_codecommit_repository" "demo" {
      [32m+[0m [0m[1m[0marn[0m[0m             = (known after apply)
      [32m+[0m [0m[1m[0mclone_url_http[0m[0m  = (known after apply)
      [32m+[0m [0m[1m[0mclone_url_ssh[0m[0m   = (known after apply)
      [32m+[0m [0m[1m[0mdescription[0m[0m     = "This is the demo repository"
      [32m+[0m [0m[1m[0mid[0m[0m              = (known after apply)
      [32m+[0m [0m[1m[0mrepository_id[0m[0m   = (known after apply)
      [32m+[0m [0m[1m[0mrepository_name[0m[0m = "demo"
      [32m+[0m [0m[1m[0mtags_all[0m[0m        = (known after apply)
    }

[1m  # aws_codedeploy_app.demo[0m will be created[0m[0m
[0m  [32m+[0m[0m resource "aws_codedeploy_app" "demo" {
      [32m+[0m [0m[1m[0mapplication_id[0m[0m      = (known after apply)
      [32m+[0m [0m[1m[0marn[0m[0m                 = (known after apply)
      [32m+[0m [0m[1m[0mcompute_platform[0m[0m    = "ECS"
      [32m+[0m [0m[1m[0mgithub_account_name[0m[0m = (known after apply)
      [32m+[0m [0m[1m[0mid[0m[0m                  = (known after apply)
      [32m+[0m [0m[1m[0mlinked_to_github[0m[0m    = (known after apply)
      [32m+[0m [0m[1m[0mname[0m[0m                = "carsales1"
      [32m+[0m [0m[1m[0mtags_all[0m[0m            = (known after apply)
    }

[1m  # aws_codedeploy_deployment_group.demo[0m will be created[0m[0m
[0m  [32m+[0m[0m resource "aws_codedeploy_deployment_group" "demo" {
      [32m+[0m [0m[1m[0mapp_name[0m[0m               = "carsales1"
      [32m+[0m [0m[1m[0marn[0m[0m                    = (known after apply)
      [32m+[0m [0m[1m[0mcompute_platform[0m[0m       = (known after apply)
      [32m+[0m [0m[1m[0mdeployment_config_name[0m[0m = "CodeDeployDefault.ECSAllAtOnce"
      [32m+[0m [0m[1m[0mdeployment_group_id[0m[0m    = (known after apply)
      [32m+[0m [0m[1m[0mdeployment_group_name[0m[0m  = "carsales1"
      [32m+[0m [0m[1m[0mid[0m[0m                     = (known after apply)
      [32m+[0m [0m[1m[0mservice_role_arn[0m[0m       = (known after apply)
      [32m+[0m [0m[1m[0mtags_all[0m[0m               = (known after apply)

      [32m+[0m [0mauto_rollback_configuration {
          [32m+[0m [0m[1m[0menabled[0m[0m = true
          [32m+[0m [0m[1m[0mevents[0m[0m  = [
              [32m+[0m [0m"DEPLOYMENT_FAILURE",
            ]
        }

      [32m+[0m [0mblue_green_deployment_config {
          [32m+[0m [0mdeployment_ready_option {
              [32m+[0m [0m[1m[0maction_on_timeout[0m[0m = "CONTINUE_DEPLOYMENT"
            }

          [32m+[0m [0mgreen_fleet_provisioning_option {
              [32m+[0m [0m[1m[0maction[0m[0m = (known after apply)
            }

          [32m+[0m [0mterminate_blue_instances_on_deployment_success {
              [32m+[0m [0m[1m[0maction[0m[0m                           = "TERMINATE"
              [32m+[0m [0m[1m[0mtermination_wait_time_in_minutes[0m[0m = 5
            }
        }

      [32m+[0m [0mdeployment_style {
          [32m+[0m [0m[1m[0mdeployment_option[0m[0m = "WITH_TRAFFIC_CONTROL"
          [32m+[0m [0m[1m[0mdeployment_type[0m[0m   = "BLUE_GREEN"
        }

      [32m+[0m [0mecs_service {
          [32m+[0m [0m[1m[0mcluster_name[0m[0m = "carsales-cluster"
          [32m+[0m [0m[1m[0mservice_name[0m[0m = "carsales-dealer-service"
        }

      [32m+[0m [0mload_balancer_info {

          [32m+[0m [0mtarget_group_pair_info {
              [32m+[0m [0mprod_traffic_route {
                  [32m+[0m [0m[1m[0mlistener_arns[0m[0m = (known after apply)
                }

              [32m+[0m [0mtarget_group {
                  [32m+[0m [0m[1m[0mname[0m[0m = "carsales-back-end-tg-1"
                }
              [32m+[0m [0mtarget_group {
                  [32m+[0m [0m[1m[0mname[0m[0m = "carsales-back-end-tg-1-blue"
                }
            }
        }
    }

[1m  # aws_codepipeline.demo[0m will be created[0m[0m
[0m  [32m+[0m[0m resource "aws_codepipeline" "demo" {
      [32m+[0m [0m[1m[0marn[0m[0m      = (known after apply)
      [32m+[0m [0m[1m[0mid[0m[0m       = (known after apply)
      [32m+[0m [0m[1m[0mname[0m[0m     = "demo-docker-pipeline"
      [32m+[0m [0m[1m[0mrole_arn[0m[0m = (known after apply)
      [32m+[0m [0m[1m[0mtags_all[0m[0m = (known after apply)

      [32m+[0m [0martifact_store {
          [32m+[0m [0m[1m[0mlocation[0m[0m = (known after apply)
          [32m+[0m [0m[1m[0mregion[0m[0m   = (known after apply)
          [32m+[0m [0m[1m[0mtype[0m[0m     = "S3"

          [32m+[0m [0mencryption_key {
              [32m+[0m [0m[1m[0mid[0m[0m   = (known after apply)
              [32m+[0m [0m[1m[0mtype[0m[0m = "KMS"
            }
        }

      [32m+[0m [0mstage {
          [32m+[0m [0m[1m[0mname[0m[0m = "Source"

          [32m+[0m [0maction {
              [32m+[0m [0m[1m[0mcategory[0m[0m         = "Source"
              [32m+[0m [0m[1m[0mconfiguration[0m[0m    = {
                  [32m+[0m [0m"BranchName"     = "main"
                  [32m+[0m [0m"RepositoryName" = "demo"
                }
              [32m+[0m [0m[1m[0mname[0m[0m             = "Source"
              [32m+[0m [0m[1m[0moutput_artifacts[0m[0m = [
                  [32m+[0m [0m"demo-docker-source",
                ]
              [32m+[0m [0m[1m[0mowner[0m[0m            = "AWS"
              [32m+[0m [0m[1m[0mprovider[0m[0m         = "CodeCommit"
              [32m+[0m [0m[1m[0mregion[0m[0m           = (known after apply)
              [32m+[0m [0m[1m[0mrun_order[0m[0m        = (known after apply)
              [32m+[0m [0m[1m[0mversion[0m[0m          = "1"
            }
        }
      [32m+[0m [0mstage {
          [32m+[0m [0m[1m[0mname[0m[0m = "Build"

          [32m+[0m [0maction {
              [32m+[0m [0m[1m[0mcategory[0m[0m         = "Build"
              [32m+[0m [0m[1m[0mconfiguration[0m[0m    = {
                  [32m+[0m [0m"ProjectName" = "carsales1"
                }
              [32m+[0m [0m[1m[0minput_artifacts[0m[0m  = [
                  [32m+[0m [0m"demo-docker-source",
                ]
              [32m+[0m [0m[1m[0mname[0m[0m             = "Build"
              [32m+[0m [0m[1m[0moutput_artifacts[0m[0m = [
                  [32m+[0m [0m"demo-docker-build",
                ]
              [32m+[0m [0m[1m[0mowner[0m[0m            = "AWS"
              [32m+[0m [0m[1m[0mprovider[0m[0m         = "CodeBuild"
              [32m+[0m [0m[1m[0mregion[0m[0m           = (known after apply)
              [32m+[0m [0m[1m[0mrun_order[0m[0m        = (known after apply)
              [32m+[0m [0m[1m[0mversion[0m[0m          = "1"
            }
        }
      [32m+[0m [0mstage {
          [32m+[0m [0m[1m[0mname[0m[0m = "Deploy"

          [32m+[0m [0maction {
              [32m+[0m [0m[1m[0mcategory[0m[0m        = "Deploy"
              [32m+[0m [0m[1m[0mconfiguration[0m[0m   = {
                  [32m+[0m [0m"AppSpecTemplateArtifact"        = "demo-docker-build"
                  [32m+[0m [0m"ApplicationName"                = "carsales1"
                  [32m+[0m [0m"DeploymentGroupName"            = "carsales1"
                  [32m+[0m [0m"TaskDefinitionTemplateArtifact" = "demo-docker-build"
                }
              [32m+[0m [0m[1m[0minput_artifacts[0m[0m = [
                  [32m+[0m [0m"demo-docker-build",
                ]
              [32m+[0m [0m[1m[0mname[0m[0m            = "DeployToECS"
              [32m+[0m [0m[1m[0mowner[0m[0m           = "AWS"
              [32m+[0m [0m[1m[0mprovider[0m[0m        = "CodeDeployToECS"
              [32m+[0m [0m[1m[0mregion[0m[0m          = (known after apply)
              [32m+[0m [0m[1m[0mrun_order[0m[0m       = (known after apply)
              [32m+[0m [0m[1m[0mversion[0m[0m         = "1"
            }
        }
    }

[1m  # aws_db_instance.carsales-db[0m will be created[0m[0m
[0m  [32m+[0m[0m resource "aws_db_instance" "carsales-db" {
      [32m+[0m [0m[1m[0maddress[0m[0m                               = (known after apply)
      [32m+[0m [0m[1m[0mallocated_storage[0m[0m                     = 20
      [32m+[0m [0m[1m[0mapply_immediately[0m[0m                     = (known after apply)
      [32m+[0m [0m[1m[0marn[0m[0m                                   = (known after apply)
      [32m+[0m [0m[1m[0mauto_minor_version_upgrade[0m[0m            = true
      [32m+[0m [0m[1m[0mavailability_zone[0m[0m                     = (known after apply)
      [32m+[0m [0m[1m[0mbackup_retention_period[0m[0m               = 1
      [32m+[0m [0m[1m[0mbackup_window[0m[0m                         = (known after apply)
      [32m+[0m [0m[1m[0mca_cert_identifier[0m[0m                    = (known after apply)
      [32m+[0m [0m[1m[0mcharacter_set_name[0m[0m                    = (known after apply)
      [32m+[0m [0m[1m[0mcopy_tags_to_snapshot[0m[0m                 = false
      [32m+[0m [0m[1m[0mdb_subnet_group_name[0m[0m                  = "carsales-database-subnet-group"
      [32m+[0m [0m[1m[0mdelete_automated_backups[0m[0m              = true
      [32m+[0m [0m[1m[0mendpoint[0m[0m                              = (known after apply)
      [32m+[0m [0m[1m[0mengine[0m[0m                                = "postgres"
      [32m+[0m [0m[1m[0mengine_version[0m[0m                        = "12.9"
      [32m+[0m [0m[1m[0mengine_version_actual[0m[0m                 = (known after apply)
      [32m+[0m [0m[1m[0mhosted_zone_id[0m[0m                        = (known after apply)
      [32m+[0m [0m[1m[0mid[0m[0m                                    = (known after apply)
      [32m+[0m [0m[1m[0midentifier[0m[0m                            = "carsales-db"
      [32m+[0m [0m[1m[0midentifier_prefix[0m[0m                     = (known after apply)
      [32m+[0m [0m[1m[0minstance_class[0m[0m                        = "db.t3.large"
      [32m+[0m [0m[1m[0mkms_key_id[0m[0m                            = (known after apply)
      [32m+[0m [0m[1m[0mlatest_restorable_time[0m[0m                = (known after apply)
      [32m+[0m [0m[1m[0mlicense_model[0m[0m                         = (known after apply)
      [32m+[0m [0m[1m[0mmaintenance_window[0m[0m                    = (known after apply)
      [32m+[0m [0m[1m[0mmonitoring_interval[0m[0m                   = 30
      [32m+[0m [0m[1m[0mmonitoring_role_arn[0m[0m                   = (known after apply)
      [32m+[0m [0m[1m[0mmulti_az[0m[0m                              = true
      [32m+[0m [0m[1m[0mname[0m[0m                                  = "carsalesdb"
      [32m+[0m [0m[1m[0mnchar_character_set_name[0m[0m              = (known after apply)
      [32m+[0m [0m[1m[0moption_group_name[0m[0m                     = (known after apply)
      [32m+[0m [0m[1m[0mparameter_group_name[0m[0m                  = (known after apply)
      [32m+[0m [0m[1m[0mpassword[0m[0m                              = (sensitive value)
      [32m+[0m [0m[1m[0mperformance_insights_enabled[0m[0m          = true
      [32m+[0m [0m[1m[0mperformance_insights_kms_key_id[0m[0m       = (known after apply)
      [32m+[0m [0m[1m[0mperformance_insights_retention_period[0m[0m = 7
      [32m+[0m [0m[1m[0mport[0m[0m                                  = (known after apply)
      [32m+[0m [0m[1m[0mpublicly_accessible[0m[0m                   = false
      [32m+[0m [0m[1m[0mreplicas[0m[0m                              = (known after apply)
      [32m+[0m [0m[1m[0mresource_id[0m[0m                           = (known after apply)
      [32m+[0m [0m[1m[0mskip_final_snapshot[0m[0m                   = true
      [32m+[0m [0m[1m[0msnapshot_identifier[0m[0m                   = (known after apply)
      [32m+[0m [0m[1m[0mstatus[0m[0m                                = (known after apply)
      [32m+[0m [0m[1m[0mstorage_encrypted[0m[0m                     = true
      [32m+[0m [0m[1m[0mstorage_type[0m[0m                          = "gp2"
      [32m+[0m [0m[1m[0mtags[0m[0m                                  = {
          [32m+[0m [0m"Name"      = "CarSales Database"
          [32m+[0m [0m"Terraform" = "true"
        }
      [32m+[0m [0m[1m[0mtags_all[0m[0m                              = {
          [32m+[0m [0m"Name"      = "CarSales Database"
          [32m+[0m [0m"Terraform" = "true"
        }
      [32m+[0m [0m[1m[0mtimezone[0m[0m                              = (known after apply)
      [32m+[0m [0m[1m[0musername[0m[0m                              = "postgresadmin"
      [32m+[0m [0m[1m[0mvpc_security_group_ids[0m[0m                = (known after apply)
    }

[1m  # aws_db_instance.carsales-db-replica[0m will be created[0m[0m
[0m  [32m+[0m[0m resource "aws_db_instance" "carsales-db-replica" {
      [32m+[0m [0m[1m[0maddress[0m[0m                               = (known after apply)
      [32m+[0m [0m[1m[0mallocated_storage[0m[0m                     = 20
      [32m+[0m [0m[1m[0mapply_immediately[0m[0m                     = (known after apply)
      [32m+[0m [0m[1m[0marn[0m[0m                                   = (known after apply)
      [32m+[0m [0m[1m[0mauto_minor_version_upgrade[0m[0m            = true
      [32m+[0m [0m[1m[0mavailability_zone[0m[0m                     = (known after apply)
      [32m+[0m [0m[1m[0mbackup_retention_period[0m[0m               = 0
      [32m+[0m [0m[1m[0mbackup_window[0m[0m                         = (known after apply)
      [32m+[0m [0m[1m[0mca_cert_identifier[0m[0m                    = (known after apply)
      [32m+[0m [0m[1m[0mcharacter_set_name[0m[0m                    = (known after apply)
      [32m+[0m [0m[1m[0mcopy_tags_to_snapshot[0m[0m                 = false
      [32m+[0m [0m[1m[0mdb_subnet_group_name[0m[0m                  = (known after apply)
      [32m+[0m [0m[1m[0mdelete_automated_backups[0m[0m              = true
      [32m+[0m [0m[1m[0mendpoint[0m[0m                              = (known after apply)
      [32m+[0m [0m[1m[0mengine[0m[0m                                = "postgres"
      [32m+[0m [0m[1m[0mengine_version[0m[0m                        = "12.9"
      [32m+[0m [0m[1m[0mengine_version_actual[0m[0m                 = (known after apply)
      [32m+[0m [0m[1m[0mhosted_zone_id[0m[0m                        = (known after apply)
      [32m+[0m [0m[1m[0mid[0m[0m                                    = (known after apply)
      [32m+[0m [0m[1m[0midentifier[0m[0m                            = "carsales-db-replica"
      [32m+[0m [0m[1m[0midentifier_prefix[0m[0m                     = (known after apply)
      [32m+[0m [0m[1m[0minstance_class[0m[0m                        = "db.t3.large"
      [32m+[0m [0m[1m[0mkms_key_id[0m[0m                            = (known after apply)
      [32m+[0m [0m[1m[0mlatest_restorable_time[0m[0m                = (known after apply)
      [32m+[0m [0m[1m[0mlicense_model[0m[0m                         = (known after apply)
      [32m+[0m [0m[1m[0mmaintenance_window[0m[0m                    = (known after apply)
      [32m+[0m [0m[1m[0mmonitoring_interval[0m[0m                   = 0
      [32m+[0m [0m[1m[0mmonitoring_role_arn[0m[0m                   = (known after apply)
      [32m+[0m [0m[1m[0mmulti_az[0m[0m                              = (known after apply)
      [32m+[0m [0m[1m[0mname[0m[0m                                  = "carsalesdbreplica"
      [32m+[0m [0m[1m[0mnchar_character_set_name[0m[0m              = (known after apply)
      [32m+[0m [0m[1m[0moption_group_name[0m[0m                     = (known after apply)
      [32m+[0m [0m[1m[0mparameter_group_name[0m[0m                  = (known after apply)
      [32m+[0m [0m[1m[0mperformance_insights_enabled[0m[0m          = false
      [32m+[0m [0m[1m[0mperformance_insights_kms_key_id[0m[0m       = (known after apply)
      [32m+[0m [0m[1m[0mperformance_insights_retention_period[0m[0m = (known after apply)
      [32m+[0m [0m[1m[0mport[0m[0m                                  = (known after apply)
      [32m+[0m [0m[1m[0mpublicly_accessible[0m[0m                   = false
      [32m+[0m [0m[1m[0mreplicas[0m[0m                              = (known after apply)
      [32m+[0m [0m[1m[0mreplicate_source_db[0m[0m                   = "carsales-db"
      [32m+[0m [0m[1m[0mresource_id[0m[0m                           = (known after apply)
      [32m+[0m [0m[1m[0mskip_final_snapshot[0m[0m                   = true
      [32m+[0m [0m[1m[0msnapshot_identifier[0m[0m                   = (known after apply)
      [32m+[0m [0m[1m[0mstatus[0m[0m                                = (known after apply)
      [32m+[0m [0m[1m[0mstorage_encrypted[0m[0m                     = true
      [32m+[0m [0m[1m[0mstorage_type[0m[0m                          = "gp2"
      [32m+[0m [0m[1m[0mtags_all[0m[0m                              = (known after apply)
      [32m+[0m [0m[1m[0mtimezone[0m[0m                              = (known after apply)
      [32m+[0m [0m[1m[0musername[0m[0m                              = (known after apply)
      [32m+[0m [0m[1m[0mvpc_security_group_ids[0m[0m                = (known after apply)
    }

[1m  # aws_db_subnet_group.carsales-db-subnet[0m will be created[0m[0m
[0m  [32m+[0m[0m resource "aws_db_subnet_group" "carsales-db-subnet" {
      [32m+[0m [0m[1m[0marn[0m[0m         = (known after apply)
      [32m+[0m [0m[1m[0mdescription[0m[0m = "Managed by Terraform"
      [32m+[0m [0m[1m[0mid[0m[0m          = (known after apply)
      [32m+[0m [0m[1m[0mname[0m[0m        = "carsales-database-subnet-group"
      [32m+[0m [0m[1m[0mname_prefix[0m[0m = (known after apply)
      [32m+[0m [0m[1m[0msubnet_ids[0m[0m  = (known after apply)
      [32m+[0m [0m[1m[0mtags[0m[0m        = {
          [32m+[0m [0m"Name"      = "DB Subnet Group"
          [32m+[0m [0m"Terraform" = "true"
        }
      [32m+[0m [0m[1m[0mtags_all[0m[0m    = {
          [32m+[0m [0m"Name"      = "DB Subnet Group"
          [32m+[0m [0m"Terraform" = "true"
        }
    }

[1m  # aws_ecr_lifecycle_policy.repo-policy[0m will be created[0m[0m
[0m  [32m+[0m[0m resource "aws_ecr_lifecycle_policy" "repo-policy" {
      [32m+[0m [0m[1m[0mid[0m[0m          = (known after apply)
      [32m+[0m [0m[1m[0mpolicy[0m[0m      = jsonencode(
            {
              [32m+[0m [0mrules = [
                  [32m+[0m [0m{
                      [32m+[0m [0maction       = {
                          [32m+[0m [0mtype = "expire"
                        }
                      [32m+[0m [0mdescription  = "Keep image deployed with tag 'latest''"
                      [32m+[0m [0mrulePriority = 1
                      [32m+[0m [0mselection    = {
                          [32m+[0m [0mcountNumber   = 1
                          [32m+[0m [0mcountType     = "imageCountMoreThan"
                          [32m+[0m [0mtagPrefixList = [
                              [32m+[0m [0m"latest",
                            ]
                          [32m+[0m [0mtagStatus     = "tagged"
                        }
                    },
                  [32m+[0m [0m{
                      [32m+[0m [0maction       = {
                          [32m+[0m [0mtype = "expire"
                        }
                      [32m+[0m [0mdescription  = "Keep last 2 any images"
                      [32m+[0m [0mrulePriority = 2
                      [32m+[0m [0mselection    = {
                          [32m+[0m [0mcountNumber = 2
                          [32m+[0m [0mcountType   = "imageCountMoreThan"
                          [32m+[0m [0mtagStatus   = "any"
                        }
                    },
                ]
            }
        )
      [32m+[0m [0m[1m[0mregistry_id[0m[0m = (known after apply)
      [32m+[0m [0m[1m[0mrepository[0m[0m  = "test_ecr_repo"
    }

[1m  # aws_ecr_repository.repo[0m will be created[0m[0m
[0m  [32m+[0m[0m resource "aws_ecr_repository" "repo" {
      [32m+[0m [0m[1m[0marn[0m[0m                  = (known after apply)
      [32m+[0m [0m[1m[0mid[0m[0m                   = (known after apply)
      [32m+[0m [0m[1m[0mimage_tag_mutability[0m[0m = "MUTABLE"
      [32m+[0m [0m[1m[0mname[0m[0m                 = "test_ecr_repo"
      [32m+[0m [0m[1m[0mregistry_id[0m[0m          = (known after apply)
      [32m+[0m [0m[1m[0mrepository_url[0m[0m       = (known after apply)
      [32m+[0m [0m[1m[0mtags_all[0m[0m             = (known after apply)
    }

[1m  # aws_ecs_cluster.my_cluster[0m will be created[0m[0m
[0m  [32m+[0m[0m resource "aws_ecs_cluster" "my_cluster" {
      [32m+[0m [0m[1m[0marn[0m[0m      = (known after apply)
      [32m+[0m [0m[1m[0mid[0m[0m       = (known after apply)
      [32m+[0m [0m[1m[0mname[0m[0m     = "carsales-cluster"
      [32m+[0m [0m[1m[0mtags_all[0m[0m = (known after apply)

      [32m+[0m [0msetting {
          [32m+[0m [0m[1m[0mname[0m[0m  = "containerInsights"
          [32m+[0m [0m[1m[0mvalue[0m[0m = "enabled"
        }
    }

[1m  # aws_ecs_service.carsales-commerical-service[0m will be created[0m[0m
[0m  [32m+[0m[0m resource "aws_ecs_service" "carsales-commerical-service" {
      [32m+[0m [0m[1m[0mcluster[0m[0m                            = (known after apply)
      [32m+[0m [0m[1m[0mdeployment_maximum_percent[0m[0m         = 200
      [32m+[0m [0m[1m[0mdeployment_minimum_healthy_percent[0m[0m = 100
      [32m+[0m [0m[1m[0mdesired_count[0m[0m                      = 1
      [32m+[0m [0m[1m[0menable_ecs_managed_tags[0m[0m            = false
      [32m+[0m [0m[1m[0menable_execute_command[0m[0m             = false
      [32m+[0m [0m[1m[0miam_role[0m[0m                           = (known after apply)
      [32m+[0m [0m[1m[0mid[0m[0m                                 = (known after apply)
      [32m+[0m [0m[1m[0mlaunch_type[0m[0m                        = "FARGATE"
      [32m+[0m [0m[1m[0mname[0m[0m                               = "carsales-commerical-service"
      [32m+[0m [0m[1m[0mplatform_version[0m[0m                   = (known after apply)
      [32m+[0m [0m[1m[0mscheduling_strategy[0m[0m                = "REPLICA"
      [32m+[0m [0m[1m[0mtags_all[0m[0m                           = (known after apply)
      [32m+[0m [0m[1m[0mtask_definition[0m[0m                    = (known after apply)
      [32m+[0m [0m[1m[0mwait_for_steady_state[0m[0m              = false

      [32m+[0m [0mload_balancer {
          [32m+[0m [0m[1m[0mcontainer_name[0m[0m   = "carsales2"
          [32m+[0m [0m[1m[0mcontainer_port[0m[0m   = 80
          [32m+[0m [0m[1m[0mtarget_group_arn[0m[0m = (known after apply)
        }

      [32m+[0m [0mnetwork_configuration {
          [32m+[0m [0m[1m[0massign_public_ip[0m[0m = false
          [32m+[0m [0m[1m[0msecurity_groups[0m[0m  = (known after apply)
          [32m+[0m [0m[1m[0msubnets[0m[0m          = (known after apply)
        }
    }

[1m  # aws_ecs_service.carsales-dealer-service[0m will be created[0m[0m
[0m  [32m+[0m[0m resource "aws_ecs_service" "carsales-dealer-service" {
      [32m+[0m [0m[1m[0mcluster[0m[0m                            = (known after apply)
      [32m+[0m [0m[1m[0mdeployment_maximum_percent[0m[0m         = 200
      [32m+[0m [0m[1m[0mdeployment_minimum_healthy_percent[0m[0m = 100
      [32m+[0m [0m[1m[0mdesired_count[0m[0m                      = 1
      [32m+[0m [0m[1m[0menable_ecs_managed_tags[0m[0m            = false
      [32m+[0m [0m[1m[0menable_execute_command[0m[0m             = false
      [32m+[0m [0m[1m[0miam_role[0m[0m                           = (known after apply)
      [32m+[0m [0m[1m[0mid[0m[0m                                 = (known after apply)
      [32m+[0m [0m[1m[0mlaunch_type[0m[0m                        = (known after apply)
      [32m+[0m [0m[1m[0mname[0m[0m                               = "carsales-dealer-service"
      [32m+[0m [0m[1m[0mplatform_version[0m[0m                   = (known after apply)
      [32m+[0m [0m[1m[0mscheduling_strategy[0m[0m                = "REPLICA"
      [32m+[0m [0m[1m[0mtags_all[0m[0m                           = (known after apply)
      [32m+[0m [0m[1m[0mtask_definition[0m[0m                    = (known after apply)
      [32m+[0m [0m[1m[0mwait_for_steady_state[0m[0m              = false

      [32m+[0m [0mdeployment_controller {
          [32m+[0m [0m[1m[0mtype[0m[0m = "CODE_DEPLOY"
        }

      [32m+[0m [0mload_balancer {
          [32m+[0m [0m[1m[0mcontainer_name[0m[0m   = "carsales1"
          [32m+[0m [0m[1m[0mcontainer_port[0m[0m   = 80
          [32m+[0m [0m[1m[0mtarget_group_arn[0m[0m = (known after apply)
        }
    }

[1m  # aws_ecs_task_definition.carsales1[0m will be created[0m[0m
[0m  [32m+[0m[0m resource "aws_ecs_task_definition" "carsales1" {
      [32m+[0m [0m[1m[0marn[0m[0m                   = (known after apply)
      [32m+[0m [0m[1m[0mcontainer_definitions[0m[0m = (known after apply)
      [32m+[0m [0m[1m[0mexecution_role_arn[0m[0m    = (known after apply)
      [32m+[0m [0m[1m[0mfamily[0m[0m                = "carsales1"
      [32m+[0m [0m[1m[0mid[0m[0m                    = (known after apply)
      [32m+[0m [0m[1m[0mnetwork_mode[0m[0m          = (known after apply)
      [32m+[0m [0m[1m[0mrevision[0m[0m              = (known after apply)
      [32m+[0m [0m[1m[0mskip_destroy[0m[0m          = false
      [32m+[0m [0m[1m[0mtags_all[0m[0m              = (known after apply)
      [32m+[0m [0m[1m[0mtask_role_arn[0m[0m         = (known after apply)

      [32m+[0m [0mvolume {
          [32m+[0m [0m[1m[0mname[0m[0m = "efs-carsales-demo"

          [32m+[0m [0mefs_volume_configuration {
              [32m+[0m [0m[1m[0mfile_system_id[0m[0m = (known after apply)
              [32m+[0m [0m[1m[0mroot_directory[0m[0m = "/"
            }
        }
    }

[1m  # aws_ecs_task_definition.carsales2[0m will be created[0m[0m
[0m  [32m+[0m[0m resource "aws_ecs_task_definition" "carsales2" {
      [32m+[0m [0m[1m[0marn[0m[0m                      = (known after apply)
      [32m+[0m [0m[1m[0mcontainer_definitions[0m[0m    = jsonencode(
            [
              [32m+[0m [0m{
                  [32m+[0m [0menvironment      = []
                  [32m+[0m [0messential        = true
                  [32m+[0m [0mimage            = "dbaxy770928/carsales2:latest"
                  [32m+[0m [0mlinks            = []
                  [32m+[0m [0mlogConfiguration = {
                      [32m+[0m [0mlogDriver = "awslogs"
                      [32m+[0m [0moptions   = {
                          [32m+[0m [0mawslogs-create-group  = "true"
                          [32m+[0m [0mawslogs-group         = "carsales2"
                          [32m+[0m [0mawslogs-region        = "ap-southeast-2"
                          [32m+[0m [0mawslogs-stream-prefix = "carsales-app-log-stream"
                        }
                    }
                  [32m+[0m [0mmountPoints      = [
                      [32m+[0m [0m{
                          [32m+[0m [0mcontainerPath = "/efs"
                          [32m+[0m [0mreadOnly      = false
                          [32m+[0m [0msourceVolume  = "efs-carsales-demo"
                        },
                    ]
                  [32m+[0m [0mname             = "carsales2"
                  [32m+[0m [0mportMappings     = [
                      [32m+[0m [0m{
                          [32m+[0m [0mcontainerPort = 80
                          [32m+[0m [0mhostPort      = 80
                          [32m+[0m [0mprotocol      = "tcp"
                        },
                    ]
                  [32m+[0m [0msecrets          = [
                      [32m+[0m [0m{
                          [32m+[0m [0mname      = "db_url"
                          [32m+[0m [0mvalueFrom = "arn:aws:ssm:ap-southeast-2:996104769930:parameter/production/myapp/db-host"
                        },
                      [32m+[0m [0m{
                          [32m+[0m [0mname      = "DATABASE_PASSWORD"
                          [32m+[0m [0mvalueFrom = "arn:aws:ssm:ap-southeast-2:996104769930:parameter/production/myapp/rds-password"
                        },
                    ]
                },
            ]
        )
      [32m+[0m [0m[1m[0mcpu[0m[0m                      = "256"
      [32m+[0m [0m[1m[0mexecution_role_arn[0m[0m       = (known after apply)
      [32m+[0m [0m[1m[0mfamily[0m[0m                   = "carsales2"
      [32m+[0m [0m[1m[0mid[0m[0m                       = (known after apply)
      [32m+[0m [0m[1m[0mmemory[0m[0m                   = "512"
      [32m+[0m [0m[1m[0mnetwork_mode[0m[0m             = "awsvpc"
      [32m+[0m [0m[1m[0mrequires_compatibilities[0m[0m = [
          [32m+[0m [0m"FARGATE",
        ]
      [32m+[0m [0m[1m[0mrevision[0m[0m                 = (known after apply)
      [32m+[0m [0m[1m[0mskip_destroy[0m[0m             = false
      [32m+[0m [0m[1m[0mtags_all[0m[0m                 = (known after apply)
      [32m+[0m [0m[1m[0mtask_role_arn[0m[0m            = (known after apply)

      [32m+[0m [0mvolume {
          [32m+[0m [0m[1m[0mname[0m[0m = "efs-carsales-demo"

          [32m+[0m [0mefs_volume_configuration {
              [32m+[0m [0m[1m[0mfile_system_id[0m[0m = (known after apply)
              [32m+[0m [0m[1m[0mroot_directory[0m[0m = "/"
            }
        }
    }

[1m  # aws_efs_access_point.efs_access_point[0m will be created[0m[0m
[0m  [32m+[0m[0m resource "aws_efs_access_point" "efs_access_point" {
      [32m+[0m [0m[1m[0marn[0m[0m             = (known after apply)
      [32m+[0m [0m[1m[0mfile_system_arn[0m[0m = (known after apply)
      [32m+[0m [0m[1m[0mfile_system_id[0m[0m  = (known after apply)
      [32m+[0m [0m[1m[0mid[0m[0m              = (known after apply)
      [32m+[0m [0m[1m[0mowner_id[0m[0m        = (known after apply)
      [32m+[0m [0m[1m[0mtags[0m[0m            = {
          [32m+[0m [0m"Name" = "EFS_For_ECS"
        }
      [32m+[0m [0m[1m[0mtags_all[0m[0m        = {
          [32m+[0m [0m"Name" = "EFS_For_ECS"
        }

      [32m+[0m [0mposix_user {
          [32m+[0m [0m[1m[0mgid[0m[0m = 1000
          [32m+[0m [0m[1m[0muid[0m[0m = 1000
        }

      [32m+[0m [0mroot_directory {
          [32m+[0m [0m[1m[0mpath[0m[0m = "/mnt/efs"

          [32m+[0m [0mcreation_info {
              [32m+[0m [0m[1m[0mowner_gid[0m[0m   = 1000
              [32m+[0m [0m[1m[0mowner_uid[0m[0m   = 1000
              [32m+[0m [0m[1m[0mpermissions[0m[0m = "755"
            }
        }
    }

[1m  # aws_efs_file_system.efs_volume[0m will be created[0m[0m
[0m  [32m+[0m[0m resource "aws_efs_file_system" "efs_volume" {
      [32m+[0m [0m[1m[0marn[0m[0m                     = (known after apply)
      [32m+[0m [0m[1m[0mavailability_zone_id[0m[0m    = (known after apply)
      [32m+[0m [0m[1m[0mavailability_zone_name[0m[0m  = (known after apply)
      [32m+[0m [0m[1m[0mcreation_token[0m[0m          = "efs-carsales-demo"
      [32m+[0m [0m[1m[0mdns_name[0m[0m                = (known after apply)
      [32m+[0m [0m[1m[0mencrypted[0m[0m               = true
      [32m+[0m [0m[1m[0mid[0m[0m                      = (known after apply)
      [32m+[0m [0m[1m[0mkms_key_id[0m[0m              = (known after apply)
      [32m+[0m [0m[1m[0mnumber_of_mount_targets[0m[0m = (known after apply)
      [32m+[0m [0m[1m[0mowner_id[0m[0m                = (known after apply)
      [32m+[0m [0m[1m[0mperformance_mode[0m[0m        = "generalPurpose"
      [32m+[0m [0m[1m[0msize_in_bytes[0m[0m           = (known after apply)
      [32m+[0m [0m[1m[0mtags_all[0m[0m                = (known after apply)
      [32m+[0m [0m[1m[0mthroughput_mode[0m[0m         = "bursting"

      [32m+[0m [0mlifecycle_policy {
          [32m+[0m [0m[1m[0mtransition_to_ia[0m[0m = "AFTER_7_DAYS"
        }
    }

[1m  # aws_efs_mount_target.ecs_temp_space_az0[0m will be created[0m[0m
[0m  [32m+[0m[0m resource "aws_efs_mount_target" "ecs_temp_space_az0" {
      [32m+[0m [0m[1m[0mavailability_zone_id[0m[0m   = (known after apply)
      [32m+[0m [0m[1m[0mavailability_zone_name[0m[0m = (known after apply)
      [32m+[0m [0m[1m[0mdns_name[0m[0m               = (known after apply)
      [32m+[0m [0m[1m[0mfile_system_arn[0m[0m        = (known after apply)
      [32m+[0m [0m[1m[0mfile_system_id[0m[0m         = (known after apply)
      [32m+[0m [0m[1m[0mid[0m[0m                     = (known after apply)
      [32m+[0m [0m[1m[0mip_address[0m[0m             = (known after apply)
      [32m+[0m [0m[1m[0mmount_target_dns_name[0m[0m  = (known after apply)
      [32m+[0m [0m[1m[0mnetwork_interface_id[0m[0m   = (known after apply)
      [32m+[0m [0m[1m[0mowner_id[0m[0m               = (known after apply)
      [32m+[0m [0m[1m[0msecurity_groups[0m[0m        = (known after apply)
      [32m+[0m [0m[1m[0msubnet_id[0m[0m              = (known after apply)
    }

[1m  # aws_efs_mount_target.ecs_temp_space_az1[0m will be created[0m[0m
[0m  [32m+[0m[0m resource "aws_efs_mount_target" "ecs_temp_space_az1" {
      [32m+[0m [0m[1m[0mavailability_zone_id[0m[0m   = (known after apply)
      [32m+[0m [0m[1m[0mavailability_zone_name[0m[0m = (known after apply)
      [32m+[0m [0m[1m[0mdns_name[0m[0m               = (known after apply)
      [32m+[0m [0m[1m[0mfile_system_arn[0m[0m        = (known after apply)
      [32m+[0m [0m[1m[0mfile_system_id[0m[0m         = (known after apply)
      [32m+[0m [0m[1m[0mid[0m[0m                     = (known after apply)
      [32m+[0m [0m[1m[0mip_address[0m[0m             = (known after apply)
      [32m+[0m [0m[1m[0mmount_target_dns_name[0m[0m  = (known after apply)
      [32m+[0m [0m[1m[0mnetwork_interface_id[0m[0m   = (known after apply)
      [32m+[0m [0m[1m[0mowner_id[0m[0m               = (known after apply)
      [32m+[0m [0m[1m[0msecurity_groups[0m[0m        = (known after apply)
      [32m+[0m [0m[1m[0msubnet_id[0m[0m              = (known after apply)
    }

[1m  # aws_eip.carsales-nat1[0m will be created[0m[0m
[0m  [32m+[0m[0m resource "aws_eip" "carsales-nat1" {
      [32m+[0m [0m[1m[0mallocation_id[0m[0m        = (known after apply)
      [32m+[0m [0m[1m[0massociation_id[0m[0m       = (known after apply)
      [32m+[0m [0m[1m[0mcarrier_ip[0m[0m           = (known after apply)
      [32m+[0m [0m[1m[0mcustomer_owned_ip[0m[0m    = (known after apply)
      [32m+[0m [0m[1m[0mdomain[0m[0m               = (known after apply)
      [32m+[0m [0m[1m[0mid[0m[0m                   = (known after apply)
      [32m+[0m [0m[1m[0minstance[0m[0m             = (known after apply)
      [32m+[0m [0m[1m[0mnetwork_border_group[0m[0m = (known after apply)
      [32m+[0m [0m[1m[0mnetwork_interface[0m[0m    = (known after apply)
      [32m+[0m [0m[1m[0mprivate_dns[0m[0m          = (known after apply)
      [32m+[0m [0m[1m[0mprivate_ip[0m[0m           = (known after apply)
      [32m+[0m [0m[1m[0mpublic_dns[0m[0m           = (known after apply)
      [32m+[0m [0m[1m[0mpublic_ip[0m[0m            = (known after apply)
      [32m+[0m [0m[1m[0mpublic_ipv4_pool[0m[0m     = (known after apply)
      [32m+[0m [0m[1m[0mtags_all[0m[0m             = (known after apply)
      [32m+[0m [0m[1m[0mvpc[0m[0m                  = (known after apply)
    }

[1m  # aws_eip.carsales-nat2[0m will be created[0m[0m
[0m  [32m+[0m[0m resource "aws_eip" "carsales-nat2" {
      [32m+[0m [0m[1m[0mallocation_id[0m[0m        = (known after apply)
      [32m+[0m [0m[1m[0massociation_id[0m[0m       = (known after apply)
      [32m+[0m [0m[1m[0mcarrier_ip[0m[0m           = (known after apply)
      [32m+[0m [0m[1m[0mcustomer_owned_ip[0m[0m    = (known after apply)
      [32m+[0m [0m[1m[0mdomain[0m[0m               = (known after apply)
      [32m+[0m [0m[1m[0mid[0m[0m                   = (known after apply)
      [32m+[0m [0m[1m[0minstance[0m[0m             = (known after apply)
      [32m+[0m [0m[1m[0mnetwork_border_group[0m[0m = (known after apply)
      [32m+[0m [0m[1m[0mnetwork_interface[0m[0m    = (known after apply)
      [32m+[0m [0m[1m[0mprivate_dns[0m[0m          = (known after apply)
      [32m+[0m [0m[1m[0mprivate_ip[0m[0m           = (known after apply)
      [32m+[0m [0m[1m[0mpublic_dns[0m[0m           = (known after apply)
      [32m+[0m [0m[1m[0mpublic_ip[0m[0m            = (known after apply)
      [32m+[0m [0m[1m[0mpublic_ipv4_pool[0m[0m     = (known after apply)
      [32m+[0m [0m[1m[0mtags_all[0m[0m             = (known after apply)
      [32m+[0m [0m[1m[0mvpc[0m[0m                  = (known after apply)
    }

[1m  # aws_iam_instance_profile.ecs[0m will be created[0m[0m
[0m  [32m+[0m[0m resource "aws_iam_instance_profile" "ecs" {
      [32m+[0m [0m[1m[0marn[0m[0m         = (known after apply)
      [32m+[0m [0m[1m[0mcreate_date[0m[0m = (known after apply)
      [32m+[0m [0m[1m[0mid[0m[0m          = (known after apply)
      [32m+[0m [0m[1m[0mname[0m[0m        = "ecs_instance_profile_prod"
      [32m+[0m [0m[1m[0mpath[0m[0m        = "/"
      [32m+[0m [0m[1m[0mrole[0m[0m        = "ecs_host_role_prod"
      [32m+[0m [0m[1m[0mtags_all[0m[0m    = (known after apply)
      [32m+[0m [0m[1m[0munique_id[0m[0m   = (known after apply)
    }

[1m  # aws_iam_policy.lambda_ec2_access[0m will be created[0m[0m
[0m  [32m+[0m[0m resource "aws_iam_policy" "lambda_ec2_access" {
      [32m+[0m [0m[1m[0marn[0m[0m         = (known after apply)
      [32m+[0m [0m[1m[0mdescription[0m[0m = "IAM policy for Ec2 Access from ASG lambda"
      [32m+[0m [0m[1m[0mid[0m[0m          = (known after apply)
      [32m+[0m [0m[1m[0mname[0m[0m        = "asg_ir_lambda_ec2_access"
      [32m+[0m [0m[1m[0mpath[0m[0m        = "/"
      [32m+[0m [0m[1m[0mpolicy[0m[0m      = jsonencode(
            {
              [32m+[0m [0mStatement = [
                  [32m+[0m [0m{
                      [32m+[0m [0mAction   = [
                          [32m+[0m [0m"autoscaling:StartInstanceRefresh",
                          [32m+[0m [0m"autoscaling:Describe*",
                          [32m+[0m [0m"ec2:CreateLaunchTemplateVersion",
                          [32m+[0m [0m"ec2:DescribeLaunchTemplates",
                          [32m+[0m [0m"ec2:Describe*",
                        ]
                      [32m+[0m [0mEffect   = "Allow"
                      [32m+[0m [0mResource = "*"
                    },
                ]
              [32m+[0m [0mVersion   = "2012-10-17"
            }
        )
      [32m+[0m [0m[1m[0mpolicy_id[0m[0m   = (known after apply)
      [32m+[0m [0m[1m[0mtags_all[0m[0m    = (known after apply)
    }

[1m  # aws_iam_policy.lambda_logging[0m will be created[0m[0m
[0m  [32m+[0m[0m resource "aws_iam_policy" "lambda_logging" {
      [32m+[0m [0m[1m[0marn[0m[0m         = (known after apply)
      [32m+[0m [0m[1m[0mdescription[0m[0m = "IAM policy for logging from ASG lambda"
      [32m+[0m [0m[1m[0mid[0m[0m          = (known after apply)
      [32m+[0m [0m[1m[0mname[0m[0m        = "asg_ir_lambda_logging"
      [32m+[0m [0m[1m[0mpath[0m[0m        = "/"
      [32m+[0m [0m[1m[0mpolicy[0m[0m      = jsonencode(
            {
              [32m+[0m [0mStatement = [
                  [32m+[0m [0m{
                      [32m+[0m [0mAction   = [
                          [32m+[0m [0m"logs:CreateLogGroup",
                          [32m+[0m [0m"logs:CreateLogStream",
                          [32m+[0m [0m"logs:PutLogEvents",
                        ]
                      [32m+[0m [0mEffect   = "Allow"
                      [32m+[0m [0mResource = "arn:aws:logs:*:*:*"
                    },
                ]
              [32m+[0m [0mVersion   = "2012-10-17"
            }
        )
      [32m+[0m [0m[1m[0mpolicy_id[0m[0m   = (known after apply)
      [32m+[0m [0m[1m[0mtags_all[0m[0m    = (known after apply)
    }

[1m  # aws_iam_policy.lambda_ssm[0m will be created[0m[0m
[0m  [32m+[0m[0m resource "aws_iam_policy" "lambda_ssm" {
      [32m+[0m [0m[1m[0marn[0m[0m         = (known after apply)
      [32m+[0m [0m[1m[0mdescription[0m[0m = "IAM policy for SSM Access from ASG lambda"
      [32m+[0m [0m[1m[0mid[0m[0m          = (known after apply)
      [32m+[0m [0m[1m[0mname[0m[0m        = "asg_ir_lambda_ssm"
      [32m+[0m [0m[1m[0mpath[0m[0m        = "/"
      [32m+[0m [0m[1m[0mpolicy[0m[0m      = jsonencode(
            {
              [32m+[0m [0mStatement = [
                  [32m+[0m [0m{
                      [32m+[0m [0mAction   = [
                          [32m+[0m [0m"ssm:DescribeParameters",
                        ]
                      [32m+[0m [0mEffect   = "Allow"
                      [32m+[0m [0mResource = "*"
                    },
                  [32m+[0m [0m{
                      [32m+[0m [0mAction   = [
                          [32m+[0m [0m"ssm:*",
                        ]
                      [32m+[0m [0mEffect   = "Allow"
                      [32m+[0m [0mResource = "*"
                    },
                ]
              [32m+[0m [0mVersion   = "2012-10-17"
            }
        )
      [32m+[0m [0m[1m[0mpolicy_id[0m[0m   = (known after apply)
      [32m+[0m [0m[1m[0mtags_all[0m[0m    = (known after apply)
    }

[1m  # aws_iam_role.asg_ir_lambda_role[0m will be created[0m[0m
[0m  [32m+[0m[0m resource "aws_iam_role" "asg_ir_lambda_role" {
      [32m+[0m [0m[1m[0marn[0m[0m                   = (known after apply)
      [32m+[0m [0m[1m[0massume_role_policy[0m[0m    = jsonencode(
            {
              [32m+[0m [0mStatement = [
                  [32m+[0m [0m{
                      [32m+[0m [0mAction    = "sts:AssumeRole"
                      [32m+[0m [0mEffect    = "Allow"
                      [32m+[0m [0mPrincipal = {
                          [32m+[0m [0mService = "lambda.amazonaws.com"
                        }
                      [32m+[0m [0mSid       = ""
                    },
                ]
              [32m+[0m [0mVersion   = "2012-10-17"
            }
        )
      [32m+[0m [0m[1m[0mcreate_date[0m[0m           = (known after apply)
      [32m+[0m [0m[1m[0mforce_detach_policies[0m[0m = false
      [32m+[0m [0m[1m[0mid[0m[0m                    = (known after apply)
      [32m+[0m [0m[1m[0mmanaged_policy_arns[0m[0m   = (known after apply)
      [32m+[0m [0m[1m[0mmax_session_duration[0m[0m  = 3600
      [32m+[0m [0m[1m[0mname[0m[0m                  = "asg_instance_refresh_lambda_role"
      [32m+[0m [0m[1m[0mname_prefix[0m[0m           = (known after apply)
      [32m+[0m [0m[1m[0mpath[0m[0m                  = "/"
      [32m+[0m [0m[1m[0mtags_all[0m[0m              = (known after apply)
      [32m+[0m [0m[1m[0munique_id[0m[0m             = (known after apply)

      [32m+[0m [0minline_policy {
          [32m+[0m [0m[1m[0mname[0m[0m   = (known after apply)
          [32m+[0m [0m[1m[0mpolicy[0m[0m = (known after apply)
        }
    }

[1m  # aws_iam_role.demo-codebuild[0m will be created[0m[0m
[0m  [32m+[0m[0m resource "aws_iam_role" "demo-codebuild" {
      [32m+[0m [0m[1m[0marn[0m[0m                   = (known after apply)
      [32m+[0m [0m[1m[0massume_role_policy[0m[0m    = jsonencode(
            {
              [32m+[0m [0mStatement = [
                  [32m+[0m [0m{
                      [32m+[0m [0mAction    = "sts:AssumeRole"
                      [32m+[0m [0mEffect    = "Allow"
                      [32m+[0m [0mPrincipal = {
                          [32m+[0m [0mService = "codebuild.amazonaws.com"
                        }
                    },
                ]
              [32m+[0m [0mVersion   = "2012-10-17"
            }
        )
      [32m+[0m [0m[1m[0mcreate_date[0m[0m           = (known after apply)
      [32m+[0m [0m[1m[0mforce_detach_policies[0m[0m = false
      [32m+[0m [0m[1m[0mid[0m[0m                    = (known after apply)
      [32m+[0m [0m[1m[0mmanaged_policy_arns[0m[0m   = (known after apply)
      [32m+[0m [0m[1m[0mmax_session_duration[0m[0m  = 3600
      [32m+[0m [0m[1m[0mname[0m[0m                  = "demo-codebuild"
      [32m+[0m [0m[1m[0mname_prefix[0m[0m           = (known after apply)
      [32m+[0m [0m[1m[0mpath[0m[0m                  = "/"
      [32m+[0m [0m[1m[0mtags_all[0m[0m              = (known after apply)
      [32m+[0m [0m[1m[0munique_id[0m[0m             = (known after apply)

      [32m+[0m [0minline_policy {
          [32m+[0m [0m[1m[0mname[0m[0m   = (known after apply)
          [32m+[0m [0m[1m[0mpolicy[0m[0m = (known after apply)
        }
    }

[1m  # aws_iam_role.demo-codedeploy[0m will be created[0m[0m
[0m  [32m+[0m[0m resource "aws_iam_role" "demo-codedeploy" {
      [32m+[0m [0m[1m[0marn[0m[0m                   = (known after apply)
      [32m+[0m [0m[1m[0massume_role_policy[0m[0m    = jsonencode(
            {
              [32m+[0m [0mStatement = [
                  [32m+[0m [0m{
                      [32m+[0m [0mAction    = "sts:AssumeRole"
                      [32m+[0m [0mEffect    = "Allow"
                      [32m+[0m [0mPrincipal = {
                          [32m+[0m [0mService = "codedeploy.amazonaws.com"
                        }
                    },
                ]
              [32m+[0m [0mVersion   = "2012-10-17"
            }
        )
      [32m+[0m [0m[1m[0mcreate_date[0m[0m           = (known after apply)
      [32m+[0m [0m[1m[0mforce_detach_policies[0m[0m = false
      [32m+[0m [0m[1m[0mid[0m[0m                    = (known after apply)
      [32m+[0m [0m[1m[0mmanaged_policy_arns[0m[0m   = (known after apply)
      [32m+[0m [0m[1m[0mmax_session_duration[0m[0m  = 3600
      [32m+[0m [0m[1m[0mname[0m[0m                  = "demo-codedeploy"
      [32m+[0m [0m[1m[0mname_prefix[0m[0m           = (known after apply)
      [32m+[0m [0m[1m[0mpath[0m[0m                  = "/"
      [32m+[0m [0m[1m[0mtags_all[0m[0m              = (known after apply)
      [32m+[0m [0m[1m[0munique_id[0m[0m             = (known after apply)

      [32m+[0m [0minline_policy {
          [32m+[0m [0m[1m[0mname[0m[0m   = (known after apply)
          [32m+[0m [0m[1m[0mpolicy[0m[0m = (known after apply)
        }
    }

[1m  # aws_iam_role.demo-codepipeline[0m will be created[0m[0m
[0m  [32m+[0m[0m resource "aws_iam_role" "demo-codepipeline" {
      [32m+[0m [0m[1m[0marn[0m[0m                   = (known after apply)
      [32m+[0m [0m[1m[0massume_role_policy[0m[0m    = jsonencode(
            {
              [32m+[0m [0mStatement = [
                  [32m+[0m [0m{
                      [32m+[0m [0mAction    = "sts:AssumeRole"
                      [32m+[0m [0mEffect    = "Allow"
                      [32m+[0m [0mPrincipal = {
                          [32m+[0m [0mService = "codepipeline.amazonaws.com"
                        }
                    },
                ]
              [32m+[0m [0mVersion   = "2012-10-17"
            }
        )
      [32m+[0m [0m[1m[0mcreate_date[0m[0m           = (known after apply)
      [32m+[0m [0m[1m[0mforce_detach_policies[0m[0m = false
      [32m+[0m [0m[1m[0mid[0m[0m                    = (known after apply)
      [32m+[0m [0m[1m[0mmanaged_policy_arns[0m[0m   = (known after apply)
      [32m+[0m [0m[1m[0mmax_session_duration[0m[0m  = 3600
      [32m+[0m [0m[1m[0mname[0m[0m                  = "demo-codepipeline"
      [32m+[0m [0m[1m[0mname_prefix[0m[0m           = (known after apply)
      [32m+[0m [0m[1m[0mpath[0m[0m                  = "/"
      [32m+[0m [0m[1m[0mtags_all[0m[0m              = (known after apply)
      [32m+[0m [0m[1m[0munique_id[0m[0m             = (known after apply)

      [32m+[0m [0minline_policy {
          [32m+[0m [0m[1m[0mname[0m[0m   = (known after apply)
          [32m+[0m [0m[1m[0mpolicy[0m[0m = (known after apply)
        }
    }

[1m  # aws_iam_role.ecs-demo-task-role[0m will be created[0m[0m
[0m  [32m+[0m[0m resource "aws_iam_role" "ecs-demo-task-role" {
      [32m+[0m [0m[1m[0marn[0m[0m                   = (known after apply)
      [32m+[0m [0m[1m[0massume_role_policy[0m[0m    = jsonencode(
            {
              [32m+[0m [0mStatement = [
                  [32m+[0m [0m{
                      [32m+[0m [0mAction    = "sts:AssumeRole"
                      [32m+[0m [0mEffect    = "Allow"
                      [32m+[0m [0mPrincipal = {
                          [32m+[0m [0mService = "ecs-tasks.amazonaws.com"
                        }
                      [32m+[0m [0mSid       = ""
                    },
                ]
              [32m+[0m [0mVersion   = "2012-10-17"
            }
        )
      [32m+[0m [0m[1m[0mcreate_date[0m[0m           = (known after apply)
      [32m+[0m [0m[1m[0mforce_detach_policies[0m[0m = false
      [32m+[0m [0m[1m[0mid[0m[0m                    = (known after apply)
      [32m+[0m [0m[1m[0mmanaged_policy_arns[0m[0m   = (known after apply)
      [32m+[0m [0m[1m[0mmax_session_duration[0m[0m  = 3600
      [32m+[0m [0m[1m[0mname[0m[0m                  = "ecs-demo-task-role"
      [32m+[0m [0m[1m[0mname_prefix[0m[0m           = (known after apply)
      [32m+[0m [0m[1m[0mpath[0m[0m                  = "/"
      [32m+[0m [0m[1m[0mtags_all[0m[0m              = (known after apply)
      [32m+[0m [0m[1m[0munique_id[0m[0m             = (known after apply)

      [32m+[0m [0minline_policy {
          [32m+[0m [0m[1m[0mname[0m[0m   = (known after apply)
          [32m+[0m [0m[1m[0mpolicy[0m[0m = (known after apply)
        }
    }

[1m  # aws_iam_role.ecs-host-role[0m will be created[0m[0m
[0m  [32m+[0m[0m resource "aws_iam_role" "ecs-host-role" {
      [32m+[0m [0m[1m[0marn[0m[0m                   = (known after apply)
      [32m+[0m [0m[1m[0massume_role_policy[0m[0m    = jsonencode(
            {
              [32m+[0m [0mStatement = [
                  [32m+[0m [0m{
                      [32m+[0m [0mAction    = "sts:AssumeRole"
                      [32m+[0m [0mEffect    = "Allow"
                      [32m+[0m [0mPrincipal = {
                          [32m+[0m [0mService = [
                              [32m+[0m [0m"ecs.amazonaws.com",
                              [32m+[0m [0m"ec2.amazonaws.com",
                            ]
                        }
                    },
                ]
              [32m+[0m [0mVersion   = "2008-10-17"
            }
        )
      [32m+[0m [0m[1m[0mcreate_date[0m[0m           = (known after apply)
      [32m+[0m [0m[1m[0mforce_detach_policies[0m[0m = false
      [32m+[0m [0m[1m[0mid[0m[0m                    = (known after apply)
      [32m+[0m [0m[1m[0mmanaged_policy_arns[0m[0m   = (known after apply)
      [32m+[0m [0m[1m[0mmax_session_duration[0m[0m  = 3600
      [32m+[0m [0m[1m[0mname[0m[0m                  = "ecs_host_role_prod"
      [32m+[0m [0m[1m[0mname_prefix[0m[0m           = (known after apply)
      [32m+[0m [0m[1m[0mpath[0m[0m                  = "/"
      [32m+[0m [0m[1m[0mtags_all[0m[0m              = (known after apply)
      [32m+[0m [0m[1m[0munique_id[0m[0m             = (known after apply)

      [32m+[0m [0minline_policy {
          [32m+[0m [0m[1m[0mname[0m[0m   = (known after apply)
          [32m+[0m [0m[1m[0mpolicy[0m[0m = (known after apply)
        }
    }

[1m  # aws_iam_role.ecs-service-role[0m will be created[0m[0m
[0m  [32m+[0m[0m resource "aws_iam_role" "ecs-service-role" {
      [32m+[0m [0m[1m[0marn[0m[0m                   = (known after apply)
      [32m+[0m [0m[1m[0massume_role_policy[0m[0m    = jsonencode(
            {
              [32m+[0m [0mStatement = [
                  [32m+[0m [0m{
                      [32m+[0m [0mAction    = "sts:AssumeRole"
                      [32m+[0m [0mEffect    = "Allow"
                      [32m+[0m [0mPrincipal = {
                          [32m+[0m [0mService = [
                              [32m+[0m [0m"ecs.amazonaws.com",
                              [32m+[0m [0m"ec2.amazonaws.com",
                            ]
                        }
                    },
                ]
              [32m+[0m [0mVersion   = "2008-10-17"
            }
        )
      [32m+[0m [0m[1m[0mcreate_date[0m[0m           = (known after apply)
      [32m+[0m [0m[1m[0mforce_detach_policies[0m[0m = false
      [32m+[0m [0m[1m[0mid[0m[0m                    = (known after apply)
      [32m+[0m [0m[1m[0mmanaged_policy_arns[0m[0m   = (known after apply)
      [32m+[0m [0m[1m[0mmax_session_duration[0m[0m  = 3600
      [32m+[0m [0m[1m[0mname[0m[0m                  = "ecs_service_role_prod"
      [32m+[0m [0m[1m[0mname_prefix[0m[0m           = (known after apply)
      [32m+[0m [0m[1m[0mpath[0m[0m                  = "/"
      [32m+[0m [0m[1m[0mtags_all[0m[0m              = (known after apply)
      [32m+[0m [0m[1m[0munique_id[0m[0m             = (known after apply)

      [32m+[0m [0minline_policy {
          [32m+[0m [0m[1m[0mname[0m[0m   = (known after apply)
          [32m+[0m [0m[1m[0mpolicy[0m[0m = (known after apply)
        }
    }

[1m  # aws_iam_role.ecs-task-execution-role[0m will be created[0m[0m
[0m  [32m+[0m[0m resource "aws_iam_role" "ecs-task-execution-role" {
      [32m+[0m [0m[1m[0marn[0m[0m                   = (known after apply)
      [32m+[0m [0m[1m[0massume_role_policy[0m[0m    = jsonencode(
            {
              [32m+[0m [0mStatement = [
                  [32m+[0m [0m{
                      [32m+[0m [0mAction    = "sts:AssumeRole"
                      [32m+[0m [0mEffect    = "Allow"
                      [32m+[0m [0mPrincipal = {
                          [32m+[0m [0mService = "ecs-tasks.amazonaws.com"
                        }
                      [32m+[0m [0mSid       = ""
                    },
                ]
              [32m+[0m [0mVersion   = "2012-10-17"
            }
        )
      [32m+[0m [0m[1m[0mcreate_date[0m[0m           = (known after apply)
      [32m+[0m [0m[1m[0mforce_detach_policies[0m[0m = false
      [32m+[0m [0m[1m[0mid[0m[0m                    = (known after apply)
      [32m+[0m [0m[1m[0mmanaged_policy_arns[0m[0m   = (known after apply)
      [32m+[0m [0m[1m[0mmax_session_duration[0m[0m  = 3600
      [32m+[0m [0m[1m[0mname[0m[0m                  = "ecs-task-execution-role"
      [32m+[0m [0m[1m[0mname_prefix[0m[0m           = (known after apply)
      [32m+[0m [0m[1m[0mpath[0m[0m                  = "/"
      [32m+[0m [0m[1m[0mtags_all[0m[0m              = (known after apply)
      [32m+[0m [0m[1m[0munique_id[0m[0m             = (known after apply)

      [32m+[0m [0minline_policy {
          [32m+[0m [0m[1m[0mname[0m[0m   = (known after apply)
          [32m+[0m [0m[1m[0mpolicy[0m[0m = (known after apply)
        }
    }

[1m  # aws_iam_role.iam_for_lambda_tf[0m will be created[0m[0m
[0m  [32m+[0m[0m resource "aws_iam_role" "iam_for_lambda_tf" {
      [32m+[0m [0m[1m[0marn[0m[0m                   = (known after apply)
      [32m+[0m [0m[1m[0massume_role_policy[0m[0m    = jsonencode(
            {
              [32m+[0m [0mStatement = [
                  [32m+[0m [0m{
                      [32m+[0m [0mAction    = "sts:AssumeRole"
                      [32m+[0m [0mEffect    = "Allow"
                      [32m+[0m [0mPrincipal = {
                          [32m+[0m [0mService = "lambda.amazonaws.com"
                        }
                      [32m+[0m [0mSid       = ""
                    },
                ]
              [32m+[0m [0mVersion   = "2012-10-17"
            }
        )
      [32m+[0m [0m[1m[0mcreate_date[0m[0m           = (known after apply)
      [32m+[0m [0m[1m[0mforce_detach_policies[0m[0m = false
      [32m+[0m [0m[1m[0mid[0m[0m                    = (known after apply)
      [32m+[0m [0m[1m[0mmanaged_policy_arns[0m[0m   = (known after apply)
      [32m+[0m [0m[1m[0mmax_session_duration[0m[0m  = 3600
      [32m+[0m [0m[1m[0mname[0m[0m                  = "iam_for_lambda_tf"
      [32m+[0m [0m[1m[0mname_prefix[0m[0m           = (known after apply)
      [32m+[0m [0m[1m[0mpath[0m[0m                  = "/"
      [32m+[0m [0m[1m[0mtags_all[0m[0m              = (known after apply)
      [32m+[0m [0m[1m[0munique_id[0m[0m             = (known after apply)

      [32m+[0m [0minline_policy {
          [32m+[0m [0m[1m[0mname[0m[0m   = (known after apply)
          [32m+[0m [0m[1m[0mpolicy[0m[0m = (known after apply)
        }
    }

[1m  # aws_iam_role.rds_monitoring_iam_role[0m will be created[0m[0m
[0m  [32m+[0m[0m resource "aws_iam_role" "rds_monitoring_iam_role" {
      [32m+[0m [0m[1m[0marn[0m[0m                   = (known after apply)
      [32m+[0m [0m[1m[0massume_role_policy[0m[0m    = jsonencode(
            {
              [32m+[0m [0mStatement = [
                  [32m+[0m [0m{
                      [32m+[0m [0mAction    = "sts:AssumeRole"
                      [32m+[0m [0mEffect    = "Allow"
                      [32m+[0m [0mPrincipal = {
                          [32m+[0m [0mService = "monitoring.rds.amazonaws.com"
                        }
                      [32m+[0m [0mSid       = ""
                    },
                ]
              [32m+[0m [0mVersion   = "2012-10-17"
            }
        )
      [32m+[0m [0m[1m[0mcreate_date[0m[0m           = (known after apply)
      [32m+[0m [0m[1m[0mforce_detach_policies[0m[0m = false
      [32m+[0m [0m[1m[0mid[0m[0m                    = (known after apply)
      [32m+[0m [0m[1m[0mmanaged_policy_arns[0m[0m   = (known after apply)
      [32m+[0m [0m[1m[0mmax_session_duration[0m[0m  = 3600
      [32m+[0m [0m[1m[0mname[0m[0m                  = "RDS-monitor"
      [32m+[0m [0m[1m[0mname_prefix[0m[0m           = (known after apply)
      [32m+[0m [0m[1m[0mpath[0m[0m                  = "/"
      [32m+[0m [0m[1m[0mtags_all[0m[0m              = (known after apply)
      [32m+[0m [0m[1m[0munique_id[0m[0m             = (known after apply)

      [32m+[0m [0minline_policy {
          [32m+[0m [0m[1m[0mname[0m[0m   = (known after apply)
          [32m+[0m [0m[1m[0mpolicy[0m[0m = (known after apply)
        }
    }

[1m  # aws_iam_role_policy.demo-codebuild[0m will be created[0m[0m
[0m  [32m+[0m[0m resource "aws_iam_role_policy" "demo-codebuild" {
      [32m+[0m [0m[1m[0mid[0m[0m     = (known after apply)
      [32m+[0m [0m[1m[0mname[0m[0m   = (known after apply)
      [32m+[0m [0m[1m[0mpolicy[0m[0m = (known after apply)
      [32m+[0m [0m[1m[0mrole[0m[0m   = "demo-codebuild"
    }

[1m  # aws_iam_role_policy.demo-codedeploy[0m will be created[0m[0m
[0m  [32m+[0m[0m resource "aws_iam_role_policy" "demo-codedeploy" {
      [32m+[0m [0m[1m[0mid[0m[0m     = (known after apply)
      [32m+[0m [0m[1m[0mname[0m[0m   = "codedeploy-policy"
      [32m+[0m [0m[1m[0mpolicy[0m[0m = (known after apply)
      [32m+[0m [0m[1m[0mrole[0m[0m   = (known after apply)
    }

[1m  # aws_iam_role_policy.demo-codepipeline[0m will be created[0m[0m
[0m  [32m+[0m[0m resource "aws_iam_role_policy" "demo-codepipeline" {
      [32m+[0m [0m[1m[0mid[0m[0m     = (known after apply)
      [32m+[0m [0m[1m[0mname[0m[0m   = "codepipeline-policy"
      [32m+[0m [0m[1m[0mpolicy[0m[0m = (known after apply)
      [32m+[0m [0m[1m[0mrole[0m[0m   = (known after apply)
    }

[1m  # aws_iam_role_policy.ecs-instance-role-policy[0m will be created[0m[0m
[0m  [32m+[0m[0m resource "aws_iam_role_policy" "ecs-instance-role-policy" {
      [32m+[0m [0m[1m[0mid[0m[0m     = (known after apply)
      [32m+[0m [0m[1m[0mname[0m[0m   = "ecs_instance_role_policy"
      [32m+[0m [0m[1m[0mpolicy[0m[0m = jsonencode(
            {
              [32m+[0m [0mStatement = [
                  [32m+[0m [0m{
                      [32m+[0m [0mAction   = [
                          [32m+[0m [0m"ecs:*",
                          [32m+[0m [0m"ec2:*",
                          [32m+[0m [0m"elasticloadbalancing:*",
                          [32m+[0m [0m"ecr:*",
                          [32m+[0m [0m"cloudwatch:*",
                          [32m+[0m [0m"s3:*",
                          [32m+[0m [0m"rds:*",
                          [32m+[0m [0m"logs:*",
                          [32m+[0m [0m"ssm:*",
                          [32m+[0m [0m"secretsmanager:*",
                          [32m+[0m [0m"ssmmessages:*",
                          [32m+[0m [0m"ec2messages:*",
                        ]
                      [32m+[0m [0mEffect   = "Allow"
                      [32m+[0m [0mResource = "*"
                    },
                ]
              [32m+[0m [0mVersion   = "2012-10-17"
            }
        )
      [32m+[0m [0m[1m[0mrole[0m[0m   = (known after apply)
    }

[1m  # aws_iam_role_policy.ecs-service-role-policy[0m will be created[0m[0m
[0m  [32m+[0m[0m resource "aws_iam_role_policy" "ecs-service-role-policy" {
      [32m+[0m [0m[1m[0mid[0m[0m     = (known after apply)
      [32m+[0m [0m[1m[0mname[0m[0m   = "ecs_service_role_policy"
      [32m+[0m [0m[1m[0mpolicy[0m[0m = jsonencode(
            {
              [32m+[0m [0mStatement = [
                  [32m+[0m [0m{
                      [32m+[0m [0mAction   = [
                          [32m+[0m [0m"elasticloadbalancing:Describe*",
                          [32m+[0m [0m"elasticloadbalancing:DeregisterInstancesFromLoadBalancer",
                          [32m+[0m [0m"elasticloadbalancing:RegisterInstancesWithLoadBalancer",
                          [32m+[0m [0m"ec2:Describe*",
                          [32m+[0m [0m"ec2:AuthorizeSecurityGroupIngress",
                          [32m+[0m [0m"elasticloadbalancing:RegisterTargets",
                          [32m+[0m [0m"elasticloadbalancing:DeregisterTargets",
                          [32m+[0m [0m"logs:CreateLogGroup",
                          [32m+[0m [0m"logs:CreateLogStream",
                          [32m+[0m [0m"logs:PutLogEvents",
                        ]
                      [32m+[0m [0mEffect   = "Allow"
                      [32m+[0m [0mResource = [
                          [32m+[0m [0m"*",
                        ]
                    },
                ]
              [32m+[0m [0mVersion   = "2012-10-17"
            }
        )
      [32m+[0m [0m[1m[0mrole[0m[0m   = (known after apply)
    }

[1m  # aws_iam_role_policy.ecs-task-execution-role[0m will be created[0m[0m
[0m  [32m+[0m[0m resource "aws_iam_role_policy" "ecs-task-execution-role" {
      [32m+[0m [0m[1m[0mid[0m[0m     = (known after apply)
      [32m+[0m [0m[1m[0mname[0m[0m   = "ecs-task-execution-role"
      [32m+[0m [0m[1m[0mpolicy[0m[0m = jsonencode(
            {
              [32m+[0m [0mStatement = [
                  [32m+[0m [0m{
                      [32m+[0m [0mAction   = [
                          [32m+[0m [0m"ecr:GetAuthorizationToken",
                          [32m+[0m [0m"ecr:BatchCheckLayerAvailability",
                          [32m+[0m [0m"ecr:GetDownloadUrlForLayer",
                          [32m+[0m [0m"ecr:BatchGetImage",
                          [32m+[0m [0m"logs:CreateLogGroup",
                          [32m+[0m [0m"logs:CreateLogStream",
                          [32m+[0m [0m"logs:PutLogEvents",
                          [32m+[0m [0m"ssm:GetParameters",
                          [32m+[0m [0m"secretsmanager:GetSecretValue",
                          [32m+[0m [0m"kms:Decrypt",
                          [32m+[0m [0m"ssm:GetParameter",
                          [32m+[0m [0m"elasticfilesystem:ClientMount",
                          [32m+[0m [0m"elasticfilesystem:ClientWrite",
                        ]
                      [32m+[0m [0mEffect   = "Allow"
                      [32m+[0m [0mResource = "*"
                    },
                ]
              [32m+[0m [0mVersion   = "2012-10-17"
            }
        )
      [32m+[0m [0m[1m[0mrole[0m[0m   = (known after apply)
    }

[1m  # aws_iam_role_policy_attachment.lambda_ec2_access[0m will be created[0m[0m
[0m  [32m+[0m[0m resource "aws_iam_role_policy_attachment" "lambda_ec2_access" {
      [32m+[0m [0m[1m[0mid[0m[0m         = (known after apply)
      [32m+[0m [0m[1m[0mpolicy_arn[0m[0m = (known after apply)
      [32m+[0m [0m[1m[0mrole[0m[0m       = "asg_instance_refresh_lambda_role"
    }

[1m  # aws_iam_role_policy_attachment.lambda_logs[0m will be created[0m[0m
[0m  [32m+[0m[0m resource "aws_iam_role_policy_attachment" "lambda_logs" {
      [32m+[0m [0m[1m[0mid[0m[0m         = (known after apply)
      [32m+[0m [0m[1m[0mpolicy_arn[0m[0m = (known after apply)
      [32m+[0m [0m[1m[0mrole[0m[0m       = "asg_instance_refresh_lambda_role"
    }

[1m  # aws_iam_role_policy_attachment.lambda_ssmps_read[0m will be created[0m[0m
[0m  [32m+[0m[0m resource "aws_iam_role_policy_attachment" "lambda_ssmps_read" {
      [32m+[0m [0m[1m[0mid[0m[0m         = (known after apply)
      [32m+[0m [0m[1m[0mpolicy_arn[0m[0m = (known after apply)
      [32m+[0m [0m[1m[0mrole[0m[0m       = "asg_instance_refresh_lambda_role"
    }

[1m  # aws_iam_role_policy_attachment.rds_monitoring_all_iam_role_policies_attach[0m will be created[0m[0m
[0m  [32m+[0m[0m resource "aws_iam_role_policy_attachment" "rds_monitoring_all_iam_role_policies_attach" {
      [32m+[0m [0m[1m[0mid[0m[0m         = (known after apply)
      [32m+[0m [0m[1m[0mpolicy_arn[0m[0m = "arn:aws:iam::aws:policy/service-role/AmazonRDSEnhancedMonitoringRole"
      [32m+[0m [0m[1m[0mrole[0m[0m       = (known after apply)
    }

[1m  # aws_instance.carsales_bastion_host-1a[0m will be created[0m[0m
[0m  [32m+[0m[0m resource "aws_instance" "carsales_bastion_host-1a" {
      [32m+[0m [0m[1m[0mami[0m[0m                                  = "ami-01927dbe02991b149"
      [32m+[0m [0m[1m[0marn[0m[0m                                  = (known after apply)
      [32m+[0m [0m[1m[0massociate_public_ip_address[0m[0m          = true
      [32m+[0m [0m[1m[0mavailability_zone[0m[0m                    = (known after apply)
      [32m+[0m [0m[1m[0mcpu_core_count[0m[0m                       = (known after apply)
      [32m+[0m [0m[1m[0mcpu_threads_per_core[0m[0m                 = (known after apply)
      [32m+[0m [0m[1m[0mdisable_api_termination[0m[0m              = (known after apply)
      [32m+[0m [0m[1m[0mebs_optimized[0m[0m                        = (known after apply)
      [32m+[0m [0m[1m[0mget_password_data[0m[0m                    = false
      [32m+[0m [0m[1m[0mhost_id[0m[0m                              = (known after apply)
      [32m+[0m [0m[1m[0mid[0m[0m                                   = (known after apply)
      [32m+[0m [0m[1m[0minstance_initiated_shutdown_behavior[0m[0m = (known after apply)
      [32m+[0m [0m[1m[0minstance_state[0m[0m                       = (known after apply)
      [32m+[0m [0m[1m[0minstance_type[0m[0m                        = "t2.medium"
      [32m+[0m [0m[1m[0mipv6_address_count[0m[0m                   = (known after apply)
      [32m+[0m [0m[1m[0mipv6_addresses[0m[0m                       = (known after apply)
      [32m+[0m [0m[1m[0mkey_name[0m[0m                             = "carsales_ecs_public_key"
      [32m+[0m [0m[1m[0mmonitoring[0m[0m                           = (known after apply)
      [32m+[0m [0m[1m[0moutpost_arn[0m[0m                          = (known after apply)
      [32m+[0m [0m[1m[0mpassword_data[0m[0m                        = (known after apply)
      [32m+[0m [0m[1m[0mplacement_group[0m[0m                      = (known after apply)
      [32m+[0m [0m[1m[0mplacement_partition_number[0m[0m           = (known after apply)
      [32m+[0m [0m[1m[0mprimary_network_interface_id[0m[0m         = (known after apply)
      [32m+[0m [0m[1m[0mprivate_dns[0m[0m                          = (known after apply)
      [32m+[0m [0m[1m[0mprivate_ip[0m[0m                           = (known after apply)
      [32m+[0m [0m[1m[0mpublic_dns[0m[0m                           = (known after apply)
      [32m+[0m [0m[1m[0mpublic_ip[0m[0m                            = (known after apply)
      [32m+[0m [0m[1m[0msecondary_private_ips[0m[0m                = (known after apply)
      [32m+[0m [0m[1m[0msecurity_groups[0m[0m                      = (known after apply)
      [32m+[0m [0m[1m[0msource_dest_check[0m[0m                    = true
      [32m+[0m [0m[1m[0msubnet_id[0m[0m                            = (known after apply)
      [32m+[0m [0m[1m[0mtags[0m[0m                                 = {
          [32m+[0m [0m"Name"      = "CarSales Bastion Host - 1A"
          [32m+[0m [0m"Terraform" = "true"
        }
      [32m+[0m [0m[1m[0mtags_all[0m[0m                             = {
          [32m+[0m [0m"Name"      = "CarSales Bastion Host - 1A"
          [32m+[0m [0m"Terraform" = "true"
        }
      [32m+[0m [0m[1m[0mtenancy[0m[0m                              = (known after apply)
      [32m+[0m [0m[1m[0muser_data[0m[0m                            = (known after apply)
      [32m+[0m [0m[1m[0muser_data_base64[0m[0m                     = (known after apply)
      [32m+[0m [0m[1m[0mvpc_security_group_ids[0m[0m               = (known after apply)

      [32m+[0m [0mcapacity_reservation_specification {
          [32m+[0m [0m[1m[0mcapacity_reservation_preference[0m[0m = (known after apply)

          [32m+[0m [0mcapacity_reservation_target {
              [32m+[0m [0m[1m[0mcapacity_reservation_id[0m[0m = (known after apply)
            }
        }

      [32m+[0m [0mebs_block_device {
          [32m+[0m [0m[1m[0mdelete_on_termination[0m[0m = (known after apply)
          [32m+[0m [0m[1m[0mdevice_name[0m[0m           = (known after apply)
          [32m+[0m [0m[1m[0mencrypted[0m[0m             = (known after apply)
          [32m+[0m [0m[1m[0miops[0m[0m                  = (known after apply)
          [32m+[0m [0m[1m[0mkms_key_id[0m[0m            = (known after apply)
          [32m+[0m [0m[1m[0msnapshot_id[0m[0m           = (known after apply)
          [32m+[0m [0m[1m[0mtags[0m[0m                  = (known after apply)
          [32m+[0m [0m[1m[0mthroughput[0m[0m            = (known after apply)
          [32m+[0m [0m[1m[0mvolume_id[0m[0m             = (known after apply)
          [32m+[0m [0m[1m[0mvolume_size[0m[0m           = (known after apply)
          [32m+[0m [0m[1m[0mvolume_type[0m[0m           = (known after apply)
        }

      [32m+[0m [0menclave_options {
          [32m+[0m [0m[1m[0menabled[0m[0m = (known after apply)
        }

      [32m+[0m [0mephemeral_block_device {
          [32m+[0m [0m[1m[0mdevice_name[0m[0m  = (known after apply)
          [32m+[0m [0m[1m[0mno_device[0m[0m    = (known after apply)
          [32m+[0m [0m[1m[0mvirtual_name[0m[0m = (known after apply)
        }

      [32m+[0m [0mmetadata_options {
          [32m+[0m [0m[1m[0mhttp_endpoint[0m[0m               = (known after apply)
          [32m+[0m [0m[1m[0mhttp_put_response_hop_limit[0m[0m = (known after apply)
          [32m+[0m [0m[1m[0mhttp_tokens[0m[0m                 = (known after apply)
          [32m+[0m [0m[1m[0minstance_metadata_tags[0m[0m      = (known after apply)
        }

      [32m+[0m [0mnetwork_interface {
          [32m+[0m [0m[1m[0mdelete_on_termination[0m[0m = (known after apply)
          [32m+[0m [0m[1m[0mdevice_index[0m[0m          = (known after apply)
          [32m+[0m [0m[1m[0mnetwork_interface_id[0m[0m  = (known after apply)
        }

      [32m+[0m [0mroot_block_device {
          [32m+[0m [0m[1m[0mdelete_on_termination[0m[0m = (known after apply)
          [32m+[0m [0m[1m[0mdevice_name[0m[0m           = (known after apply)
          [32m+[0m [0m[1m[0mencrypted[0m[0m             = (known after apply)
          [32m+[0m [0m[1m[0miops[0m[0m                  = (known after apply)
          [32m+[0m [0m[1m[0mkms_key_id[0m[0m            = (known after apply)
          [32m+[0m [0m[1m[0mtags[0m[0m                  = (known after apply)
          [32m+[0m [0m[1m[0mthroughput[0m[0m            = (known after apply)
          [32m+[0m [0m[1m[0mvolume_id[0m[0m             = (known after apply)
          [32m+[0m [0m[1m[0mvolume_size[0m[0m           = (known after apply)
          [32m+[0m [0m[1m[0mvolume_type[0m[0m           = (known after apply)
        }
    }

[1m  # aws_internet_gateway.carsales-igw[0m will be created[0m[0m
[0m  [32m+[0m[0m resource "aws_internet_gateway" "carsales-igw" {
      [32m+[0m [0m[1m[0marn[0m[0m      = (known after apply)
      [32m+[0m [0m[1m[0mid[0m[0m       = (known after apply)
      [32m+[0m [0m[1m[0mowner_id[0m[0m = (known after apply)
      [32m+[0m [0m[1m[0mtags[0m[0m     = {
          [32m+[0m [0m"Name"      = "CarSales Internet Gateway"
          [32m+[0m [0m"Terraform" = "true"
        }
      [32m+[0m [0m[1m[0mtags_all[0m[0m = {
          [32m+[0m [0m"Name"      = "CarSales Internet Gateway"
          [32m+[0m [0m"Terraform" = "true"
        }
      [32m+[0m [0m[1m[0mvpc_id[0m[0m   = (known after apply)
    }

[1m  # aws_key_pair.carsales_ecs_public_key[0m will be created[0m[0m
[0m  [32m+[0m[0m resource "aws_key_pair" "carsales_ecs_public_key" {
      [32m+[0m [0m[1m[0marn[0m[0m             = (known after apply)
      [32m+[0m [0m[1m[0mfingerprint[0m[0m     = (known after apply)
      [32m+[0m [0m[1m[0mid[0m[0m              = (known after apply)
      [32m+[0m [0m[1m[0mkey_name[0m[0m        = "carsales_ecs_public_key"
      [32m+[0m [0m[1m[0mkey_name_prefix[0m[0m = (known after apply)
      [32m+[0m [0m[1m[0mkey_pair_id[0m[0m     = (known after apply)
      [32m+[0m [0m[1m[0mpublic_key[0m[0m      = (known after apply)
      [32m+[0m [0m[1m[0mtags_all[0m[0m        = (known after apply)
    }

[1m  # aws_kms_alias.demo-artifacts[0m will be created[0m[0m
[0m  [32m+[0m[0m resource "aws_kms_alias" "demo-artifacts" {
      [32m+[0m [0m[1m[0marn[0m[0m            = (known after apply)
      [32m+[0m [0m[1m[0mid[0m[0m             = (known after apply)
      [32m+[0m [0m[1m[0mname[0m[0m           = "alias/demo-artifacts"
      [32m+[0m [0m[1m[0mname_prefix[0m[0m    = (known after apply)
      [32m+[0m [0m[1m[0mtarget_key_arn[0m[0m = (known after apply)
      [32m+[0m [0m[1m[0mtarget_key_id[0m[0m  = (known after apply)
    }

[1m  # aws_kms_key.demo-artifacts[0m will be created[0m[0m
[0m  [32m+[0m[0m resource "aws_kms_key" "demo-artifacts" {
      [32m+[0m [0m[1m[0marn[0m[0m                                = (known after apply)
      [32m+[0m [0m[1m[0mbypass_policy_lockout_safety_check[0m[0m = false
      [32m+[0m [0m[1m[0mcustomer_master_key_spec[0m[0m           = "SYMMETRIC_DEFAULT"
      [32m+[0m [0m[1m[0mdescription[0m[0m                        = "kms key for demo artifacts"
      [32m+[0m [0m[1m[0menable_key_rotation[0m[0m                = false
      [32m+[0m [0m[1m[0mid[0m[0m                                 = (known after apply)
      [32m+[0m [0m[1m[0mis_enabled[0m[0m                         = true
      [32m+[0m [0m[1m[0mkey_id[0m[0m                             = (known after apply)
      [32m+[0m [0m[1m[0mkey_usage[0m[0m                          = "ENCRYPT_DECRYPT"
      [32m+[0m [0m[1m[0mmulti_region[0m[0m                       = (known after apply)
      [32m+[0m [0m[1m[0mpolicy[0m[0m                             = jsonencode(
            {
              [32m+[0m [0mId        = "key-default-1"
              [32m+[0m [0mStatement = [
                  [32m+[0m [0m{
                      [32m+[0m [0mAction    = "kms:*"
                      [32m+[0m [0mEffect    = "Allow"
                      [32m+[0m [0mPrincipal = {
                          [32m+[0m [0mAWS = "arn:aws:iam::996104769930:root"
                        }
                      [32m+[0m [0mResource  = "*"
                      [32m+[0m [0mSid       = "Enable IAM User Permissions"
                    },
                ]
              [32m+[0m [0mVersion   = "2012-10-17"
            }
        )
      [32m+[0m [0m[1m[0mtags_all[0m[0m                           = (known after apply)
    }

[1m  # aws_lambda_function.compare_and_change_ssm[0m will be created[0m[0m
[0m  [32m+[0m[0m resource "aws_lambda_function" "compare_and_change_ssm" {
      [32m+[0m [0m[1m[0marchitectures[0m[0m                  = (known after apply)
      [32m+[0m [0m[1m[0marn[0m[0m                            = (known after apply)
      [32m+[0m [0m[1m[0mfilename[0m[0m                       = "compare_and_change_ssm.zip"
      [32m+[0m [0m[1m[0mfunction_name[0m[0m                  = "compare_and_change_ssm"
      [32m+[0m [0m[1m[0mhandler[0m[0m                        = "compare_and_change_ssm.lambda_handler"
      [32m+[0m [0m[1m[0mid[0m[0m                             = (known after apply)
      [32m+[0m [0m[1m[0minvoke_arn[0m[0m                     = (known after apply)
      [32m+[0m [0m[1m[0mlast_modified[0m[0m                  = (known after apply)
      [32m+[0m [0m[1m[0mmemory_size[0m[0m                    = 256
      [32m+[0m [0m[1m[0mpackage_type[0m[0m                   = "Zip"
      [32m+[0m [0m[1m[0mpublish[0m[0m                        = false
      [32m+[0m [0m[1m[0mqualified_arn[0m[0m                  = (known after apply)
      [32m+[0m [0m[1m[0mreserved_concurrent_executions[0m[0m = -1
      [32m+[0m [0m[1m[0mrole[0m[0m                           = (known after apply)
      [32m+[0m [0m[1m[0mruntime[0m[0m                        = "python3.8"
      [32m+[0m [0m[1m[0msigning_job_arn[0m[0m                = (known after apply)
      [32m+[0m [0m[1m[0msigning_profile_version_arn[0m[0m    = (known after apply)
      [32m+[0m [0m[1m[0msource_code_hash[0m[0m               = "oZCt0AMwNm1NN1H+Y7yg0C2q8xi73SjFeGiLPb4D0Is="
      [32m+[0m [0m[1m[0msource_code_size[0m[0m               = (known after apply)
      [32m+[0m [0m[1m[0mtags_all[0m[0m                       = (known after apply)
      [32m+[0m [0m[1m[0mtimeout[0m[0m                        = 30
      [32m+[0m [0m[1m[0mversion[0m[0m                        = (known after apply)

      [32m+[0m [0mtracing_config {
          [32m+[0m [0m[1m[0mmode[0m[0m = (known after apply)
        }
    }

[1m  # aws_lambda_function.refresh_asg[0m will be created[0m[0m
[0m  [32m+[0m[0m resource "aws_lambda_function" "refresh_asg" {
      [32m+[0m [0m[1m[0marchitectures[0m[0m                  = (known after apply)
      [32m+[0m [0m[1m[0marn[0m[0m                            = (known after apply)
      [32m+[0m [0m[1m[0mfilename[0m[0m                       = "refresh_asg.zip"
      [32m+[0m [0m[1m[0mfunction_name[0m[0m                  = "refresh_asg"
      [32m+[0m [0m[1m[0mhandler[0m[0m                        = "refresh_asg.lambda_handler"
      [32m+[0m [0m[1m[0mid[0m[0m                             = (known after apply)
      [32m+[0m [0m[1m[0minvoke_arn[0m[0m                     = (known after apply)
      [32m+[0m [0m[1m[0mlast_modified[0m[0m                  = (known after apply)
      [32m+[0m [0m[1m[0mmemory_size[0m[0m                    = 256
      [32m+[0m [0m[1m[0mpackage_type[0m[0m                   = "Zip"
      [32m+[0m [0m[1m[0mpublish[0m[0m                        = false
      [32m+[0m [0m[1m[0mqualified_arn[0m[0m                  = (known after apply)
      [32m+[0m [0m[1m[0mreserved_concurrent_executions[0m[0m = -1
      [32m+[0m [0m[1m[0mrole[0m[0m                           = (known after apply)
      [32m+[0m [0m[1m[0mruntime[0m[0m                        = "python3.8"
      [32m+[0m [0m[1m[0msigning_job_arn[0m[0m                = (known after apply)
      [32m+[0m [0m[1m[0msigning_profile_version_arn[0m[0m    = (known after apply)
      [32m+[0m [0m[1m[0msource_code_hash[0m[0m               = "xIoeWktFfhIVuhpmeVACaFHdjOy4QIu4rcLRxc4BSpk="
      [32m+[0m [0m[1m[0msource_code_size[0m[0m               = (known after apply)
      [32m+[0m [0m[1m[0mtags_all[0m[0m                       = (known after apply)
      [32m+[0m [0m[1m[0mtimeout[0m[0m                        = 30
      [32m+[0m [0m[1m[0mversion[0m[0m                        = (known after apply)

      [32m+[0m [0menvironment {
          [32m+[0m [0m[1m[0mvariables[0m[0m = {
              [32m+[0m [0m"ASGName" = "carsales-ecs-asg"
            }
        }

      [32m+[0m [0mtracing_config {
          [32m+[0m [0m[1m[0mmode[0m[0m = (known after apply)
        }
    }

[1m  # aws_lambda_function.test_lambda[0m will be created[0m[0m
[0m  [32m+[0m[0m resource "aws_lambda_function" "test_lambda" {
      [32m+[0m [0m[1m[0marchitectures[0m[0m                  = (known after apply)
      [32m+[0m [0m[1m[0marn[0m[0m                            = (known after apply)
      [32m+[0m [0m[1m[0mfilename[0m[0m                       = "lambda_function.zip"
      [32m+[0m [0m[1m[0mfunction_name[0m[0m                  = "test_lambda"
      [32m+[0m [0m[1m[0mhandler[0m[0m                        = "index.handler"
      [32m+[0m [0m[1m[0mid[0m[0m                             = (known after apply)
      [32m+[0m [0m[1m[0minvoke_arn[0m[0m                     = (known after apply)
      [32m+[0m [0m[1m[0mlast_modified[0m[0m                  = (known after apply)
      [32m+[0m [0m[1m[0mmemory_size[0m[0m                    = 128
      [32m+[0m [0m[1m[0mpackage_type[0m[0m                   = "Zip"
      [32m+[0m [0m[1m[0mpublish[0m[0m                        = false
      [32m+[0m [0m[1m[0mqualified_arn[0m[0m                  = (known after apply)
      [32m+[0m [0m[1m[0mreserved_concurrent_executions[0m[0m = -1
      [32m+[0m [0m[1m[0mrole[0m[0m                           = (known after apply)
      [32m+[0m [0m[1m[0mruntime[0m[0m                        = "nodejs14.x"
      [32m+[0m [0m[1m[0msigning_job_arn[0m[0m                = (known after apply)
      [32m+[0m [0m[1m[0msigning_profile_version_arn[0m[0m    = (known after apply)
      [32m+[0m [0m[1m[0msource_code_hash[0m[0m               = "tYHH8xFElL/cyozFz5Kyqr4Xi5ogy0e6Cb04Z3hMrTw="
      [32m+[0m [0m[1m[0msource_code_size[0m[0m               = (known after apply)
      [32m+[0m [0m[1m[0mtags_all[0m[0m                       = (known after apply)
      [32m+[0m [0m[1m[0mtimeout[0m[0m                        = 3
      [32m+[0m [0m[1m[0mversion[0m[0m                        = (known after apply)

      [32m+[0m [0mtracing_config {
          [32m+[0m [0m[1m[0mmode[0m[0m = (known after apply)
        }
    }

[1m  # aws_lambda_permission.allow_cloudwatch_to_call_lambda_check_ssm[0m will be created[0m[0m
[0m  [32m+[0m[0m resource "aws_lambda_permission" "allow_cloudwatch_to_call_lambda_check_ssm" {
      [32m+[0m [0m[1m[0maction[0m[0m        = "lambda:InvokeFunction"
      [32m+[0m [0m[1m[0mfunction_name[0m[0m = "compare_and_change_ssm"
      [32m+[0m [0m[1m[0mid[0m[0m            = (known after apply)
      [32m+[0m [0m[1m[0mprincipal[0m[0m     = "events.amazonaws.com"
      [32m+[0m [0m[1m[0msource_arn[0m[0m    = (known after apply)
      [32m+[0m [0m[1m[0mstatement_id[0m[0m  = "AllowExecutionFromCloudWatch"
    }

[1m  # aws_lambda_permission.allow_cloudwatch_to_call_lambda_refresh_asg[0m will be created[0m[0m
[0m  [32m+[0m[0m resource "aws_lambda_permission" "allow_cloudwatch_to_call_lambda_refresh_asg" {
      [32m+[0m [0m[1m[0maction[0m[0m        = "lambda:InvokeFunction"
      [32m+[0m [0m[1m[0mfunction_name[0m[0m = "refresh_asg"
      [32m+[0m [0m[1m[0mid[0m[0m            = (known after apply)
      [32m+[0m [0m[1m[0mprincipal[0m[0m     = "events.amazonaws.com"
      [32m+[0m [0m[1m[0msource_arn[0m[0m    = (known after apply)
      [32m+[0m [0m[1m[0mstatement_id[0m[0m  = "AllowExecutionFromCloudWatch"
    }

[1m  # aws_lambda_permission.with_lb[0m will be created[0m[0m
[0m  [32m+[0m[0m resource "aws_lambda_permission" "with_lb" {
      [32m+[0m [0m[1m[0maction[0m[0m        = "lambda:InvokeFunction"
      [32m+[0m [0m[1m[0mfunction_name[0m[0m = (known after apply)
      [32m+[0m [0m[1m[0mid[0m[0m            = (known after apply)
      [32m+[0m [0m[1m[0mprincipal[0m[0m     = "elasticloadbalancing.amazonaws.com"
      [32m+[0m [0m[1m[0msource_arn[0m[0m    = (known after apply)
      [32m+[0m [0m[1m[0mstatement_id[0m[0m  = "AllowExecutionFromlb"
    }

[1m  # aws_launch_template.ecs[0m will be created[0m[0m
[0m  [32m+[0m[0m resource "aws_launch_template" "ecs" {
      [32m+[0m [0m[1m[0marn[0m[0m             = (known after apply)
      [32m+[0m [0m[1m[0mdefault_version[0m[0m = (known after apply)
      [32m+[0m [0m[1m[0mid[0m[0m              = (known after apply)
      [32m+[0m [0m[1m[0mimage_id[0m[0m        = "ami-0408190b11a73de67"
      [32m+[0m [0m[1m[0minstance_type[0m[0m   = "t2.small"
      [32m+[0m [0m[1m[0mkey_name[0m[0m        = "carsales_ecs_public_key"
      [32m+[0m [0m[1m[0mlatest_version[0m[0m  = (known after apply)
      [32m+[0m [0m[1m[0mname[0m[0m            = "carsales-lt"
      [32m+[0m [0m[1m[0mname_prefix[0m[0m     = (known after apply)
      [32m+[0m [0m[1m[0mtags_all[0m[0m        = (known after apply)
      [32m+[0m [0m[1m[0muser_data[0m[0m       = "ICAgIyEvYmluL2Jhc2gKICAgZWNobyBFQ1NfQ0xVU1RFUj0nY2Fyc2FsZXMtY2x1c3RlcicgPiAvZXRjL2Vjcy9lY3MuY29uZmlnCiAgIHN1ZG8geXVtIGluc3RhbGwgYW1hem9uLWNsb3Vkd2F0Y2gtYWdlbnQgLXkKICAgc3VkbyAvb3B0L2F3cy9hbWF6b24tY2xvdWR3YXRjaC1hZ2VudC9iaW4vYW1hem9uLWNsb3Vkd2F0Y2gtYWdlbnQtY3RsIC1hIGZldGNoLWNvbmZpZyAtbSBlYzIgLXMgLWMgc3NtOmNsb3Vkd2F0Y2gtbGludXgtbWVtCg=="

      [32m+[0m [0miam_instance_profile {
          [32m+[0m [0m[1m[0mname[0m[0m = "ecs_instance_profile_prod"
        }

      [32m+[0m [0mmetadata_options {
          [32m+[0m [0m[1m[0mhttp_endpoint[0m[0m               = (known after apply)
          [32m+[0m [0m[1m[0mhttp_protocol_ipv6[0m[0m          = (known after apply)
          [32m+[0m [0m[1m[0mhttp_put_response_hop_limit[0m[0m = (known after apply)
          [32m+[0m [0m[1m[0mhttp_tokens[0m[0m                 = (known after apply)
          [32m+[0m [0m[1m[0minstance_metadata_tags[0m[0m      = (known after apply)
        }

      [32m+[0m [0mnetwork_interfaces {
          [32m+[0m [0m[1m[0msecurity_groups[0m[0m = (known after apply)
        }
    }

[1m  # aws_lb.carsales_alb[0m will be created[0m[0m
[0m  [32m+[0m[0m resource "aws_lb" "carsales_alb" {
      [32m+[0m [0m[1m[0marn[0m[0m                        = (known after apply)
      [32m+[0m [0m[1m[0marn_suffix[0m[0m                 = (known after apply)
      [32m+[0m [0m[1m[0mdesync_mitigation_mode[0m[0m     = "defensive"
      [32m+[0m [0m[1m[0mdns_name[0m[0m                   = (known after apply)
      [32m+[0m [0m[1m[0mdrop_invalid_header_fields[0m[0m = false
      [32m+[0m [0m[1m[0menable_deletion_protection[0m[0m = false
      [32m+[0m [0m[1m[0menable_http2[0m[0m               = true
      [32m+[0m [0m[1m[0menable_waf_fail_open[0m[0m       = false
      [32m+[0m [0m[1m[0mid[0m[0m                         = (known after apply)
      [32m+[0m [0m[1m[0midle_timeout[0m[0m               = 60
      [32m+[0m [0m[1m[0minternal[0m[0m                   = false
      [32m+[0m [0m[1m[0mip_address_type[0m[0m            = (known after apply)
      [32m+[0m [0m[1m[0mload_balancer_type[0m[0m         = "application"
      [32m+[0m [0m[1m[0mname[0m[0m                       = "carsales-app-load-balancer"
      [32m+[0m [0m[1m[0msecurity_groups[0m[0m            = (known after apply)
      [32m+[0m [0m[1m[0msubnets[0m[0m                    = (known after apply)
      [32m+[0m [0m[1m[0mtags[0m[0m                       = {
          [32m+[0m [0m"Name"      = "CarSales Application Load Balancer"
          [32m+[0m [0m"Terraform" = "True"
        }
      [32m+[0m [0m[1m[0mtags_all[0m[0m                   = {
          [32m+[0m [0m"Name"      = "CarSales Application Load Balancer"
          [32m+[0m [0m"Terraform" = "True"
        }
      [32m+[0m [0m[1m[0mvpc_id[0m[0m                     = (known after apply)
      [32m+[0m [0m[1m[0mzone_id[0m[0m                    = (known after apply)

      [32m+[0m [0msubnet_mapping {
          [32m+[0m [0m[1m[0mallocation_id[0m[0m        = (known after apply)
          [32m+[0m [0m[1m[0mipv6_address[0m[0m         = (known after apply)
          [32m+[0m [0m[1m[0moutpost_id[0m[0m           = (known after apply)
          [32m+[0m [0m[1m[0mprivate_ipv4_address[0m[0m = (known after apply)
          [32m+[0m [0m[1m[0msubnet_id[0m[0m            = (known after apply)
        }
    }

[1m  # aws_lb_listener.carsales_http[0m will be created[0m[0m
[0m  [32m+[0m[0m resource "aws_lb_listener" "carsales_http" {
      [32m+[0m [0m[1m[0marn[0m[0m               = (known after apply)
      [32m+[0m [0m[1m[0mcertificate_arn[0m[0m   = (known after apply)
      [32m+[0m [0m[1m[0mid[0m[0m                = (known after apply)
      [32m+[0m [0m[1m[0mload_balancer_arn[0m[0m = (known after apply)
      [32m+[0m [0m[1m[0mport[0m[0m              = 443
      [32m+[0m [0m[1m[0mprotocol[0m[0m          = "HTTPS"
      [32m+[0m [0m[1m[0mssl_policy[0m[0m        = "ELBSecurityPolicy-2016-08"
      [32m+[0m [0m[1m[0mtags_all[0m[0m          = (known after apply)

      [32m+[0m [0mdefault_action {
          [32m+[0m [0m[1m[0morder[0m[0m = (known after apply)
          [32m+[0m [0m[1m[0mtype[0m[0m  = "fixed-response"

          [32m+[0m [0mfixed_response {
              [32m+[0m [0m[1m[0mcontent_type[0m[0m = "text/plain"
              [32m+[0m [0m[1m[0mmessage_body[0m[0m = "No http header matched  No Access"
              [32m+[0m [0m[1m[0mstatus_code[0m[0m  = "403"
            }
        }
    }

[1m  # aws_lb_listener_rule.carsales_test1_http[0m will be created[0m[0m
[0m  [32m+[0m[0m resource "aws_lb_listener_rule" "carsales_test1_http" {
      [32m+[0m [0m[1m[0marn[0m[0m          = (known after apply)
      [32m+[0m [0m[1m[0mid[0m[0m           = (known after apply)
      [32m+[0m [0m[1m[0mlistener_arn[0m[0m = (known after apply)
      [32m+[0m [0m[1m[0mpriority[0m[0m     = 100
      [32m+[0m [0m[1m[0mtags_all[0m[0m     = (known after apply)

      [32m+[0m [0maction {
          [32m+[0m [0m[1m[0morder[0m[0m            = (known after apply)
          [32m+[0m [0m[1m[0mtarget_group_arn[0m[0m = (known after apply)
          [32m+[0m [0m[1m[0mtype[0m[0m             = "forward"
        }

      [32m+[0m [0mcondition {
          # At least one attribute in this block is (or was) sensitive,
          # so its contents will not be displayed.
        }
    }

[1m  # aws_lb_listener_rule.carsales_test2_http[0m will be created[0m[0m
[0m  [32m+[0m[0m resource "aws_lb_listener_rule" "carsales_test2_http" {
      [32m+[0m [0m[1m[0marn[0m[0m          = (known after apply)
      [32m+[0m [0m[1m[0mid[0m[0m           = (known after apply)
      [32m+[0m [0m[1m[0mlistener_arn[0m[0m = (known after apply)
      [32m+[0m [0m[1m[0mpriority[0m[0m     = 200
      [32m+[0m [0m[1m[0mtags_all[0m[0m     = (known after apply)

      [32m+[0m [0maction {
          [32m+[0m [0m[1m[0morder[0m[0m            = (known after apply)
          [32m+[0m [0m[1m[0mtarget_group_arn[0m[0m = (known after apply)
          [32m+[0m [0m[1m[0mtype[0m[0m             = "forward"
        }

      [32m+[0m [0mcondition {
          # At least one attribute in this block is (or was) sensitive,
          # so its contents will not be displayed.
        }
    }

[1m  # aws_lb_listener_rule.carsales_test3_http[0m will be created[0m[0m
[0m  [32m+[0m[0m resource "aws_lb_listener_rule" "carsales_test3_http" {
      [32m+[0m [0m[1m[0marn[0m[0m          = (known after apply)
      [32m+[0m [0m[1m[0mid[0m[0m           = (known after apply)
      [32m+[0m [0m[1m[0mlistener_arn[0m[0m = (known after apply)
      [32m+[0m [0m[1m[0mpriority[0m[0m     = 300
      [32m+[0m [0m[1m[0mtags_all[0m[0m     = (known after apply)

      [32m+[0m [0maction {
          [32m+[0m [0m[1m[0morder[0m[0m            = (known after apply)
          [32m+[0m [0m[1m[0mtarget_group_arn[0m[0m = (known after apply)
          [32m+[0m [0m[1m[0mtype[0m[0m             = "forward"
        }

      [32m+[0m [0mcondition {
          # At least one attribute in this block is (or was) sensitive,
          # so its contents will not be displayed.
        }
    }

[1m  # aws_lb_target_group.carsales-back-end-tg-1[0m will be created[0m[0m
[0m  [32m+[0m[0m resource "aws_lb_target_group" "carsales-back-end-tg-1" {
      [32m+[0m [0m[1m[0marn[0m[0m                                = (known after apply)
      [32m+[0m [0m[1m[0marn_suffix[0m[0m                         = (known after apply)
      [32m+[0m [0m[1m[0mconnection_termination[0m[0m             = false
      [32m+[0m [0m[1m[0mderegistration_delay[0m[0m               = "300"
      [32m+[0m [0m[1m[0mid[0m[0m                                 = (known after apply)
      [32m+[0m [0m[1m[0mlambda_multi_value_headers_enabled[0m[0m = false
      [32m+[0m [0m[1m[0mload_balancing_algorithm_type[0m[0m      = (known after apply)
      [32m+[0m [0m[1m[0mname[0m[0m                               = "carsales-back-end-tg-1"
      [32m+[0m [0m[1m[0mport[0m[0m                               = 80
      [32m+[0m [0m[1m[0mpreserve_client_ip[0m[0m                 = (known after apply)
      [32m+[0m [0m[1m[0mprotocol[0m[0m                           = "HTTP"
      [32m+[0m [0m[1m[0mprotocol_version[0m[0m                   = (known after apply)
      [32m+[0m [0m[1m[0mproxy_protocol_v2[0m[0m                  = false
      [32m+[0m [0m[1m[0mslow_start[0m[0m                         = 0
      [32m+[0m [0m[1m[0mtags[0m[0m                               = {
          [32m+[0m [0m"Name"      = "CarSales Back End Target Group 1"
          [32m+[0m [0m"Terraform" = "True"
        }
      [32m+[0m [0m[1m[0mtags_all[0m[0m                           = {
          [32m+[0m [0m"Name"      = "CarSales Back End Target Group 1"
          [32m+[0m [0m"Terraform" = "True"
        }
      [32m+[0m [0m[1m[0mtarget_type[0m[0m                        = "instance"
      [32m+[0m [0m[1m[0mvpc_id[0m[0m                             = (known after apply)

      [32m+[0m [0mhealth_check {
          [32m+[0m [0m[1m[0menabled[0m[0m             = true
          [32m+[0m [0m[1m[0mhealthy_threshold[0m[0m   = 2
          [32m+[0m [0m[1m[0minterval[0m[0m            = 10
          [32m+[0m [0m[1m[0mmatcher[0m[0m             = (known after apply)
          [32m+[0m [0m[1m[0mpath[0m[0m                = "/health"
          [32m+[0m [0m[1m[0mport[0m[0m                = "traffic-port"
          [32m+[0m [0m[1m[0mprotocol[0m[0m            = "HTTP"
          [32m+[0m [0m[1m[0mtimeout[0m[0m             = (known after apply)
          [32m+[0m [0m[1m[0munhealthy_threshold[0m[0m = 2
        }

      [32m+[0m [0mstickiness {
          [32m+[0m [0m[1m[0mcookie_duration[0m[0m = 86400
          [32m+[0m [0m[1m[0menabled[0m[0m         = true
          [32m+[0m [0m[1m[0mtype[0m[0m            = "lb_cookie"
        }
    }

[1m  # aws_lb_target_group.carsales-back-end-tg-1-blue[0m will be created[0m[0m
[0m  [32m+[0m[0m resource "aws_lb_target_group" "carsales-back-end-tg-1-blue" {
      [32m+[0m [0m[1m[0marn[0m[0m                                = (known after apply)
      [32m+[0m [0m[1m[0marn_suffix[0m[0m                         = (known after apply)
      [32m+[0m [0m[1m[0mconnection_termination[0m[0m             = false
      [32m+[0m [0m[1m[0mderegistration_delay[0m[0m               = "300"
      [32m+[0m [0m[1m[0mid[0m[0m                                 = (known after apply)
      [32m+[0m [0m[1m[0mlambda_multi_value_headers_enabled[0m[0m = false
      [32m+[0m [0m[1m[0mload_balancing_algorithm_type[0m[0m      = (known after apply)
      [32m+[0m [0m[1m[0mname[0m[0m                               = "carsales-back-end-tg-1-blue"
      [32m+[0m [0m[1m[0mport[0m[0m                               = 80
      [32m+[0m [0m[1m[0mpreserve_client_ip[0m[0m                 = (known after apply)
      [32m+[0m [0m[1m[0mprotocol[0m[0m                           = "HTTP"
      [32m+[0m [0m[1m[0mprotocol_version[0m[0m                   = (known after apply)
      [32m+[0m [0m[1m[0mproxy_protocol_v2[0m[0m                  = false
      [32m+[0m [0m[1m[0mslow_start[0m[0m                         = 0
      [32m+[0m [0m[1m[0mtags[0m[0m                               = {
          [32m+[0m [0m"Name"      = "CarSales Back End Target Group 1 Blue"
          [32m+[0m [0m"Terraform" = "True"
        }
      [32m+[0m [0m[1m[0mtags_all[0m[0m                           = {
          [32m+[0m [0m"Name"      = "CarSales Back End Target Group 1 Blue"
          [32m+[0m [0m"Terraform" = "True"
        }
      [32m+[0m [0m[1m[0mtarget_type[0m[0m                        = "instance"
      [32m+[0m [0m[1m[0mvpc_id[0m[0m                             = (known after apply)

      [32m+[0m [0mhealth_check {
          [32m+[0m [0m[1m[0menabled[0m[0m             = true
          [32m+[0m [0m[1m[0mhealthy_threshold[0m[0m   = 2
          [32m+[0m [0m[1m[0minterval[0m[0m            = 10
          [32m+[0m [0m[1m[0mmatcher[0m[0m             = (known after apply)
          [32m+[0m [0m[1m[0mpath[0m[0m                = "/health"
          [32m+[0m [0m[1m[0mport[0m[0m                = "traffic-port"
          [32m+[0m [0m[1m[0mprotocol[0m[0m            = "HTTP"
          [32m+[0m [0m[1m[0mtimeout[0m[0m             = (known after apply)
          [32m+[0m [0m[1m[0munhealthy_threshold[0m[0m = 2
        }

      [32m+[0m [0mstickiness {
          [32m+[0m [0m[1m[0mcookie_duration[0m[0m = 86400
          [32m+[0m [0m[1m[0menabled[0m[0m         = true
          [32m+[0m [0m[1m[0mtype[0m[0m            = "lb_cookie"
        }
    }

[1m  # aws_lb_target_group.carsales-back-end-tg-2[0m will be created[0m[0m
[0m  [32m+[0m[0m resource "aws_lb_target_group" "carsales-back-end-tg-2" {
      [32m+[0m [0m[1m[0marn[0m[0m                                = (known after apply)
      [32m+[0m [0m[1m[0marn_suffix[0m[0m                         = (known after apply)
      [32m+[0m [0m[1m[0mconnection_termination[0m[0m             = false
      [32m+[0m [0m[1m[0mderegistration_delay[0m[0m               = "30"
      [32m+[0m [0m[1m[0mid[0m[0m                                 = (known after apply)
      [32m+[0m [0m[1m[0mlambda_multi_value_headers_enabled[0m[0m = false
      [32m+[0m [0m[1m[0mload_balancing_algorithm_type[0m[0m      = (known after apply)
      [32m+[0m [0m[1m[0mname[0m[0m                               = "carsales-back-end-tg-2"
      [32m+[0m [0m[1m[0mport[0m[0m                               = 80
      [32m+[0m [0m[1m[0mpreserve_client_ip[0m[0m                 = (known after apply)
      [32m+[0m [0m[1m[0mprotocol[0m[0m                           = "HTTP"
      [32m+[0m [0m[1m[0mprotocol_version[0m[0m                   = (known after apply)
      [32m+[0m [0m[1m[0mproxy_protocol_v2[0m[0m                  = false
      [32m+[0m [0m[1m[0mslow_start[0m[0m                         = 0
      [32m+[0m [0m[1m[0mtags[0m[0m                               = {
          [32m+[0m [0m"Name"      = "CarSales Back End Target Group 2"
          [32m+[0m [0m"Terraform" = "True"
        }
      [32m+[0m [0m[1m[0mtags_all[0m[0m                           = {
          [32m+[0m [0m"Name"      = "CarSales Back End Target Group 2"
          [32m+[0m [0m"Terraform" = "True"
        }
      [32m+[0m [0m[1m[0mtarget_type[0m[0m                        = "ip"
      [32m+[0m [0m[1m[0mvpc_id[0m[0m                             = (known after apply)

      [32m+[0m [0mhealth_check {
          [32m+[0m [0m[1m[0menabled[0m[0m             = true
          [32m+[0m [0m[1m[0mhealthy_threshold[0m[0m   = 2
          [32m+[0m [0m[1m[0minterval[0m[0m            = 10
          [32m+[0m [0m[1m[0mmatcher[0m[0m             = (known after apply)
          [32m+[0m [0m[1m[0mpath[0m[0m                = (known after apply)
          [32m+[0m [0m[1m[0mport[0m[0m                = "traffic-port"
          [32m+[0m [0m[1m[0mprotocol[0m[0m            = "HTTP"
          [32m+[0m [0m[1m[0mtimeout[0m[0m             = (known after apply)
          [32m+[0m [0m[1m[0munhealthy_threshold[0m[0m = 2
        }

      [32m+[0m [0mstickiness {
          [32m+[0m [0m[1m[0mcookie_duration[0m[0m = (known after apply)
          [32m+[0m [0m[1m[0mcookie_name[0m[0m     = (known after apply)
          [32m+[0m [0m[1m[0menabled[0m[0m         = (known after apply)
          [32m+[0m [0m[1m[0mtype[0m[0m            = (known after apply)
        }
    }

[1m  # aws_lb_target_group.carsales-back-end-tg-3[0m will be created[0m[0m
[0m  [32m+[0m[0m resource "aws_lb_target_group" "carsales-back-end-tg-3" {
      [32m+[0m [0m[1m[0marn[0m[0m                                = (known after apply)
      [32m+[0m [0m[1m[0marn_suffix[0m[0m                         = (known after apply)
      [32m+[0m [0m[1m[0mconnection_termination[0m[0m             = false
      [32m+[0m [0m[1m[0mderegistration_delay[0m[0m               = "300"
      [32m+[0m [0m[1m[0mid[0m[0m                                 = (known after apply)
      [32m+[0m [0m[1m[0mlambda_multi_value_headers_enabled[0m[0m = false
      [32m+[0m [0m[1m[0mload_balancing_algorithm_type[0m[0m      = (known after apply)
      [32m+[0m [0m[1m[0mname[0m[0m                               = "carsales-back-end-tg-3"
      [32m+[0m [0m[1m[0mpreserve_client_ip[0m[0m                 = (known after apply)
      [32m+[0m [0m[1m[0mprotocol_version[0m[0m                   = (known after apply)
      [32m+[0m [0m[1m[0mproxy_protocol_v2[0m[0m                  = false
      [32m+[0m [0m[1m[0mslow_start[0m[0m                         = 0
      [32m+[0m [0m[1m[0mtags[0m[0m                               = {
          [32m+[0m [0m"Name"      = "CarSales Back End Target Group 3"
          [32m+[0m [0m"Terraform" = "True"
        }
      [32m+[0m [0m[1m[0mtags_all[0m[0m                           = {
          [32m+[0m [0m"Name"      = "CarSales Back End Target Group 3"
          [32m+[0m [0m"Terraform" = "True"
        }
      [32m+[0m [0m[1m[0mtarget_type[0m[0m                        = "lambda"

      [32m+[0m [0mhealth_check {
          [32m+[0m [0m[1m[0menabled[0m[0m             = (known after apply)
          [32m+[0m [0m[1m[0mhealthy_threshold[0m[0m   = (known after apply)
          [32m+[0m [0m[1m[0minterval[0m[0m            = (known after apply)
          [32m+[0m [0m[1m[0mmatcher[0m[0m             = (known after apply)
          [32m+[0m [0m[1m[0mpath[0m[0m                = (known after apply)
          [32m+[0m [0m[1m[0mport[0m[0m                = (known after apply)
          [32m+[0m [0m[1m[0mprotocol[0m[0m            = (known after apply)
          [32m+[0m [0m[1m[0mtimeout[0m[0m             = (known after apply)
          [32m+[0m [0m[1m[0munhealthy_threshold[0m[0m = (known after apply)
        }

      [32m+[0m [0mstickiness {
          [32m+[0m [0m[1m[0mcookie_duration[0m[0m = (known after apply)
          [32m+[0m [0m[1m[0mcookie_name[0m[0m     = (known after apply)
          [32m+[0m [0m[1m[0menabled[0m[0m         = (known after apply)
          [32m+[0m [0m[1m[0mtype[0m[0m            = (known after apply)
        }
    }

[1m  # aws_lb_target_group_attachment.lambda_attachment[0m will be created[0m[0m
[0m  [32m+[0m[0m resource "aws_lb_target_group_attachment" "lambda_attachment" {
      [32m+[0m [0m[1m[0mid[0m[0m               = (known after apply)
      [32m+[0m [0m[1m[0mtarget_group_arn[0m[0m = (known after apply)
      [32m+[0m [0m[1m[0mtarget_id[0m[0m        = (known after apply)
    }

[1m  # aws_nat_gateway.carsales-nat-gateway-1a[0m will be created[0m[0m
[0m  [32m+[0m[0m resource "aws_nat_gateway" "carsales-nat-gateway-1a" {
      [32m+[0m [0m[1m[0mallocation_id[0m[0m        = (known after apply)
      [32m+[0m [0m[1m[0mconnectivity_type[0m[0m    = "public"
      [32m+[0m [0m[1m[0mid[0m[0m                   = (known after apply)
      [32m+[0m [0m[1m[0mnetwork_interface_id[0m[0m = (known after apply)
      [32m+[0m [0m[1m[0mprivate_ip[0m[0m           = (known after apply)
      [32m+[0m [0m[1m[0mpublic_ip[0m[0m            = (known after apply)
      [32m+[0m [0m[1m[0msubnet_id[0m[0m            = (known after apply)
      [32m+[0m [0m[1m[0mtags[0m[0m                 = {
          [32m+[0m [0m"Name"      = "Nat Gateway-1a"
          [32m+[0m [0m"Terraform" = "True"
        }
      [32m+[0m [0m[1m[0mtags_all[0m[0m             = {
          [32m+[0m [0m"Name"      = "Nat Gateway-1a"
          [32m+[0m [0m"Terraform" = "True"
        }
    }

[1m  # aws_nat_gateway.carsales-nat-gateway-1b[0m will be created[0m[0m
[0m  [32m+[0m[0m resource "aws_nat_gateway" "carsales-nat-gateway-1b" {
      [32m+[0m [0m[1m[0mallocation_id[0m[0m        = (known after apply)
      [32m+[0m [0m[1m[0mconnectivity_type[0m[0m    = "public"
      [32m+[0m [0m[1m[0mid[0m[0m                   = (known after apply)
      [32m+[0m [0m[1m[0mnetwork_interface_id[0m[0m = (known after apply)
      [32m+[0m [0m[1m[0mprivate_ip[0m[0m           = (known after apply)
      [32m+[0m [0m[1m[0mpublic_ip[0m[0m            = (known after apply)
      [32m+[0m [0m[1m[0msubnet_id[0m[0m            = (known after apply)
      [32m+[0m [0m[1m[0mtags[0m[0m                 = {
          [32m+[0m [0m"Name"      = "Nat Gateway-1b"
          [32m+[0m [0m"Terraform" = "True"
        }
      [32m+[0m [0m[1m[0mtags_all[0m[0m             = {
          [32m+[0m [0m"Name"      = "Nat Gateway-1b"
          [32m+[0m [0m"Terraform" = "True"
        }
    }

[1m  # aws_route53_record.cert_validation[0m will be created[0m[0m
[0m  [32m+[0m[0m resource "aws_route53_record" "cert_validation" {
      [32m+[0m [0m[1m[0mallow_overwrite[0m[0m = true
      [32m+[0m [0m[1m[0mfqdn[0m[0m            = (known after apply)
      [32m+[0m [0m[1m[0mid[0m[0m              = (known after apply)
      [32m+[0m [0m[1m[0mname[0m[0m            = (known after apply)
      [32m+[0m [0m[1m[0mrecords[0m[0m         = (known after apply)
      [32m+[0m [0m[1m[0mttl[0m[0m             = 60
      [32m+[0m [0m[1m[0mtype[0m[0m            = (known after apply)
      [32m+[0m [0m[1m[0mzone_id[0m[0m         = "Z01584572MIJQ3CR4KP1B"
    }

[1m  # aws_route53_record.cert_validation_alb[0m will be created[0m[0m
[0m  [32m+[0m[0m resource "aws_route53_record" "cert_validation_alb" {
      [32m+[0m [0m[1m[0mallow_overwrite[0m[0m = true
      [32m+[0m [0m[1m[0mfqdn[0m[0m            = (known after apply)
      [32m+[0m [0m[1m[0mid[0m[0m              = (known after apply)
      [32m+[0m [0m[1m[0mname[0m[0m            = (known after apply)
      [32m+[0m [0m[1m[0mrecords[0m[0m         = (known after apply)
      [32m+[0m [0m[1m[0mttl[0m[0m             = 60
      [32m+[0m [0m[1m[0mtype[0m[0m            = (known after apply)
      [32m+[0m [0m[1m[0mzone_id[0m[0m         = "Z01584572MIJQ3CR4KP1B"
    }

[1m  # aws_route53_record.myapp[0m will be created[0m[0m
[0m  [32m+[0m[0m resource "aws_route53_record" "myapp" {
      [32m+[0m [0m[1m[0mallow_overwrite[0m[0m = (known after apply)
      [32m+[0m [0m[1m[0mfqdn[0m[0m            = (known after apply)
      [32m+[0m [0m[1m[0mid[0m[0m              = (known after apply)
      [32m+[0m [0m[1m[0mname[0m[0m            = "ssldemo.poc.csnglobal.net"
      [32m+[0m [0m[1m[0mtype[0m[0m            = "A"
      [32m+[0m [0m[1m[0mzone_id[0m[0m         = "Z01584572MIJQ3CR4KP1B"

      [32m+[0m [0malias {
          [32m+[0m [0m[1m[0mevaluate_target_health[0m[0m = false
          [32m+[0m [0m[1m[0mname[0m[0m                   = (known after apply)
          [32m+[0m [0m[1m[0mzone_id[0m[0m                = "Z2FDTNDATAQYW2"
        }
    }

[1m  # aws_route_table.carsales-public[0m will be created[0m[0m
[0m  [32m+[0m[0m resource "aws_route_table" "carsales-public" {
      [32m+[0m [0m[1m[0marn[0m[0m              = (known after apply)
      [32m+[0m [0m[1m[0mid[0m[0m               = (known after apply)
      [32m+[0m [0m[1m[0mowner_id[0m[0m         = (known after apply)
      [32m+[0m [0m[1m[0mpropagating_vgws[0m[0m = (known after apply)
      [32m+[0m [0m[1m[0mroute[0m[0m            = [
          [32m+[0m [0m{
              [32m+[0m [0mcarrier_gateway_id         = ""
              [32m+[0m [0mcidr_block                 = "0.0.0.0/0"
              [32m+[0m [0mdestination_prefix_list_id = ""
              [32m+[0m [0megress_only_gateway_id     = ""
              [32m+[0m [0mgateway_id                 = (known after apply)
              [32m+[0m [0minstance_id                = ""
              [32m+[0m [0mipv6_cidr_block            = ""
              [32m+[0m [0mlocal_gateway_id           = ""
              [32m+[0m [0mnat_gateway_id             = ""
              [32m+[0m [0mnetwork_interface_id       = ""
              [32m+[0m [0mtransit_gateway_id         = ""
              [32m+[0m [0mvpc_endpoint_id            = ""
              [32m+[0m [0mvpc_peering_connection_id  = ""
            },
        ]
      [32m+[0m [0m[1m[0mtags[0m[0m             = {
          [32m+[0m [0m"Name"      = "CarSales Public Route Table"
          [32m+[0m [0m"Terraform" = "true"
        }
      [32m+[0m [0m[1m[0mtags_all[0m[0m         = {
          [32m+[0m [0m"Name"      = "CarSales Public Route Table"
          [32m+[0m [0m"Terraform" = "true"
        }
      [32m+[0m [0m[1m[0mvpc_id[0m[0m           = (known after apply)
    }

[1m  # aws_route_table.carsales_private_route_table_1a[0m will be created[0m[0m
[0m  [32m+[0m[0m resource "aws_route_table" "carsales_private_route_table_1a" {
      [32m+[0m [0m[1m[0marn[0m[0m              = (known after apply)
      [32m+[0m [0m[1m[0mid[0m[0m               = (known after apply)
      [32m+[0m [0m[1m[0mowner_id[0m[0m         = (known after apply)
      [32m+[0m [0m[1m[0mpropagating_vgws[0m[0m = (known after apply)
      [32m+[0m [0m[1m[0mroute[0m[0m            = [
          [32m+[0m [0m{
              [32m+[0m [0mcarrier_gateway_id         = ""
              [32m+[0m [0mcidr_block                 = "0.0.0.0/0"
              [32m+[0m [0mdestination_prefix_list_id = ""
              [32m+[0m [0megress_only_gateway_id     = ""
              [32m+[0m [0mgateway_id                 = ""
              [32m+[0m [0minstance_id                = ""
              [32m+[0m [0mipv6_cidr_block            = ""
              [32m+[0m [0mlocal_gateway_id           = ""
              [32m+[0m [0mnat_gateway_id             = (known after apply)
              [32m+[0m [0mnetwork_interface_id       = ""
              [32m+[0m [0mtransit_gateway_id         = ""
              [32m+[0m [0mvpc_endpoint_id            = ""
              [32m+[0m [0mvpc_peering_connection_id  = ""
            },
        ]
      [32m+[0m [0m[1m[0mtags[0m[0m             = {
          [32m+[0m [0m"Name"      = "CarSales Private route table 1A"
          [32m+[0m [0m"Terraform" = "True"
        }
      [32m+[0m [0m[1m[0mtags_all[0m[0m         = {
          [32m+[0m [0m"Name"      = "CarSales Private route table 1A"
          [32m+[0m [0m"Terraform" = "True"
        }
      [32m+[0m [0m[1m[0mvpc_id[0m[0m           = (known after apply)
    }

[1m  # aws_route_table.carsales_private_route_table_1b[0m will be created[0m[0m
[0m  [32m+[0m[0m resource "aws_route_table" "carsales_private_route_table_1b" {
      [32m+[0m [0m[1m[0marn[0m[0m              = (known after apply)
      [32m+[0m [0m[1m[0mid[0m[0m               = (known after apply)
      [32m+[0m [0m[1m[0mowner_id[0m[0m         = (known after apply)
      [32m+[0m [0m[1m[0mpropagating_vgws[0m[0m = (known after apply)
      [32m+[0m [0m[1m[0mroute[0m[0m            = [
          [32m+[0m [0m{
              [32m+[0m [0mcarrier_gateway_id         = ""
              [32m+[0m [0mcidr_block                 = "0.0.0.0/0"
              [32m+[0m [0mdestination_prefix_list_id = ""
              [32m+[0m [0megress_only_gateway_id     = ""
              [32m+[0m [0mgateway_id                 = ""
              [32m+[0m [0minstance_id                = ""
              [32m+[0m [0mipv6_cidr_block            = ""
              [32m+[0m [0mlocal_gateway_id           = ""
              [32m+[0m [0mnat_gateway_id             = (known after apply)
              [32m+[0m [0mnetwork_interface_id       = ""
              [32m+[0m [0mtransit_gateway_id         = ""
              [32m+[0m [0mvpc_endpoint_id            = ""
              [32m+[0m [0mvpc_peering_connection_id  = ""
            },
        ]
      [32m+[0m [0m[1m[0mtags[0m[0m             = {
          [32m+[0m [0m"Name"      = "CarSales Private route table 1B"
          [32m+[0m [0m"Terraform" = "True"
        }
      [32m+[0m [0m[1m[0mtags_all[0m[0m         = {
          [32m+[0m [0m"Name"      = "CarSales Private route table 1B"
          [32m+[0m [0m"Terraform" = "True"
        }
      [32m+[0m [0m[1m[0mvpc_id[0m[0m           = (known after apply)
    }

[1m  # aws_route_table_association.carsales-1a[0m will be created[0m[0m
[0m  [32m+[0m[0m resource "aws_route_table_association" "carsales-1a" {
      [32m+[0m [0m[1m[0mid[0m[0m             = (known after apply)
      [32m+[0m [0m[1m[0mroute_table_id[0m[0m = (known after apply)
      [32m+[0m [0m[1m[0msubnet_id[0m[0m      = (known after apply)
    }

[1m  # aws_route_table_association.carsales-1b[0m will be created[0m[0m
[0m  [32m+[0m[0m resource "aws_route_table_association" "carsales-1b" {
      [32m+[0m [0m[1m[0mid[0m[0m             = (known after apply)
      [32m+[0m [0m[1m[0mroute_table_id[0m[0m = (known after apply)
      [32m+[0m [0m[1m[0msubnet_id[0m[0m      = (known after apply)
    }

[1m  # aws_route_table_association.carsales-public-1a-association[0m will be created[0m[0m
[0m  [32m+[0m[0m resource "aws_route_table_association" "carsales-public-1a-association" {
      [32m+[0m [0m[1m[0mid[0m[0m             = (known after apply)
      [32m+[0m [0m[1m[0mroute_table_id[0m[0m = (known after apply)
      [32m+[0m [0m[1m[0msubnet_id[0m[0m      = (known after apply)
    }

[1m  # aws_route_table_association.carsales-public-1b-association[0m will be created[0m[0m
[0m  [32m+[0m[0m resource "aws_route_table_association" "carsales-public-1b-association" {
      [32m+[0m [0m[1m[0mid[0m[0m             = (known after apply)
      [32m+[0m [0m[1m[0mroute_table_id[0m[0m = (known after apply)
      [32m+[0m [0m[1m[0msubnet_id[0m[0m      = (known after apply)
    }

[1m  # aws_s3_bucket.cloudfront_logs_athena_results_bucket[0m will be created[0m[0m
[0m  [32m+[0m[0m resource "aws_s3_bucket" "cloudfront_logs_athena_results_bucket" {
      [32m+[0m [0m[1m[0macceleration_status[0m[0m         = (known after apply)
      [32m+[0m [0m[1m[0macl[0m[0m                         = "private"
      [32m+[0m [0m[1m[0marn[0m[0m                         = (known after apply)
      [32m+[0m [0m[1m[0mbucket[0m[0m                      = "cloudfront-logs-athena-results-wwww.test1234567890"
      [32m+[0m [0m[1m[0mbucket_domain_name[0m[0m          = (known after apply)
      [32m+[0m [0m[1m[0mbucket_regional_domain_name[0m[0m = (known after apply)
      [32m+[0m [0m[1m[0mforce_destroy[0m[0m               = true
      [32m+[0m [0m[1m[0mhosted_zone_id[0m[0m              = (known after apply)
      [32m+[0m [0m[1m[0mid[0m[0m                          = (known after apply)
      [32m+[0m [0m[1m[0mregion[0m[0m                      = (known after apply)
      [32m+[0m [0m[1m[0mrequest_payer[0m[0m               = (known after apply)
      [32m+[0m [0m[1m[0mtags_all[0m[0m                    = (known after apply)
      [32m+[0m [0m[1m[0mwebsite_domain[0m[0m              = (known after apply)
      [32m+[0m [0m[1m[0mwebsite_endpoint[0m[0m            = (known after apply)

      [32m+[0m [0mlifecycle_rule {
          [32m+[0m [0m[1m[0menabled[0m[0m = true
          [32m+[0m [0m[1m[0mid[0m[0m      = "cloudfront_logs_athena_results_lifecycle_rule"

          [32m+[0m [0mexpiration {
              [32m+[0m [0m[1m[0mdays[0m[0m = 365
            }
        }

      [32m+[0m [0mversioning {
          [32m+[0m [0m[1m[0menabled[0m[0m    = (known after apply)
          [32m+[0m [0m[1m[0mmfa_delete[0m[0m = (known after apply)
        }
    }

[1m  # aws_s3_bucket.cloudfront_logs_bucket[0m will be created[0m[0m
[0m  [32m+[0m[0m resource "aws_s3_bucket" "cloudfront_logs_bucket" {
      [32m+[0m [0m[1m[0macceleration_status[0m[0m         = (known after apply)
      [32m+[0m [0m[1m[0macl[0m[0m                         = "private"
      [32m+[0m [0m[1m[0marn[0m[0m                         = (known after apply)
      [32m+[0m [0m[1m[0mbucket[0m[0m                      = "cloudfront-logs-wwww.test1234567890"
      [32m+[0m [0m[1m[0mbucket_domain_name[0m[0m          = (known after apply)
      [32m+[0m [0m[1m[0mbucket_regional_domain_name[0m[0m = (known after apply)
      [32m+[0m [0m[1m[0mforce_destroy[0m[0m               = true
      [32m+[0m [0m[1m[0mhosted_zone_id[0m[0m              = (known after apply)
      [32m+[0m [0m[1m[0mid[0m[0m                          = (known after apply)
      [32m+[0m [0m[1m[0mregion[0m[0m                      = (known after apply)
      [32m+[0m [0m[1m[0mrequest_payer[0m[0m               = (known after apply)
      [32m+[0m [0m[1m[0mtags_all[0m[0m                    = (known after apply)
      [32m+[0m [0m[1m[0mwebsite_domain[0m[0m              = (known after apply)
      [32m+[0m [0m[1m[0mwebsite_endpoint[0m[0m            = (known after apply)

      [32m+[0m [0mgrant {
          [32m+[0m [0m[1m[0mid[0m[0m          = "c4c1ede66af53448b93c283ce9448c4ba468c9432aa01d700d3878632f77d2d0"
          [32m+[0m [0m[1m[0mpermissions[0m[0m = [
              [32m+[0m [0m"FULL_CONTROL",
            ]
          [32m+[0m [0m[1m[0mtype[0m[0m        = "CanonicalUser"
        }

      [32m+[0m [0mlifecycle_rule {
          [32m+[0m [0m[1m[0menabled[0m[0m = true
          [32m+[0m [0m[1m[0mid[0m[0m      = "cloudfront_logs_lifecycle_rule"

          [32m+[0m [0mexpiration {
              [32m+[0m [0m[1m[0mdays[0m[0m = 365
            }
        }

      [32m+[0m [0mversioning {
          [32m+[0m [0m[1m[0menabled[0m[0m    = (known after apply)
          [32m+[0m [0m[1m[0mmfa_delete[0m[0m = (known after apply)
        }
    }

[1m  # aws_s3_bucket.codebuild-cache[0m will be created[0m[0m
[0m  [32m+[0m[0m resource "aws_s3_bucket" "codebuild-cache" {
      [32m+[0m [0m[1m[0macceleration_status[0m[0m         = (known after apply)
      [32m+[0m [0m[1m[0macl[0m[0m                         = "private"
      [32m+[0m [0m[1m[0marn[0m[0m                         = (known after apply)
      [32m+[0m [0m[1m[0mbucket[0m[0m                      = (known after apply)
      [32m+[0m [0m[1m[0mbucket_domain_name[0m[0m          = (known after apply)
      [32m+[0m [0m[1m[0mbucket_regional_domain_name[0m[0m = (known after apply)
      [32m+[0m [0m[1m[0mforce_destroy[0m[0m               = true
      [32m+[0m [0m[1m[0mhosted_zone_id[0m[0m              = (known after apply)
      [32m+[0m [0m[1m[0mid[0m[0m                          = (known after apply)
      [32m+[0m [0m[1m[0mregion[0m[0m                      = (known after apply)
      [32m+[0m [0m[1m[0mrequest_payer[0m[0m               = (known after apply)
      [32m+[0m [0m[1m[0mtags_all[0m[0m                    = (known after apply)
      [32m+[0m [0m[1m[0mwebsite_domain[0m[0m              = (known after apply)
      [32m+[0m [0m[1m[0mwebsite_endpoint[0m[0m            = (known after apply)

      [32m+[0m [0mversioning {
          [32m+[0m [0m[1m[0menabled[0m[0m    = (known after apply)
          [32m+[0m [0m[1m[0mmfa_delete[0m[0m = (known after apply)
        }
    }

[1m  # aws_s3_bucket.demo-artifacts[0m will be created[0m[0m
[0m  [32m+[0m[0m resource "aws_s3_bucket" "demo-artifacts" {
      [32m+[0m [0m[1m[0macceleration_status[0m[0m         = (known after apply)
      [32m+[0m [0m[1m[0macl[0m[0m                         = "private"
      [32m+[0m [0m[1m[0marn[0m[0m                         = (known after apply)
      [32m+[0m [0m[1m[0mbucket[0m[0m                      = (known after apply)
      [32m+[0m [0m[1m[0mbucket_domain_name[0m[0m          = (known after apply)
      [32m+[0m [0m[1m[0mbucket_regional_domain_name[0m[0m = (known after apply)
      [32m+[0m [0m[1m[0mforce_destroy[0m[0m               = true
      [32m+[0m [0m[1m[0mhosted_zone_id[0m[0m              = (known after apply)
      [32m+[0m [0m[1m[0mid[0m[0m                          = (known after apply)
      [32m+[0m [0m[1m[0mregion[0m[0m                      = (known after apply)
      [32m+[0m [0m[1m[0mrequest_payer[0m[0m               = (known after apply)
      [32m+[0m [0m[1m[0mtags_all[0m[0m                    = (known after apply)
      [32m+[0m [0m[1m[0mwebsite_domain[0m[0m              = (known after apply)
      [32m+[0m [0m[1m[0mwebsite_endpoint[0m[0m            = (known after apply)

      [32m+[0m [0mlifecycle_rule {
          [32m+[0m [0m[1m[0menabled[0m[0m = true
          [32m+[0m [0m[1m[0mid[0m[0m      = "clean-up"

          [32m+[0m [0mexpiration {
              [32m+[0m [0m[1m[0mdays[0m[0m = 30
            }
        }

      [32m+[0m [0mversioning {
          [32m+[0m [0m[1m[0menabled[0m[0m    = (known after apply)
          [32m+[0m [0m[1m[0mmfa_delete[0m[0m = (known after apply)
        }
    }

[1m  # aws_s3_bucket.www_bucket[0m will be created[0m[0m
[0m  [32m+[0m[0m resource "aws_s3_bucket" "www_bucket" {
      [32m+[0m [0m[1m[0macceleration_status[0m[0m         = (known after apply)
      [32m+[0m [0m[1m[0macl[0m[0m                         = "private"
      [32m+[0m [0m[1m[0marn[0m[0m                         = (known after apply)
      [32m+[0m [0m[1m[0mbucket[0m[0m                      = "www.test1234567890"
      [32m+[0m [0m[1m[0mbucket_domain_name[0m[0m          = (known after apply)
      [32m+[0m [0m[1m[0mbucket_regional_domain_name[0m[0m = (known after apply)
      [32m+[0m [0m[1m[0mforce_destroy[0m[0m               = true
      [32m+[0m [0m[1m[0mhosted_zone_id[0m[0m              = (known after apply)
      [32m+[0m [0m[1m[0mid[0m[0m                          = (known after apply)
      [32m+[0m [0m[1m[0mregion[0m[0m                      = (known after apply)
      [32m+[0m [0m[1m[0mrequest_payer[0m[0m               = (known after apply)
      [32m+[0m [0m[1m[0mtags_all[0m[0m                    = (known after apply)
      [32m+[0m [0m[1m[0mwebsite_domain[0m[0m              = (known after apply)
      [32m+[0m [0m[1m[0mwebsite_endpoint[0m[0m            = (known after apply)

      [32m+[0m [0mcors_rule {
          [32m+[0m [0m[1m[0mallowed_headers[0m[0m = [
              [32m+[0m [0m"Authorization",
              [32m+[0m [0m"Content-Length",
            ]
          [32m+[0m [0m[1m[0mallowed_methods[0m[0m = [
              [32m+[0m [0m"GET",
              [32m+[0m [0m"POST",
            ]
          [32m+[0m [0m[1m[0mallowed_origins[0m[0m = [
              [32m+[0m [0m"https://www.test1234567890",
            ]
          [32m+[0m [0m[1m[0mmax_age_seconds[0m[0m = 3000
        }

      [32m+[0m [0mversioning {
          [32m+[0m [0m[1m[0menabled[0m[0m    = (known after apply)
          [32m+[0m [0m[1m[0mmfa_delete[0m[0m = (known after apply)
        }

      [32m+[0m [0mwebsite {
          [32m+[0m [0m[1m[0merror_document[0m[0m = "404.html"
          [32m+[0m [0m[1m[0mindex_document[0m[0m = "index.html"
        }
    }

[1m  # aws_s3_bucket_policy.www_bucket_policy[0m will be created[0m[0m
[0m  [32m+[0m[0m resource "aws_s3_bucket_policy" "www_bucket_policy" {
      [32m+[0m [0m[1m[0mbucket[0m[0m = (known after apply)
      [32m+[0m [0m[1m[0mid[0m[0m     = (known after apply)
      [32m+[0m [0m[1m[0mpolicy[0m[0m = (known after apply)
    }

[1m  # aws_s3_bucket_public_access_block.www_bucket[0m will be created[0m[0m
[0m  [32m+[0m[0m resource "aws_s3_bucket_public_access_block" "www_bucket" {
      [32m+[0m [0m[1m[0mblock_public_acls[0m[0m       = true
      [32m+[0m [0m[1m[0mblock_public_policy[0m[0m     = true
      [32m+[0m [0m[1m[0mbucket[0m[0m                  = (known after apply)
      [32m+[0m [0m[1m[0mid[0m[0m                      = (known after apply)
      [32m+[0m [0m[1m[0mignore_public_acls[0m[0m      = true
      [32m+[0m [0m[1m[0mrestrict_public_buckets[0m[0m = true
    }

[1m  # aws_secretsmanager_secret.RDS-postgres-username[0m will be created[0m[0m
[0m  [32m+[0m[0m resource "aws_secretsmanager_secret" "RDS-postgres-username" {
      [32m+[0m [0m[1m[0marn[0m[0m                            = (known after apply)
      [32m+[0m [0m[1m[0mforce_overwrite_replica_secret[0m[0m = false
      [32m+[0m [0m[1m[0mid[0m[0m                             = (known after apply)
      [32m+[0m [0m[1m[0mname[0m[0m                           = "carsales-rds-postgres-admin"
      [32m+[0m [0m[1m[0mname_prefix[0m[0m                    = (known after apply)
      [32m+[0m [0m[1m[0mpolicy[0m[0m                         = (known after apply)
      [32m+[0m [0m[1m[0mrecovery_window_in_days[0m[0m        = 0
      [32m+[0m [0m[1m[0mrotation_enabled[0m[0m               = (known after apply)
      [32m+[0m [0m[1m[0mrotation_lambda_arn[0m[0m            = (known after apply)
      [32m+[0m [0m[1m[0mtags_all[0m[0m                       = (known after apply)

      [32m+[0m [0mreplica {
          [32m+[0m [0m[1m[0mkms_key_id[0m[0m         = (known after apply)
          [32m+[0m [0m[1m[0mlast_accessed_date[0m[0m = (known after apply)
          [32m+[0m [0m[1m[0mregion[0m[0m             = (known after apply)
          [32m+[0m [0m[1m[0mstatus[0m[0m             = (known after apply)
          [32m+[0m [0m[1m[0mstatus_message[0m[0m     = (known after apply)
        }

      [32m+[0m [0mrotation_rules {
          [32m+[0m [0m[1m[0mautomatically_after_days[0m[0m = (known after apply)
        }
    }

[1m  # aws_secretsmanager_secret_version.secretmanager-version[0m will be created[0m[0m
[0m  [32m+[0m[0m resource "aws_secretsmanager_secret_version" "secretmanager-version" {
      [32m+[0m [0m[1m[0marn[0m[0m            = (known after apply)
      [32m+[0m [0m[1m[0mid[0m[0m             = (known after apply)
      [32m+[0m [0m[1m[0msecret_id[0m[0m      = (known after apply)
      [32m+[0m [0m[1m[0msecret_string[0m[0m  = (sensitive value)
      [32m+[0m [0m[1m[0mversion_id[0m[0m     = (known after apply)
      [32m+[0m [0m[1m[0mversion_stages[0m[0m = (known after apply)
    }

[1m  # aws_security_group.carsales_alb_sg[0m will be created[0m[0m
[0m  [32m+[0m[0m resource "aws_security_group" "carsales_alb_sg" {
      [32m+[0m [0m[1m[0marn[0m[0m                    = (known after apply)
      [32m+[0m [0m[1m[0mdescription[0m[0m            = "Managed by Terraform"
      [32m+[0m [0m[1m[0megress[0m[0m                 = [
          [32m+[0m [0m{
              [32m+[0m [0mcidr_blocks      = [
                  [32m+[0m [0m"0.0.0.0/0",
                ]
              [32m+[0m [0mdescription      = ""
              [32m+[0m [0mfrom_port        = 0
              [32m+[0m [0mipv6_cidr_blocks = []
              [32m+[0m [0mprefix_list_ids  = []
              [32m+[0m [0mprotocol         = "-1"
              [32m+[0m [0msecurity_groups  = []
              [32m+[0m [0mself             = false
              [32m+[0m [0mto_port          = 0
            },
        ]
      [32m+[0m [0m[1m[0mid[0m[0m                     = (known after apply)
      [32m+[0m [0m[1m[0mingress[0m[0m                = [
          [32m+[0m [0m{
              [32m+[0m [0mcidr_blocks      = [
                  [32m+[0m [0m"0.0.0.0/0",
                ]
              [32m+[0m [0mdescription      = ""
              [32m+[0m [0mfrom_port        = 443
              [32m+[0m [0mipv6_cidr_blocks = []
              [32m+[0m [0mprefix_list_ids  = []
              [32m+[0m [0mprotocol         = "tcp"
              [32m+[0m [0msecurity_groups  = []
              [32m+[0m [0mself             = false
              [32m+[0m [0mto_port          = 443
            },
          [32m+[0m [0m{
              [32m+[0m [0mcidr_blocks      = [
                  [32m+[0m [0m"0.0.0.0/0",
                ]
              [32m+[0m [0mdescription      = ""
              [32m+[0m [0mfrom_port        = 80
              [32m+[0m [0mipv6_cidr_blocks = []
              [32m+[0m [0mprefix_list_ids  = []
              [32m+[0m [0mprotocol         = "tcp"
              [32m+[0m [0msecurity_groups  = []
              [32m+[0m [0mself             = false
              [32m+[0m [0mto_port          = 80
            },
        ]
      [32m+[0m [0m[1m[0mname[0m[0m                   = (known after apply)
      [32m+[0m [0m[1m[0mname_prefix[0m[0m            = (known after apply)
      [32m+[0m [0m[1m[0mowner_id[0m[0m               = (known after apply)
      [32m+[0m [0m[1m[0mrevoke_rules_on_delete[0m[0m = false
      [32m+[0m [0m[1m[0mtags[0m[0m                   = {
          [32m+[0m [0m"Name"      = "CarSales ALB Security Group"
          [32m+[0m [0m"Terraform" = "True"
        }
      [32m+[0m [0m[1m[0mtags_all[0m[0m               = {
          [32m+[0m [0m"Name"      = "CarSales ALB Security Group"
          [32m+[0m [0m"Terraform" = "True"
        }
      [32m+[0m [0m[1m[0mvpc_id[0m[0m                 = (known after apply)
    }

[1m  # aws_security_group.carsales_bastion_sg[0m will be created[0m[0m
[0m  [32m+[0m[0m resource "aws_security_group" "carsales_bastion_sg" {
      [32m+[0m [0m[1m[0marn[0m[0m                    = (known after apply)
      [32m+[0m [0m[1m[0mdescription[0m[0m            = "Managed by Terraform"
      [32m+[0m [0m[1m[0megress[0m[0m                 = [
          [32m+[0m [0m{
              [32m+[0m [0mcidr_blocks      = [
                  [32m+[0m [0m"0.0.0.0/0",
                ]
              [32m+[0m [0mdescription      = ""
              [32m+[0m [0mfrom_port        = 0
              [32m+[0m [0mipv6_cidr_blocks = []
              [32m+[0m [0mprefix_list_ids  = []
              [32m+[0m [0mprotocol         = "-1"
              [32m+[0m [0msecurity_groups  = []
              [32m+[0m [0mself             = false
              [32m+[0m [0mto_port          = 0
            },
        ]
      [32m+[0m [0m[1m[0mid[0m[0m                     = (known after apply)
      [32m+[0m [0m[1m[0mingress[0m[0m                = [
          [32m+[0m [0m{
              [32m+[0m [0mcidr_blocks      = [
                  [32m+[0m [0m"0.0.0.0/0",
                ]
              [32m+[0m [0mdescription      = ""
              [32m+[0m [0mfrom_port        = 22
              [32m+[0m [0mipv6_cidr_blocks = []
              [32m+[0m [0mprefix_list_ids  = []
              [32m+[0m [0mprotocol         = "tcp"
              [32m+[0m [0msecurity_groups  = []
              [32m+[0m [0mself             = false
              [32m+[0m [0mto_port          = 22
            },
        ]
      [32m+[0m [0m[1m[0mname[0m[0m                   = (known after apply)
      [32m+[0m [0m[1m[0mname_prefix[0m[0m            = (known after apply)
      [32m+[0m [0m[1m[0mowner_id[0m[0m               = (known after apply)
      [32m+[0m [0m[1m[0mrevoke_rules_on_delete[0m[0m = false
      [32m+[0m [0m[1m[0mtags[0m[0m                   = {
          [32m+[0m [0m"Name"      = "CarSales Bastion Security Group"
          [32m+[0m [0m"Terraform" = "true"
        }
      [32m+[0m [0m[1m[0mtags_all[0m[0m               = {
          [32m+[0m [0m"Name"      = "CarSales Bastion Security Group"
          [32m+[0m [0m"Terraform" = "true"
        }
      [32m+[0m [0m[1m[0mvpc_id[0m[0m                 = (known after apply)
    }

[1m  # aws_security_group.carsales_db_sg[0m will be created[0m[0m
[0m  [32m+[0m[0m resource "aws_security_group" "carsales_db_sg" {
      [32m+[0m [0m[1m[0marn[0m[0m                    = (known after apply)
      [32m+[0m [0m[1m[0mdescription[0m[0m            = "Managed by Terraform"
      [32m+[0m [0m[1m[0megress[0m[0m                 = [
          [32m+[0m [0m{
              [32m+[0m [0mcidr_blocks      = [
                  [32m+[0m [0m"0.0.0.0/0",
                ]
              [32m+[0m [0mdescription      = ""
              [32m+[0m [0mfrom_port        = 0
              [32m+[0m [0mipv6_cidr_blocks = []
              [32m+[0m [0mprefix_list_ids  = []
              [32m+[0m [0mprotocol         = "-1"
              [32m+[0m [0msecurity_groups  = []
              [32m+[0m [0mself             = false
              [32m+[0m [0mto_port          = 0
            },
        ]
      [32m+[0m [0m[1m[0mid[0m[0m                     = (known after apply)
      [32m+[0m [0m[1m[0mingress[0m[0m                = [
          [32m+[0m [0m{
              [32m+[0m [0mcidr_blocks      = []
              [32m+[0m [0mdescription      = ""
              [32m+[0m [0mfrom_port        = 5432
              [32m+[0m [0mipv6_cidr_blocks = []
              [32m+[0m [0mprefix_list_ids  = []
              [32m+[0m [0mprotocol         = "tcp"
              [32m+[0m [0msecurity_groups  = (known after apply)
              [32m+[0m [0mself             = false
              [32m+[0m [0mto_port          = 5432
            },
        ]
      [32m+[0m [0m[1m[0mname[0m[0m                   = "CarSales RDS Security Group"
      [32m+[0m [0m[1m[0mname_prefix[0m[0m            = (known after apply)
      [32m+[0m [0m[1m[0mowner_id[0m[0m               = (known after apply)
      [32m+[0m [0m[1m[0mrevoke_rules_on_delete[0m[0m = false
      [32m+[0m [0m[1m[0mtags[0m[0m                   = {
          [32m+[0m [0m"Name"      = "RDS Security Group"
          [32m+[0m [0m"Terraform" = "true"
        }
      [32m+[0m [0m[1m[0mtags_all[0m[0m               = {
          [32m+[0m [0m"Name"      = "RDS Security Group"
          [32m+[0m [0m"Terraform" = "true"
        }
      [32m+[0m [0m[1m[0mvpc_id[0m[0m                 = (known after apply)
    }

[1m  # aws_security_group.carsales_efs_sg[0m will be created[0m[0m
[0m  [32m+[0m[0m resource "aws_security_group" "carsales_efs_sg" {
      [32m+[0m [0m[1m[0marn[0m[0m                    = (known after apply)
      [32m+[0m [0m[1m[0mdescription[0m[0m            = "Managed by Terraform"
      [32m+[0m [0m[1m[0megress[0m[0m                 = [
          [32m+[0m [0m{
              [32m+[0m [0mcidr_blocks      = [
                  [32m+[0m [0m"0.0.0.0/0",
                ]
              [32m+[0m [0mdescription      = ""
              [32m+[0m [0mfrom_port        = 0
              [32m+[0m [0mipv6_cidr_blocks = []
              [32m+[0m [0mprefix_list_ids  = []
              [32m+[0m [0mprotocol         = "-1"
              [32m+[0m [0msecurity_groups  = []
              [32m+[0m [0mself             = false
              [32m+[0m [0mto_port          = 0
            },
        ]
      [32m+[0m [0m[1m[0mid[0m[0m                     = (known after apply)
      [32m+[0m [0m[1m[0mingress[0m[0m                = [
          [32m+[0m [0m{
              [32m+[0m [0mcidr_blocks      = []
              [32m+[0m [0mdescription      = ""
              [32m+[0m [0mfrom_port        = 2049
              [32m+[0m [0mipv6_cidr_blocks = []
              [32m+[0m [0mprefix_list_ids  = []
              [32m+[0m [0mprotocol         = "tcp"
              [32m+[0m [0msecurity_groups  = (known after apply)
              [32m+[0m [0mself             = false
              [32m+[0m [0mto_port          = 2049
            },
        ]
      [32m+[0m [0m[1m[0mname[0m[0m                   = "CarSales EFS Security Group"
      [32m+[0m [0m[1m[0mname_prefix[0m[0m            = (known after apply)
      [32m+[0m [0m[1m[0mowner_id[0m[0m               = (known after apply)
      [32m+[0m [0m[1m[0mrevoke_rules_on_delete[0m[0m = false
      [32m+[0m [0m[1m[0mtags[0m[0m                   = {
          [32m+[0m [0m"Name"      = "EFS Security Group"
          [32m+[0m [0m"Terraform" = "true"
        }
      [32m+[0m [0m[1m[0mtags_all[0m[0m               = {
          [32m+[0m [0m"Name"      = "EFS Security Group"
          [32m+[0m [0m"Terraform" = "true"
        }
      [32m+[0m [0m[1m[0mvpc_id[0m[0m                 = (known after apply)
    }

[1m  # aws_security_group.ecs[0m will be created[0m[0m
[0m  [32m+[0m[0m resource "aws_security_group" "ecs" {
      [32m+[0m [0m[1m[0marn[0m[0m                    = (known after apply)
      [32m+[0m [0m[1m[0mdescription[0m[0m            = "Allows inbound access from the ALB only"
      [32m+[0m [0m[1m[0megress[0m[0m                 = [
          [32m+[0m [0m{
              [32m+[0m [0mcidr_blocks      = [
                  [32m+[0m [0m"0.0.0.0/0",
                ]
              [32m+[0m [0mdescription      = ""
              [32m+[0m [0mfrom_port        = 0
              [32m+[0m [0mipv6_cidr_blocks = []
              [32m+[0m [0mprefix_list_ids  = []
              [32m+[0m [0mprotocol         = "-1"
              [32m+[0m [0msecurity_groups  = []
              [32m+[0m [0mself             = false
              [32m+[0m [0mto_port          = 0
            },
        ]
      [32m+[0m [0m[1m[0mid[0m[0m                     = (known after apply)
      [32m+[0m [0m[1m[0mingress[0m[0m                = [
          [32m+[0m [0m{
              [32m+[0m [0mcidr_blocks      = []
              [32m+[0m [0mdescription      = ""
              [32m+[0m [0mfrom_port        = 0
              [32m+[0m [0mipv6_cidr_blocks = []
              [32m+[0m [0mprefix_list_ids  = []
              [32m+[0m [0mprotocol         = "-1"
              [32m+[0m [0msecurity_groups  = (known after apply)
              [32m+[0m [0mself             = false
              [32m+[0m [0mto_port          = 0
            },
          [32m+[0m [0m{
              [32m+[0m [0mcidr_blocks      = []
              [32m+[0m [0mdescription      = ""
              [32m+[0m [0mfrom_port        = 22
              [32m+[0m [0mipv6_cidr_blocks = []
              [32m+[0m [0mprefix_list_ids  = []
              [32m+[0m [0mprotocol         = "tcp"
              [32m+[0m [0msecurity_groups  = (known after apply)
              [32m+[0m [0mself             = false
              [32m+[0m [0mto_port          = 22
            },
        ]
      [32m+[0m [0m[1m[0mname[0m[0m                   = "ecs_security_group"
      [32m+[0m [0m[1m[0mname_prefix[0m[0m            = (known after apply)
      [32m+[0m [0m[1m[0mowner_id[0m[0m               = (known after apply)
      [32m+[0m [0m[1m[0mrevoke_rules_on_delete[0m[0m = false
      [32m+[0m [0m[1m[0mtags_all[0m[0m               = (known after apply)
      [32m+[0m [0m[1m[0mvpc_id[0m[0m                 = (known after apply)
    }

[1m  # aws_ssm_parameter.ASG_launch_template_version[0m will be created[0m[0m
[0m  [32m+[0m[0m resource "aws_ssm_parameter" "ASG_launch_template_version" {
      [32m+[0m [0m[1m[0marn[0m[0m       = (known after apply)
      [32m+[0m [0m[1m[0mdata_type[0m[0m = (known after apply)
      [32m+[0m [0m[1m[0mid[0m[0m        = (known after apply)
      [32m+[0m [0m[1m[0mkey_id[0m[0m    = (known after apply)
      [32m+[0m [0m[1m[0mname[0m[0m      = "ASG_launch_template_version"
      [32m+[0m [0m[1m[0mtags_all[0m[0m  = (known after apply)
      [32m+[0m [0m[1m[0mtier[0m[0m      = "Standard"
      [32m+[0m [0m[1m[0mtype[0m[0m      = "String"
      [32m+[0m [0m[1m[0mvalue[0m[0m     = (sensitive value)
      [32m+[0m [0m[1m[0mversion[0m[0m   = (known after apply)
    }

[1m  # aws_ssm_parameter.cloudwatch-linux-mem[0m will be created[0m[0m
[0m  [32m+[0m[0m resource "aws_ssm_parameter" "cloudwatch-linux-mem" {
      [32m+[0m [0m[1m[0marn[0m[0m       = (known after apply)
      [32m+[0m [0m[1m[0mdata_type[0m[0m = (known after apply)
      [32m+[0m [0m[1m[0mid[0m[0m        = (known after apply)
      [32m+[0m [0m[1m[0mkey_id[0m[0m    = (known after apply)
      [32m+[0m [0m[1m[0mname[0m[0m      = "cloudwatch-linux-mem"
      [32m+[0m [0m[1m[0mtags_all[0m[0m  = (known after apply)
      [32m+[0m [0m[1m[0mtier[0m[0m      = "Standard"
      [32m+[0m [0m[1m[0mtype[0m[0m      = "String"
      [32m+[0m [0m[1m[0mvalue[0m[0m     = (sensitive value)
      [32m+[0m [0m[1m[0mversion[0m[0m   = (known after apply)
    }

[1m  # aws_ssm_parameter.db_host[0m will be created[0m[0m
[0m  [32m+[0m[0m resource "aws_ssm_parameter" "db_host" {
      [32m+[0m [0m[1m[0marn[0m[0m       = (known after apply)
      [32m+[0m [0m[1m[0mdata_type[0m[0m = (known after apply)
      [32m+[0m [0m[1m[0mid[0m[0m        = (known after apply)
      [32m+[0m [0m[1m[0mkey_id[0m[0m    = (known after apply)
      [32m+[0m [0m[1m[0mname[0m[0m      = "/production/myapp/db-host"
      [32m+[0m [0m[1m[0mtags_all[0m[0m  = (known after apply)
      [32m+[0m [0m[1m[0mtier[0m[0m      = "Standard"
      [32m+[0m [0m[1m[0mtype[0m[0m      = "String"
      [32m+[0m [0m[1m[0mvalue[0m[0m     = (sensitive value)
      [32m+[0m [0m[1m[0mversion[0m[0m   = (known after apply)
    }

[1m  # aws_ssm_parameter.db_host_read_replica[0m will be created[0m[0m
[0m  [32m+[0m[0m resource "aws_ssm_parameter" "db_host_read_replica" {
      [32m+[0m [0m[1m[0marn[0m[0m       = (known after apply)
      [32m+[0m [0m[1m[0mdata_type[0m[0m = (known after apply)
      [32m+[0m [0m[1m[0mid[0m[0m        = (known after apply)
      [32m+[0m [0m[1m[0mkey_id[0m[0m    = (known after apply)
      [32m+[0m [0m[1m[0mname[0m[0m      = "/production/myapp/db-host-read-replica"
      [32m+[0m [0m[1m[0mtags_all[0m[0m  = (known after apply)
      [32m+[0m [0m[1m[0mtier[0m[0m      = "Standard"
      [32m+[0m [0m[1m[0mtype[0m[0m      = "String"
      [32m+[0m [0m[1m[0mvalue[0m[0m     = (sensitive value)
      [32m+[0m [0m[1m[0mversion[0m[0m   = (known after apply)
    }

[1m  # aws_ssm_parameter.postgres_username[0m will be created[0m[0m
[0m  [32m+[0m[0m resource "aws_ssm_parameter" "postgres_username" {
      [32m+[0m [0m[1m[0marn[0m[0m       = (known after apply)
      [32m+[0m [0m[1m[0mdata_type[0m[0m = (known after apply)
      [32m+[0m [0m[1m[0mid[0m[0m        = (known after apply)
      [32m+[0m [0m[1m[0mkey_id[0m[0m    = (known after apply)
      [32m+[0m [0m[1m[0mname[0m[0m      = "/production/myapp/rds-postgres-username"
      [32m+[0m [0m[1m[0mtags_all[0m[0m  = (known after apply)
      [32m+[0m [0m[1m[0mtier[0m[0m      = "Standard"
      [32m+[0m [0m[1m[0mtype[0m[0m      = "String"
      [32m+[0m [0m[1m[0mvalue[0m[0m     = (sensitive value)
      [32m+[0m [0m[1m[0mversion[0m[0m   = (known after apply)
    }

[1m  # aws_ssm_parameter.random-httpheader[0m will be created[0m[0m
[0m  [32m+[0m[0m resource "aws_ssm_parameter" "random-httpheader" {
      [32m+[0m [0m[1m[0marn[0m[0m       = (known after apply)
      [32m+[0m [0m[1m[0mdata_type[0m[0m = (known after apply)
      [32m+[0m [0m[1m[0mid[0m[0m        = (known after apply)
      [32m+[0m [0m[1m[0mkey_id[0m[0m    = (known after apply)
      [32m+[0m [0m[1m[0mname[0m[0m      = "/production/myapp/random-httpheader"
      [32m+[0m [0m[1m[0mtags_all[0m[0m  = (known after apply)
      [32m+[0m [0m[1m[0mtier[0m[0m      = "Standard"
      [32m+[0m [0m[1m[0mtype[0m[0m      = "SecureString"
      [32m+[0m [0m[1m[0mvalue[0m[0m     = (sensitive value)
      [32m+[0m [0m[1m[0mversion[0m[0m   = (known after apply)
    }

[1m  # aws_ssm_parameter.rdspassword[0m will be created[0m[0m
[0m  [32m+[0m[0m resource "aws_ssm_parameter" "rdspassword" {
      [32m+[0m [0m[1m[0marn[0m[0m       = (known after apply)
      [32m+[0m [0m[1m[0mdata_type[0m[0m = (known after apply)
      [32m+[0m [0m[1m[0mid[0m[0m        = (known after apply)
      [32m+[0m [0m[1m[0mkey_id[0m[0m    = (known after apply)
      [32m+[0m [0m[1m[0mname[0m[0m      = "/production/myapp/rds-password"
      [32m+[0m [0m[1m[0mtags_all[0m[0m  = (known after apply)
      [32m+[0m [0m[1m[0mtier[0m[0m      = "Standard"
      [32m+[0m [0m[1m[0mtype[0m[0m      = "SecureString"
      [32m+[0m [0m[1m[0mvalue[0m[0m     = (sensitive value)
      [32m+[0m [0m[1m[0mversion[0m[0m   = (known after apply)
    }

[1m  # aws_subnet.carsales-private-1a[0m will be created[0m[0m
[0m  [32m+[0m[0m resource "aws_subnet" "carsales-private-1a" {
      [32m+[0m [0m[1m[0marn[0m[0m                                            = (known after apply)
      [32m+[0m [0m[1m[0massign_ipv6_address_on_creation[0m[0m                = false
      [32m+[0m [0m[1m[0mavailability_zone[0m[0m                              = "ap-southeast-2a"
      [32m+[0m [0m[1m[0mavailability_zone_id[0m[0m                           = (known after apply)
      [32m+[0m [0m[1m[0mcidr_block[0m[0m                                     = "10.0.3.0/24"
      [32m+[0m [0m[1m[0menable_dns64[0m[0m                                   = false
      [32m+[0m [0m[1m[0menable_resource_name_dns_a_record_on_launch[0m[0m    = false
      [32m+[0m [0m[1m[0menable_resource_name_dns_aaaa_record_on_launch[0m[0m = false
      [32m+[0m [0m[1m[0mid[0m[0m                                             = (known after apply)
      [32m+[0m [0m[1m[0mipv6_cidr_block_association_id[0m[0m                 = (known after apply)
      [32m+[0m [0m[1m[0mipv6_native[0m[0m                                    = false
      [32m+[0m [0m[1m[0mmap_public_ip_on_launch[0m[0m                        = false
      [32m+[0m [0m[1m[0mowner_id[0m[0m                                       = (known after apply)
      [32m+[0m [0m[1m[0mprivate_dns_hostname_type_on_launch[0m[0m            = (known after apply)
      [32m+[0m [0m[1m[0mtags[0m[0m                                           = {
          [32m+[0m [0m"Name"      = "CarSales Private Subnet - 1A"
          [32m+[0m [0m"Terraform" = "True"
        }
      [32m+[0m [0m[1m[0mtags_all[0m[0m                                       = {
          [32m+[0m [0m"Name"      = "CarSales Private Subnet - 1A"
          [32m+[0m [0m"Terraform" = "True"
        }
      [32m+[0m [0m[1m[0mvpc_id[0m[0m                                         = (known after apply)
    }

[1m  # aws_subnet.carsales-private-1b[0m will be created[0m[0m
[0m  [32m+[0m[0m resource "aws_subnet" "carsales-private-1b" {
      [32m+[0m [0m[1m[0marn[0m[0m                                            = (known after apply)
      [32m+[0m [0m[1m[0massign_ipv6_address_on_creation[0m[0m                = false
      [32m+[0m [0m[1m[0mavailability_zone[0m[0m                              = "ap-southeast-2b"
      [32m+[0m [0m[1m[0mavailability_zone_id[0m[0m                           = (known after apply)
      [32m+[0m [0m[1m[0mcidr_block[0m[0m                                     = "10.0.4.0/24"
      [32m+[0m [0m[1m[0menable_dns64[0m[0m                                   = false
      [32m+[0m [0m[1m[0menable_resource_name_dns_a_record_on_launch[0m[0m    = false
      [32m+[0m [0m[1m[0menable_resource_name_dns_aaaa_record_on_launch[0m[0m = false
      [32m+[0m [0m[1m[0mid[0m[0m                                             = (known after apply)
      [32m+[0m [0m[1m[0mipv6_cidr_block_association_id[0m[0m                 = (known after apply)
      [32m+[0m [0m[1m[0mipv6_native[0m[0m                                    = false
      [32m+[0m [0m[1m[0mmap_public_ip_on_launch[0m[0m                        = false
      [32m+[0m [0m[1m[0mowner_id[0m[0m                                       = (known after apply)
      [32m+[0m [0m[1m[0mprivate_dns_hostname_type_on_launch[0m[0m            = (known after apply)
      [32m+[0m [0m[1m[0mtags[0m[0m                                           = {
          [32m+[0m [0m"Name"      = "CarSales Private Subnet - 1B"
          [32m+[0m [0m"Terraform" = "True"
        }
      [32m+[0m [0m[1m[0mtags_all[0m[0m                                       = {
          [32m+[0m [0m"Name"      = "CarSales Private Subnet - 1B"
          [32m+[0m [0m"Terraform" = "True"
        }
      [32m+[0m [0m[1m[0mvpc_id[0m[0m                                         = (known after apply)
    }

[1m  # aws_subnet.carsales-public-1a[0m will be created[0m[0m
[0m  [32m+[0m[0m resource "aws_subnet" "carsales-public-1a" {
      [32m+[0m [0m[1m[0marn[0m[0m                                            = (known after apply)
      [32m+[0m [0m[1m[0massign_ipv6_address_on_creation[0m[0m                = false
      [32m+[0m [0m[1m[0mavailability_zone[0m[0m                              = "ap-southeast-2a"
      [32m+[0m [0m[1m[0mavailability_zone_id[0m[0m                           = (known after apply)
      [32m+[0m [0m[1m[0mcidr_block[0m[0m                                     = "10.0.1.0/24"
      [32m+[0m [0m[1m[0menable_dns64[0m[0m                                   = false
      [32m+[0m [0m[1m[0menable_resource_name_dns_a_record_on_launch[0m[0m    = false
      [32m+[0m [0m[1m[0menable_resource_name_dns_aaaa_record_on_launch[0m[0m = false
      [32m+[0m [0m[1m[0mid[0m[0m                                             = (known after apply)
      [32m+[0m [0m[1m[0mipv6_cidr_block_association_id[0m[0m                 = (known after apply)
      [32m+[0m [0m[1m[0mipv6_native[0m[0m                                    = false
      [32m+[0m [0m[1m[0mmap_public_ip_on_launch[0m[0m                        = true
      [32m+[0m [0m[1m[0mowner_id[0m[0m                                       = (known after apply)
      [32m+[0m [0m[1m[0mprivate_dns_hostname_type_on_launch[0m[0m            = (known after apply)
      [32m+[0m [0m[1m[0mtags[0m[0m                                           = {
          [32m+[0m [0m"Name"                              = "CarSales Public Subnet - 1A"
          [32m+[0m [0m"Terraform"                         = "True"
          [32m+[0m [0m"kubernetes.io/cluster/eks-cluster" = "shared"
          [32m+[0m [0m"kubernetes.io/role/elb"            = "1"
        }
      [32m+[0m [0m[1m[0mtags_all[0m[0m                                       = {
          [32m+[0m [0m"Name"                              = "CarSales Public Subnet - 1A"
          [32m+[0m [0m"Terraform"                         = "True"
          [32m+[0m [0m"kubernetes.io/cluster/eks-cluster" = "shared"
          [32m+[0m [0m"kubernetes.io/role/elb"            = "1"
        }
      [32m+[0m [0m[1m[0mvpc_id[0m[0m                                         = (known after apply)
    }

[1m  # aws_subnet.carsales-public-1b[0m will be created[0m[0m
[0m  [32m+[0m[0m resource "aws_subnet" "carsales-public-1b" {
      [32m+[0m [0m[1m[0marn[0m[0m                                            = (known after apply)
      [32m+[0m [0m[1m[0massign_ipv6_address_on_creation[0m[0m                = false
      [32m+[0m [0m[1m[0mavailability_zone[0m[0m                              = "ap-southeast-2b"
      [32m+[0m [0m[1m[0mavailability_zone_id[0m[0m                           = (known after apply)
      [32m+[0m [0m[1m[0mcidr_block[0m[0m                                     = "10.0.2.0/24"
      [32m+[0m [0m[1m[0menable_dns64[0m[0m                                   = false
      [32m+[0m [0m[1m[0menable_resource_name_dns_a_record_on_launch[0m[0m    = false
      [32m+[0m [0m[1m[0menable_resource_name_dns_aaaa_record_on_launch[0m[0m = false
      [32m+[0m [0m[1m[0mid[0m[0m                                             = (known after apply)
      [32m+[0m [0m[1m[0mipv6_cidr_block_association_id[0m[0m                 = (known after apply)
      [32m+[0m [0m[1m[0mipv6_native[0m[0m                                    = false
      [32m+[0m [0m[1m[0mmap_public_ip_on_launch[0m[0m                        = true
      [32m+[0m [0m[1m[0mowner_id[0m[0m                                       = (known after apply)
      [32m+[0m [0m[1m[0mprivate_dns_hostname_type_on_launch[0m[0m            = (known after apply)
      [32m+[0m [0m[1m[0mtags[0m[0m                                           = {
          [32m+[0m [0m"Name"                              = "CarSales Public Subnet - 1B"
          [32m+[0m [0m"Terraform"                         = "True"
          [32m+[0m [0m"kubernetes.io/cluster/eks-cluster" = "shared"
          [32m+[0m [0m"kubernetes.io/role/elb"            = "1"
        }
      [32m+[0m [0m[1m[0mtags_all[0m[0m                                       = {
          [32m+[0m [0m"Name"                              = "CarSales Public Subnet - 1B"
          [32m+[0m [0m"Terraform"                         = "True"
          [32m+[0m [0m"kubernetes.io/cluster/eks-cluster" = "shared"
          [32m+[0m [0m"kubernetes.io/role/elb"            = "1"
        }
      [32m+[0m [0m[1m[0mvpc_id[0m[0m                                         = (known after apply)
    }

[1m  # aws_vpc.carsales_vpc[0m will be created[0m[0m
[0m  [32m+[0m[0m resource "aws_vpc" "carsales_vpc" {
      [32m+[0m [0m[1m[0marn[0m[0m                                  = (known after apply)
      [32m+[0m [0m[1m[0mcidr_block[0m[0m                           = "10.0.0.0/16"
      [32m+[0m [0m[1m[0mdefault_network_acl_id[0m[0m               = (known after apply)
      [32m+[0m [0m[1m[0mdefault_route_table_id[0m[0m               = (known after apply)
      [32m+[0m [0m[1m[0mdefault_security_group_id[0m[0m            = (known after apply)
      [32m+[0m [0m[1m[0mdhcp_options_id[0m[0m                      = (known after apply)
      [32m+[0m [0m[1m[0menable_classiclink[0m[0m                   = (known after apply)
      [32m+[0m [0m[1m[0menable_classiclink_dns_support[0m[0m       = (known after apply)
      [32m+[0m [0m[1m[0menable_dns_hostnames[0m[0m                 = true
      [32m+[0m [0m[1m[0menable_dns_support[0m[0m                   = true
      [32m+[0m [0m[1m[0mid[0m[0m                                   = (known after apply)
      [32m+[0m [0m[1m[0minstance_tenancy[0m[0m                     = "default"
      [32m+[0m [0m[1m[0mipv6_association_id[0m[0m                  = (known after apply)
      [32m+[0m [0m[1m[0mipv6_cidr_block[0m[0m                      = (known after apply)
      [32m+[0m [0m[1m[0mipv6_cidr_block_network_border_group[0m[0m = (known after apply)
      [32m+[0m [0m[1m[0mmain_route_table_id[0m[0m                  = (known after apply)
      [32m+[0m [0m[1m[0mowner_id[0m[0m                             = (known after apply)
      [32m+[0m [0m[1m[0mtags[0m[0m                                 = {
          [32m+[0m [0m"Name"      = "CarSales VPC"
          [32m+[0m [0m"Terrafrom" = "True"
        }
      [32m+[0m [0m[1m[0mtags_all[0m[0m                             = {
          [32m+[0m [0m"Name"      = "CarSales VPC"
          [32m+[0m [0m"Terrafrom" = "True"
        }
    }

[1m  # aws_wafv2_web_acl.my_web_acl[0m will be created[0m[0m
[0m  [32m+[0m[0m resource "aws_wafv2_web_acl" "my_web_acl" {
      [32m+[0m [0m[1m[0marn[0m[0m        = (known after apply)
      [32m+[0m [0m[1m[0mcapacity[0m[0m   = (known after apply)
      [32m+[0m [0m[1m[0mid[0m[0m         = (known after apply)
      [32m+[0m [0m[1m[0mlock_token[0m[0m = (known after apply)
      [32m+[0m [0m[1m[0mname[0m[0m       = "my-web-acl"
      [32m+[0m [0m[1m[0mscope[0m[0m      = "CLOUDFRONT"
      [32m+[0m [0m[1m[0mtags_all[0m[0m   = (known after apply)

      [32m+[0m [0mdefault_action {
          [32m+[0m [0mallow {
            }
        }

      [32m+[0m [0mrule {
          [32m+[0m [0m[1m[0mname[0m[0m     = "RateLimit"
          [32m+[0m [0m[1m[0mpriority[0m[0m = 1

          [32m+[0m [0maction {

              [32m+[0m [0mblock {
                }
            }

          [32m+[0m [0mstatement {

              [32m+[0m [0mrate_based_statement {
                  [32m+[0m [0m[1m[0maggregate_key_type[0m[0m = "IP"
                  [32m+[0m [0m[1m[0mlimit[0m[0m              = 500
                }
            }

          [32m+[0m [0mvisibility_config {
              [32m+[0m [0m[1m[0mcloudwatch_metrics_enabled[0m[0m = true
              [32m+[0m [0m[1m[0mmetric_name[0m[0m                = "RateLimit"
              [32m+[0m [0m[1m[0msampled_requests_enabled[0m[0m   = true
            }
        }

      [32m+[0m [0mvisibility_config {
          [32m+[0m [0m[1m[0mcloudwatch_metrics_enabled[0m[0m = false
          [32m+[0m [0m[1m[0mmetric_name[0m[0m                = "my-web-acl"
          [32m+[0m [0m[1m[0msampled_requests_enabled[0m[0m   = false
        }
    }

[1m  # local_file.carsales_ecs_private_key[0m will be created[0m[0m
[0m  [32m+[0m[0m resource "local_file" "carsales_ecs_private_key" {
      [32m+[0m [0m[1m[0mcontent[0m[0m              = (sensitive)
      [32m+[0m [0m[1m[0mdirectory_permission[0m[0m = "0777"
      [32m+[0m [0m[1m[0mfile_permission[0m[0m      = "0777"
      [32m+[0m [0m[1m[0mfilename[0m[0m             = "carsales_ecs.pem"
      [32m+[0m [0m[1m[0mid[0m[0m                   = (known after apply)
    }

[1m  # null_resource.chmod_pem_key[0m will be created[0m[0m
[0m  [32m+[0m[0m resource "null_resource" "chmod_pem_key" {
      [32m+[0m [0m[1m[0mid[0m[0m = (known after apply)
    }

[1m  # null_resource.cloudfront_logs_athena_table[0m will be created[0m[0m
[0m  [32m+[0m[0m resource "null_resource" "cloudfront_logs_athena_table" {
      [32m+[0m [0m[1m[0mid[0m[0m       = (known after apply)
      [32m+[0m [0m[1m[0mtriggers[0m[0m = (known after apply)
    }

[1m  # null_resource.codecommit_push[0m will be created[0m[0m
[0m  [32m+[0m[0m resource "null_resource" "codecommit_push" {
      [32m+[0m [0m[1m[0mid[0m[0m = (known after apply)
    }

[1m  # null_resource.push[0m will be created[0m[0m
[0m  [32m+[0m[0m resource "null_resource" "push" {
      [32m+[0m [0m[1m[0mid[0m[0m = (known after apply)
    }

[1m  # null_resource.s3_objects[0m will be created[0m[0m
[0m  [32m+[0m[0m resource "null_resource" "s3_objects" {
      [32m+[0m [0m[1m[0mid[0m[0m = (known after apply)
    }

[1m  # random_string.password[0m will be created[0m[0m
[0m  [32m+[0m[0m resource "random_string" "password" {
      [32m+[0m [0m[1m[0mid[0m[0m          = (known after apply)
      [32m+[0m [0m[1m[0mlength[0m[0m      = 16
      [32m+[0m [0m[1m[0mlower[0m[0m       = true
      [32m+[0m [0m[1m[0mmin_lower[0m[0m   = 0
      [32m+[0m [0m[1m[0mmin_numeric[0m[0m = 0
      [32m+[0m [0m[1m[0mmin_special[0m[0m = 0
      [32m+[0m [0m[1m[0mmin_upper[0m[0m   = 0
      [32m+[0m [0m[1m[0mnumber[0m[0m      = true
      [32m+[0m [0m[1m[0mresult[0m[0m      = (known after apply)
      [32m+[0m [0m[1m[0mspecial[0m[0m     = false
      [32m+[0m [0m[1m[0mupper[0m[0m       = true
    }

[1m  # random_string.random[0m will be created[0m[0m
[0m  [32m+[0m[0m resource "random_string" "random" {
      [32m+[0m [0m[1m[0mid[0m[0m          = (known after apply)
      [32m+[0m [0m[1m[0mlength[0m[0m      = 12
      [32m+[0m [0m[1m[0mlower[0m[0m       = true
      [32m+[0m [0m[1m[0mmin_lower[0m[0m   = 0
      [32m+[0m [0m[1m[0mmin_numeric[0m[0m = 0
      [32m+[0m [0m[1m[0mmin_special[0m[0m = 0
      [32m+[0m [0m[1m[0mmin_upper[0m[0m   = 0
      [32m+[0m [0m[1m[0mnumber[0m[0m      = true
      [32m+[0m [0m[1m[0mresult[0m[0m      = (known after apply)
      [32m+[0m [0m[1m[0mspecial[0m[0m     = false
      [32m+[0m [0m[1m[0mupper[0m[0m       = false
    }

[1m  # random_string.random-httpheader[0m will be created[0m[0m
[0m  [32m+[0m[0m resource "random_string" "random-httpheader" {
      [32m+[0m [0m[1m[0mid[0m[0m          = (known after apply)
      [32m+[0m [0m[1m[0mlength[0m[0m      = 16
      [32m+[0m [0m[1m[0mlower[0m[0m       = true
      [32m+[0m [0m[1m[0mmin_lower[0m[0m   = 0
      [32m+[0m [0m[1m[0mmin_numeric[0m[0m = 0
      [32m+[0m [0m[1m[0mmin_special[0m[0m = 0
      [32m+[0m [0m[1m[0mmin_upper[0m[0m   = 0
      [32m+[0m [0m[1m[0mnumber[0m[0m      = true
      [32m+[0m [0m[1m[0mresult[0m[0m      = (known after apply)
      [32m+[0m [0m[1m[0mspecial[0m[0m     = false
      [32m+[0m [0m[1m[0mupper[0m[0m       = true
    }

[1m  # tls_private_key.carsales_ecs_key[0m will be created[0m[0m
[0m  [32m+[0m[0m resource "tls_private_key" "carsales_ecs_key" {
      [32m+[0m [0m[1m[0malgorithm[0m[0m                  = "RSA"
      [32m+[0m [0m[1m[0mecdsa_curve[0m[0m                = "P224"
      [32m+[0m [0m[1m[0mid[0m[0m                         = (known after apply)
      [32m+[0m [0m[1m[0mprivate_key_pem[0m[0m            = (sensitive value)
      [32m+[0m [0m[1m[0mpublic_key_fingerprint_md5[0m[0m = (known after apply)
      [32m+[0m [0m[1m[0mpublic_key_openssh[0m[0m         = (known after apply)
      [32m+[0m [0m[1m[0mpublic_key_pem[0m[0m             = (known after apply)
      [32m+[0m [0m[1m[0mrsa_bits[0m[0m                   = 4096
    }

[0m[1mPlan:[0m 139 to add, 0 to change, 0 to destroy.
[0m[0m
[1mChanges to Outputs:[0m[0m
  [32m+[0m [0m[1m[0mPublic_IP_of_Bastion[0m[0m                        = (known after apply)
  [32m+[0m [0m[1m[0mThe_ECS_docker1_through_cloudfront-alb[0m[0m      = "ssldemo.poc.csnglobal.net/carsales1/"
  [32m+[0m [0m[1m[0mThe_ECS_docker2_through_cloudfront-alb[0m[0m      = "ssldemo.poc.csnglobal.net/carsales2/"
  [32m+[0m [0m[1m[0mThe_lambda_through_cloudfront-alb[0m[0m           = "ssldemo.poc.csnglobal.net/lambda/"
  [32m+[0m [0m[1m[0mThe_static_content_on_S3_through_cloudfront[0m[0m = "ssldemo.poc.csnglobal.net/index.html"
[0m[1mrandom_string.random: Creating...[0m[0m
[0m[1mtls_private_key.carsales_ecs_key: Creating...[0m[0m
[0m[1mrandom_string.password: Creating...[0m[0m
[0m[1mrandom_string.random-httpheader: Creating...[0m[0m
[0m[1mrandom_string.password: Creation complete after 0s [id=zy8qN9BR2H6MlwSN][0m
[0m[1mrandom_string.random-httpheader: Creation complete after 0s [id=lx2gpl4iHur8VYKh][0m
[0m[1mrandom_string.random: Creation complete after 0s [id=g8lfc03o6mt2][0m
[0m[1maws_acm_certificate.myapp: Creating...[0m[0m
[0m[1maws_iam_role.asg_ir_lambda_role: Creating...[0m[0m
[0m[1maws_ecr_repository.repo: Creating...[0m[0m
[0m[1maws_iam_role.ecs-host-role: Creating...[0m[0m
[0m[1maws_ssm_parameter.random-httpheader: Creating...[0m[0m
[0m[1maws_ssm_parameter.rdspassword: Creating...[0m[0m
[0m[1maws_codecommit_repository.demo: Creating...[0m[0m
[0m[1maws_cloudwatch_event_rule.launchtemplate_updated_rule: Creating...[0m[0m
[0m[1maws_cloudwatch_event_rule.launchtemplate_updated_rule: Creation complete after 1s [id=launchtemplate_updated][0m
[0m[1maws_codedeploy_app.demo: Creating...[0m[0m
[0m[1maws_ecr_repository.repo: Creation complete after 1s [id=test_ecr_repo][0m
[0m[1maws_vpc.carsales_vpc: Creating...[0m[0m
[0m[1maws_iam_role.iam_for_lambda_tf: Creating...[0m[0m
[0m[1maws_ssm_parameter.random-httpheader: Creation complete after 1s [id=/production/myapp/random-httpheader][0m
[0m[1maws_lb_target_group.carsales-back-end-tg-3: Creating...[0m[0m
[0m[1maws_ssm_parameter.rdspassword: Creation complete after 1s [id=/production/myapp/rds-password][0m
[0m[1maws_acm_certificate.myapp_alb: Creating...[0m[0m
[0m[1maws_codecommit_repository.demo: Creation complete after 1s [id=demo][0m
[0m[1maws_iam_role.rds_monitoring_iam_role: Creating...[0m[0m
[0m[1maws_codedeploy_app.demo: Creation complete after 0s [id=865ad685-5643-46b3-a94a-9e9d9e385be6:carsales1][0m
[0m[1maws_s3_bucket.www_bucket: Creating...[0m[0m
[0m[1maws_lb_target_group.carsales-back-end-tg-3: Creation complete after 0s [id=arn:aws:elasticloadbalancing:ap-southeast-2:996104769930:targetgroup/carsales-back-end-tg-3/9a96cba1b5118e13][0m
[0m[1maws_s3_bucket.cloudfront_logs_athena_results_bucket: Creating...[0m[0m
[0m[1maws_s3_bucket.cloudfront_logs_athena_results_bucket: Creation complete after 2s [id=cloudfront-logs-athena-results-wwww.test1234567890][0m
[0m[1maws_s3_bucket.demo-artifacts: Creating...[0m[0m
[0m[1maws_s3_bucket.www_bucket: Creation complete after 3s [id=www.test1234567890][0m
[0m[1maws_cloudwatch_event_rule.every_five_minute_check_ssm_setting: Creating...[0m[0m
[0m[1maws_cloudwatch_event_rule.every_five_minute_check_ssm_setting: Creation complete after 0s [id=every-five-minutes-check-ssm-setting][0m
[0m[1maws_cloudfront_origin_access_identity.www_bucket: Creating...[0m[0m
[0m[1maws_iam_role.asg_ir_lambda_role: Creation complete after 4s [id=asg_instance_refresh_lambda_role][0m
[0m[1maws_eip.carsales-nat2: Creating...[0m[0m
[0m[1maws_iam_role.ecs-host-role: Creation complete after 4s [id=ecs_host_role_prod][0m
[0m[1maws_eip.carsales-nat1: Creating...[0m[0m
[0m[1maws_iam_role.iam_for_lambda_tf: Creation complete after 3s [id=iam_for_lambda_tf][0m
[0m[1maws_s3_bucket.cloudfront_logs_bucket: Creating...[0m[0m
[0m[1maws_iam_role.rds_monitoring_iam_role: Creation complete after 4s [id=RDS-monitor][0m
[0m[1maws_iam_role.demo-codebuild: Creating...[0m[0m
[0m[1maws_eip.carsales-nat2: Creation complete after 1s [id=eipalloc-04d05da52169a9482][0m
[0m[1maws_eip.carsales-nat1: Creation complete after 1s [id=eipalloc-0dc33269f04bf1c4f][0m
[0m[1maws_iam_role.demo-codedeploy: Creating...[0m[0m
[0m[1maws_secretsmanager_secret.RDS-postgres-username: Creating...[0m[0m
[0m[1maws_secretsmanager_secret.RDS-postgres-username: Creation complete after 0s [id=arn:aws:secretsmanager:ap-southeast-2:996104769930:secret:carsales-rds-postgres-admin-p6wVJd][0m
[0m[1maws_iam_policy.lambda_logging: Creating...[0m[0m
[0m[1maws_s3_bucket.demo-artifacts: Creation complete after 3s [id=demo-artifacts-g8lfc03o6mt2][0m
[0m[1maws_ssm_parameter.cloudwatch-linux-mem: Creating...[0m[0m
[0m[1maws_ssm_parameter.cloudwatch-linux-mem: Creation complete after 0s [id=cloudwatch-linux-mem][0m
[0m[1maws_efs_file_system.efs_volume: Creating...[0m[0m
[0m[1maws_acm_certificate.myapp: Creation complete after 6s [id=arn:aws:acm:us-east-1:996104769930:certificate/a98372fc-ba99-429d-bc20-877af91fb9ed][0m
[0m[1maws_kms_key.demo-artifacts: Creating...[0m[0m
[0m[1maws_cloudfront_origin_access_identity.www_bucket: Creation complete after 3s [id=E1ZTWX676SSTW0][0m
[0m[1maws_iam_policy.lambda_ssm: Creating...[0m[0m
[0m[1maws_acm_certificate.myapp_alb: Creation complete after 6s [id=arn:aws:acm:ap-southeast-2:996104769930:certificate/deb25b58-1222-4a09-a826-f33cbedc88fc][0m
[0m[1maws_iam_role.ecs-demo-task-role: Creating...[0m[0m
[0m[1maws_iam_policy.lambda_logging: Creation complete after 2s [id=arn:aws:iam::996104769930:policy/asg_ir_lambda_logging][0m
[0m[1maws_s3_bucket.codebuild-cache: Creating...[0m[0m
[0m[1mtls_private_key.carsales_ecs_key: Still creating... [10s elapsed][0m[0m
[0m[1maws_s3_bucket.cloudfront_logs_bucket: Creation complete after 3s [id=cloudfront-logs-wwww.test1234567890][0m
[0m[1maws_iam_policy.lambda_ec2_access: Creating...[0m[0m
[0m[1maws_iam_role.demo-codebuild: Creation complete after 3s [id=demo-codebuild][0m
[0m[1maws_iam_role.ecs-task-execution-role: Creating...[0m[0m
[0m[1maws_iam_role.demo-codedeploy: Creation complete after 3s [id=demo-codedeploy][0m
[0m[1maws_ssm_parameter.postgres_username: Creating...[0m[0m
[0m[1maws_ssm_parameter.postgres_username: Creation complete after 1s [id=/production/myapp/rds-postgres-username][0m
[0m[1maws_iam_role.demo-codepipeline: Creating...[0m[0m
[0m[1mtls_private_key.carsales_ecs_key: Creation complete after 12s [id=ba47ef2ba4c2c90456b685e372e890a309b1fe49][0m
[0m[1maws_iam_role.ecs-service-role: Creating...[0m[0m
[0m[1maws_s3_bucket.codebuild-cache: Creation complete after 2s [id=demo-codebuild-cache-g8lfc03o6mt2][0m
[0m[1maws_ecs_cluster.my_cluster: Creating...[0m[0m
[0m[1maws_iam_policy.lambda_ssm: Creation complete after 2s [id=arn:aws:iam::996104769930:policy/asg_ir_lambda_ssm][0m
[0m[1maws_ecr_lifecycle_policy.repo-policy: Creating...[0m[0m
[0m[1maws_ecr_lifecycle_policy.repo-policy: Creation complete after 0s [id=test_ecr_repo][0m
[0m[1mnull_resource.push: Creating...[0m[0m
[0m[1mnull_resource.push: Provisioning with 'local-exec'...[0m[0m
[0m[1mnull_resource.push (local-exec):[0m [0mExecuting: ["bash" "-c" "chmod +x ./push.sh ; ./push.sh $PWD 996104769930.dkr.ecr.ap-southeast-2.amazonaws.com/test_ecr_repo latest"]
[0m[1maws_iam_policy.lambda_ec2_access: Creation complete after 3s [id=arn:aws:iam::996104769930:policy/asg_ir_lambda_ec2_access][0m
[0m[1mnull_resource.codecommit_push: Creating...[0m[0m
[0m[1mnull_resource.codecommit_push: Provisioning with 'local-exec'...[0m[0m
[0m[1mnull_resource.codecommit_push (local-exec):[0m [0mExecuting: ["/bin/sh" "-c" "chmod +x ./codecommit_push.sh;./codecommit_push.sh"]
[0m[1maws_vpc.carsales_vpc: Still creating... [10s elapsed][0m[0m
[0m[1maws_kms_key.demo-artifacts: Creation complete after 5s [id=18b98cf9-ddad-4566-80d3-40cc163f0d73][0m
[0m[1maws_athena_workgroup.cloudfront_logs_athena_workgroup: Creating...[0m[0m
[0m[1maws_iam_role.ecs-demo-task-role: Creation complete after 4s [id=ecs-demo-task-role][0m
[0m[1maws_athena_database.cloudfront_logs_athena_database: Creating...[0m[0m
[0m[1maws_athena_workgroup.cloudfront_logs_athena_workgroup: Creation complete after 0s [id=cloudfront_logs_workgroup][0m
[0m[1mnull_resource.s3_objects: Creating...[0m[0m
[0m[1mnull_resource.s3_objects: Provisioning with 'local-exec'...[0m[0m
[0m[1mnull_resource.s3_objects (local-exec):[0m [0mExecuting: ["/bin/sh" "-c" "aws s3 cp index.html  s3://www.test1234567890"]
[0m[1maws_efs_file_system.efs_volume: Creation complete after 6s [id=fs-033f86bbe0f39c00c][0m
[0m[1maws_s3_bucket_public_access_block.www_bucket: Creating...[0m[0m
[0m[1maws_vpc.carsales_vpc: Creation complete after 11s [id=vpc-07ed81be5d5a9627b][0m
[0m[1maws_lambda_function.refresh_asg: Creating...[0m[0m
[0m[1maws_iam_role.ecs-task-execution-role: Creation complete after 4s [id=ecs-task-execution-role][0m
[0m[1maws_lambda_function.compare_and_change_ssm: Creating...[0m[0m
[0m[1maws_s3_bucket_public_access_block.www_bucket: Creation complete after 0s [id=www.test1234567890][0m
[0m[1maws_iam_instance_profile.ecs: Creating...[0m[0m
[0m[1maws_iam_role.demo-codepipeline: Creation complete after 3s [id=demo-codepipeline][0m
[0m[1maws_iam_role_policy.ecs-instance-role-policy: Creating...[0m[0m
[0m[1maws_iam_role.ecs-service-role: Creation complete after 4s [id=ecs_service_role_prod][0m
[0m[1maws_lambda_function.test_lambda: Creating...[0m[0m
[0m[1maws_iam_role_policy.ecs-instance-role-policy: Creation complete after 2s [id=ecs_host_role_prod:ecs_instance_role_policy][0m
[0m[1maws_iam_role_policy_attachment.rds_monitoring_all_iam_role_policies_attach: Creating...[0m[0m
[0m[1maws_athena_database.cloudfront_logs_athena_database: Creation complete after 3s [id=cloudfront_logs][0m
[0m[1maws_secretsmanager_secret_version.secretmanager-version: Creating...[0m[0m
[0m[1mnull_resource.s3_objects (local-exec):[0m [0mCompleted 256.0 KiB/328.0 KiB (3.4 MiB/s) with 1 file(s) remaining
[0m[1mnull_resource.s3_objects (local-exec):[0m [0mCompleted 328.0 KiB/328.0 KiB (2.2 MiB/s) with 1 file(s) remaining
[0m[1mnull_resource.s3_objects (local-exec):[0m [0mupload: ./index.html to s3://www.test1234567890/index.html
[0m[1maws_secretsmanager_secret_version.secretmanager-version: Creation complete after 0s [id=arn:aws:secretsmanager:ap-southeast-2:996104769930:secret:carsales-rds-postgres-admin-p6wVJd|AF84F718-A01A-478A-881C-B73B4E379034][0m
[0m[1maws_route53_record.cert_validation: Creating...[0m[0m
[0m[1maws_iam_instance_profile.ecs: Creation complete after 3s [id=ecs_instance_profile_prod][0m
[0m[1mdata.aws_iam_policy_document.read_www_bucket: Reading...[0m[0m
[0m[1mdata.aws_iam_policy_document.read_www_bucket: Read complete after 0s [id=3237719417][0m
[0m[1maws_route53_record.cert_validation_alb: Creating...[0m[0m
[0m[1mnull_resource.codecommit_push (local-exec):[0m [0m81417e750c8f0287c41e2bcc28372e1409e53c4a
[0m[1mnull_resource.s3_objects: Creation complete after 4s [id=5232220020566189548][0m
[0m[1maws_iam_role_policy_attachment.lambda_logs: Creating...[0m[0m
[0m[1maws_iam_role_policy_attachment.rds_monitoring_all_iam_role_policies_attach: Creation complete after 2s [id=RDS-monitor-20220316020241804900000003][0m
[0m[1mlocal_file.carsales_ecs_private_key: Creating...[0m[0m
[0m[1mlocal_file.carsales_ecs_private_key: Creation complete after 0s [id=6021d958ef222ee0e83639a26261b756a6a8e648][0m
[0m[1maws_key_pair.carsales_ecs_public_key: Creating...[0m[0m
[0m[1maws_key_pair.carsales_ecs_public_key: Creation complete after 0s [id=carsales_ecs_public_key][0m
[0m[1maws_iam_role_policy_attachment.lambda_ssmps_read: Creating...[0m[0m
[0m[1maws_iam_role_policy_attachment.lambda_logs: Creation complete after 2s [id=asg_instance_refresh_lambda_role-20220316020242922000000004][0m
[0m[1maws_iam_role_policy_attachment.lambda_ec2_access: Creating...[0m[0m
[0m[1maws_lambda_function.refresh_asg: Creation complete after 5s [id=refresh_asg][0m
[0m[1maws_iam_role_policy_attachment.lambda_ssmps_read: Creation complete after 2s [id=asg_instance_refresh_lambda_role-20220316020243731600000005][0m
[0m[1maws_iam_role_policy.demo-codebuild: Creating...[0m[0m
[0m[1maws_iam_role_policy_attachment.lambda_ec2_access: Creation complete after 1s [id=asg_instance_refresh_lambda_role-20220316020244641600000006][0m
[0m[1maws_kms_alias.demo-artifacts: Creating...[0m[0m
[0m[1maws_kms_alias.demo-artifacts: Creation complete after 1s [id=alias/demo-artifacts][0m
[0m[1maws_efs_access_point.efs_access_point: Creating...[0m[0m
[0m[1mnull_resource.push (local-exec):[0m [0mSending build context to Docker daemon  587.9MB
[0m[1mnull_resource.push (local-exec):[0m [0mStep 1/9 : FROM node:16
[0m[1maws_ecs_cluster.my_cluster: Still creating... [10s elapsed][0m[0m
[0m[1mnull_resource.push (local-exec):[0m [0m ---> affe728e127a
[0m[1mnull_resource.push (local-exec):[0m [0mStep 2/9 : RUN apt-get update && apt-get install -y --no-install-recommends curl
[0m[1mnull_resource.push (local-exec):[0m [0m ---> Using cache
[0m[1mnull_resource.push (local-exec):[0m [0m ---> 836b13a31a25
[0m[1mnull_resource.push (local-exec):[0m [0mStep 3/9 : WORKDIR /usr/src/app
[0m[1mnull_resource.push (local-exec):[0m [0m ---> Using cache
[0m[1mnull_resource.push (local-exec):[0m [0m ---> 6b965678e2eb
[0m[1mnull_resource.push (local-exec):[0m [0mStep 4/9 : COPY package*.json ./
[0m[1mnull_resource.push (local-exec):[0m [0m ---> Using cache
[0m[1mnull_resource.push (local-exec):[0m [0m ---> 56fde94f6bd3
[0m[1mnull_resource.push (local-exec):[0m [0mStep 5/9 : RUN npm install
[0m[1mnull_resource.push (local-exec):[0m [0m ---> Using cache
[0m[1mnull_resource.push (local-exec):[0m [0m ---> 10ab2c98a7c7
[0m[1mnull_resource.push (local-exec):[0m [0mStep 6/9 : COPY . .
[0m[1maws_ecs_cluster.my_cluster: Creation complete after 10s [id=arn:aws:ecs:ap-southeast-2:996104769930:cluster/carsales-cluster][0m
[0m[1mnull_resource.push: Still creating... [10s elapsed][0m[0m
[0m[1maws_subnet.carsales-public-1a: Creating...[0m[0m
[0m[1maws_iam_role_policy.demo-codebuild: Creation complete after 1s [id=demo-codebuild:terraform-20220316020244747200000007][0m
[0m[1maws_lb_target_group.carsales-back-end-tg-1-blue: Creating...[0m[0m
[0m[1mnull_resource.codecommit_push: Still creating... [10s elapsed][0m[0m
[0m[1maws_wafv2_web_acl.my_web_acl: Creating...[0m[0m
[0m[1mnull_resource.codecommit_push (local-exec):[0m [0m6f08940713848aaa4e26d4e237048af398f699d4
[0m[1maws_lb_target_group.carsales-back-end-tg-1-blue: Creation complete after 0s [id=arn:aws:elasticloadbalancing:ap-southeast-2:996104769930:targetgroup/carsales-back-end-tg-1-blue/333ef319f207561f][0m
[0m[1maws_security_group.carsales_bastion_sg: Creating...[0m[0m
[0m[1maws_efs_access_point.efs_access_point: Creation complete after 1s [id=fsap-01ebeae5c2d745395][0m
[0m[1maws_subnet.carsales-public-1b: Creating...[0m[0m
[0m[1maws_lambda_function.compare_and_change_ssm: Still creating... [10s elapsed][0m[0m
[0m[1maws_security_group.carsales_bastion_sg: Creation complete after 2s [id=sg-00c48c0e8998b0085][0m
[0m[1maws_subnet.carsales-private-1b: Creating...[0m[0m
[0m[1maws_subnet.carsales-private-1b: Creation complete after 1s [id=subnet-01622cb4576537311][0m
[0m[1maws_subnet.carsales-private-1a: Creating...[0m[0m
[0m[1maws_lambda_function.compare_and_change_ssm: Creation complete after 11s [id=compare_and_change_ssm][0m
[0m[1maws_lb_target_group.carsales-back-end-tg-1: Creating...[0m[0m
[0m[1mnull_resource.codecommit_push (local-exec):[0m [0m3c497e933e57c02fbe1747829ff025a82f65c4d5
[0m[1maws_lambda_function.test_lambda: Still creating... [10s elapsed][0m[0m
[0m[1maws_lb_target_group.carsales-back-end-tg-1: Creation complete after 0s [id=arn:aws:elasticloadbalancing:ap-southeast-2:996104769930:targetgroup/carsales-back-end-tg-1/9dbb4d0de60f86e7][0m
[0m[1maws_lb_target_group.carsales-back-end-tg-2: Creating...[0m[0m
[0m[1maws_subnet.carsales-private-1a: Creation complete after 0s [id=subnet-02db21e6e37305fd6][0m
[0m[1maws_security_group.carsales_alb_sg: Creating...[0m[0m
[0m[1maws_wafv2_web_acl.my_web_acl: Creation complete after 3s [id=ad75f537-c3f4-4868-a8c6-555b38c74870][0m
[0m[1maws_internet_gateway.carsales-igw: Creating...[0m[0m
[0m[1maws_lb_target_group.carsales-back-end-tg-2: Creation complete after 0s [id=arn:aws:elasticloadbalancing:ap-southeast-2:996104769930:targetgroup/carsales-back-end-tg-2/d8750f05c147a106][0m
[0m[1mdata.aws_iam_policy_document.demo-codedeploy-role-policy: Reading...[0m[0m
[0m[1mdata.aws_iam_policy_document.demo-codedeploy-role-policy: Read complete after 1s [id=900029500][0m
[0m[1maws_ecs_task_definition.carsales1: Creating...[0m[0m
[0m[1maws_ecs_task_definition.carsales1: Creation complete after 0s [id=carsales1][0m
[0m[1mdata.aws_iam_policy_document.demo-codepipeline-role-policy: Reading...[0m[0m
[0m[1mdata.aws_iam_policy_document.demo-codepipeline-role-policy: Read complete after 0s [id=1453536741][0m
[0m[1maws_ecs_task_definition.carsales2: Creating...[0m[0m
[0m[1maws_internet_gateway.carsales-igw: Creation complete after 1s [id=igw-0cf9f67c270097b80][0m
[0m[1maws_ecs_task_definition.carsales2: Creation complete after 0s [id=carsales2][0m
[0m[1maws_iam_role_policy.ecs-task-execution-role: Creating...[0m[0m
[0m[1maws_iam_role_policy.ecs-service-role-policy: Creating...[0m[0m
[0m[1maws_route53_record.cert_validation: Still creating... [10s elapsed][0m[0m
[0m[1maws_route53_record.cert_validation_alb: Still creating... [10s elapsed][0m[0m
[0m[1maws_security_group.carsales_alb_sg: Creation complete after 2s [id=sg-000f72c2f64d51188][0m
[0m[1mnull_resource.cloudfront_logs_athena_table: Creating...[0m[0m
[0m[1mnull_resource.cloudfront_logs_athena_table: Provisioning with 'local-exec'...[0m[0m
[0m[1mnull_resource.cloudfront_logs_athena_table (local-exec):[0m [0mExecuting: ["/bin/sh" "-c" "aws athena start-query-execution --query-string \"CREATE EXTERNAL TABLE IF NOT EXISTS cloudfront_logs.cloudfront_logs (\n  access_date DATE,\n  time STRING,\n  location STRING,\n  bytes BIGINT,\n  request_ip STRING,\n  method STRING,\n  host STRING,\n  uri STRING,\n  status INT,\n  referrer STRING,\n  user_agent STRING,\n  query_string STRING,\n  cookie STRING,\n  result_type STRING,\n  request_id STRING,\n  host_header STRING,\n  request_protocol STRING,\n  request_bytes BIGINT,\n  time_taken FLOAT,\n  xforwarded_for STRING,\n  ssl_protocol STRING,\n  ssl_cipher STRING,\n  response_result_type STRING,\n  http_version STRING,\n  fle_status STRING,\n  fle_encrypted_fields INT,\n  c_port INT,\n  time_to_first_byte FLOAT,\n  x_edge_detailed_result_type STRING,\n  sc_content_type STRING,\n  sc_content_len BIGINT,\n  sc_range_start BIGINT,\n  sc_range_end BIGINT\n)\nROW FORMAT DELIMITED\nFIELDS TERMINATED BY '\\\\t'\nLOCATION 's3://cloudfront-logs-wwww.test1234567890/main/'\nTBLPROPERTIES ('skip.header.line.count' = '2');\n\"  --output json --query-execution-context Database=cloudfront_logs --result-configuration OutputLocation=s3://cloudfront-logs-athena-results-wwww.test1234567890\n"]
[0m[1maws_iam_role_policy.ecs-task-execution-role: Creation complete after 2s [id=ecs-task-execution-role:ecs-task-execution-role][0m
[0m[1mdata.aws_secretsmanager_secret_version.creds: Reading...[0m[0m
[0m[1maws_iam_role_policy.ecs-service-role-policy: Creation complete after 2s [id=ecs_service_role_prod:ecs_service_role_policy][0m
[0m[1maws_s3_bucket_policy.www_bucket_policy: Creating...[0m[0m
[0m[1mnull_resource.codecommit_push (local-exec):[0m [0m02e3ebc2845bbe3b09d245ff9e82f1d87dd33421
[0m[1mdata.aws_secretsmanager_secret_version.creds: Read complete after 0s [id=arn:aws:secretsmanager:ap-southeast-2:996104769930:secret:carsales-rds-postgres-admin-p6wVJd|AWSCURRENT][0m
[0m[1mnull_resource.chmod_pem_key: Creating...[0m[0m
[0m[1mnull_resource.chmod_pem_key: Provisioning with 'local-exec'...[0m[0m
[0m[1mnull_resource.chmod_pem_key (local-exec):[0m [0mExecuting: ["/bin/sh" "-c" "chmod 400 carsales_ecs.pem"]
[0m[1mnull_resource.chmod_pem_key: Creation complete after 0s [id=8003955457336941413][0m
[0m[1maws_cloudwatch_event_target.refresh_asg: Creating...[0m[0m
[0m[1maws_cloudwatch_event_target.refresh_asg: Creation complete after 0s [id=launchtemplate_updated-SentToLambda][0m
[0m[1maws_lambda_permission.allow_cloudwatch_to_call_lambda_refresh_asg: Creating...[0m[0m
[0m[1maws_s3_bucket_policy.www_bucket_policy: Creation complete after 0s [id=www.test1234567890][0m
[0m[1maws_codebuild_project.demo: Creating...[0m[0m
[0m[1maws_lambda_permission.allow_cloudwatch_to_call_lambda_refresh_asg: Creation complete after 0s [id=AllowExecutionFromCloudWatch][0m
[0m[1maws_cloudwatch_event_target.check_launchtempalte_five_minute: Creating...[0m[0m
[0m[1maws_cloudwatch_event_target.check_launchtempalte_five_minute: Creation complete after 1s [id=every-five-minutes-check-ssm-setting-lambda][0m
[0m[1maws_lambda_permission.allow_cloudwatch_to_call_lambda_check_ssm: Creating...[0m[0m
[0m[1maws_lambda_permission.allow_cloudwatch_to_call_lambda_check_ssm: Creation complete after 0s [id=AllowExecutionFromCloudWatch][0m
[0m[1maws_db_subnet_group.carsales-db-subnet: Creating...[0m[0m
[0m[1maws_codebuild_project.demo: Creation complete after 1s [id=arn:aws:codebuild:ap-southeast-2:996104769930:project/carsales1][0m
[0m[1maws_iam_role_policy.demo-codedeploy: Creating...[0m[0m
[0m[1maws_db_subnet_group.carsales-db-subnet: Creation complete after 1s [id=carsales-database-subnet-group][0m
[0m[1maws_ecs_service.carsales-dealer-service: Creating...[0m[0m
[0m[1maws_lambda_function.test_lambda: Creation complete after 15s [id=test_lambda][0m
[0m[1maws_iam_role_policy.demo-codepipeline: Creating...[0m[0m
[0m[1mnull_resource.cloudfront_logs_athena_table (local-exec):[0m [0m{
[0m[1mnull_resource.cloudfront_logs_athena_table (local-exec):[0m [0m    "QueryExecutionId": "00ef47ab-34d6-424f-a589-cb65fc0916f1"
[0m[1mnull_resource.cloudfront_logs_athena_table (local-exec):[0m [0m}
[0m[1mnull_resource.cloudfront_logs_athena_table: Creation complete after 2s [id=6358799758628227505][0m
[0m[1maws_route_table.carsales-public: Creating...[0m[0m
[0m[1maws_iam_role_policy.demo-codedeploy: Creation complete after 2s [id=demo-codedeploy:codedeploy-policy][0m
[0m[1maws_security_group.ecs: Creating...[0m[0m
[0m[1maws_route_table.carsales-public: Creation complete after 1s [id=rtb-0b55e2f6931d3d14a][0m
[0m[1maws_lambda_permission.with_lb: Creating...[0m[0m
[0m[1maws_lambda_permission.with_lb: Creation complete after 0s [id=AllowExecutionFromlb][0m
[0m[1maws_lb_target_group_attachment.lambda_attachment: Creating...[0m[0m
[0m[1maws_lb_target_group_attachment.lambda_attachment: Creation complete after 0s [id=arn:aws:elasticloadbalancing:ap-southeast-2:996104769930:targetgroup/carsales-back-end-tg-3/9a96cba1b5118e13-2022031602025616090000000b][0m
[0m[1mnull_resource.push: Still creating... [20s elapsed][0m[0m
[0m[1maws_subnet.carsales-public-1a: Still creating... [10s elapsed][0m[0m
[0m[1mnull_resource.codecommit_push (local-exec):[0m [0m595e1c2c802c2d6fdfacb03664f3e72e2039ed16
[0m[1maws_iam_role_policy.demo-codepipeline: Creation complete after 2s [id=demo-codepipeline:codepipeline-policy][0m
[0m[1mnull_resource.codecommit_push: Still creating... [20s elapsed][0m[0m
[0m[1maws_subnet.carsales-public-1a: Creation complete after 11s [id=subnet-0bb90c24e04d362e0][0m
[0m[1maws_instance.carsales_bastion_host-1a: Creating...[0m[0m
[0m[1maws_route_table_association.carsales-public-1a-association: Creating...[0m[0m
[0m[1maws_nat_gateway.carsales-nat-gateway-1a: Creating...[0m[0m
[0m[1maws_security_group.ecs: Creation complete after 1s [id=sg-077982e8afa165f77][0m
[0m[1maws_subnet.carsales-public-1b: Still creating... [10s elapsed][0m[0m
[0m[1maws_security_group.carsales_efs_sg: Creating...[0m[0m
[0m[1maws_route_table_association.carsales-public-1a-association: Creation complete after 1s [id=rtbassoc-03ae7706e1dd82996][0m
[0m[1maws_ecs_service.carsales-commerical-service: Creating...[0m[0m
[0m[1maws_subnet.carsales-public-1b: Creation complete after 11s [id=subnet-04afde016bada09fd][0m
[0m[1maws_launch_template.ecs: Creating...[0m[0m
[0m[1maws_launch_template.ecs: Creation complete after 1s [id=lt-0eb9869ac67e20b7b][0m
[0m[1maws_security_group.carsales_db_sg: Creating...[0m[0m
[0m[1maws_security_group.carsales_efs_sg: Creation complete after 1s [id=sg-0eee9f2644d4a097a][0m
[0m[1maws_route_table_association.carsales-public-1b-association: Creating...[0m[0m
[0m[1maws_route_table_association.carsales-public-1b-association: Creation complete after 1s [id=rtbassoc-0ca612757d33af5cf][0m
[0m[1maws_lb.carsales_alb: Creating...[0m[0m
[0m[1mnull_resource.codecommit_push (local-exec):[0m [0mf680d17575e738f0d2bb23bb0474b02858c66762
[0m[1mnull_resource.codecommit_push: Creation complete after 23s [id=2691733592422767278][0m
[0m[1maws_nat_gateway.carsales-nat-gateway-1b: Creating...[0m[0m
[0m[1maws_security_group.carsales_db_sg: Creation complete after 2s [id=sg-0445791cf8a6ed6f0][0m
[0m[1maws_ssm_parameter.ASG_launch_template_version: Creating...[0m[0m
[0m[1maws_ssm_parameter.ASG_launch_template_version: Creation complete after 0s [id=ASG_launch_template_version][0m
[0m[1maws_autoscaling_group.ecs-cluster: Creating...[0m[0m
[0m[1maws_route53_record.cert_validation: Still creating... [20s elapsed][0m[0m
[0m[1maws_route53_record.cert_validation_alb: Still creating... [20s elapsed][0m[0m
[0m[1maws_ecs_service.carsales-dealer-service: Still creating... [10s elapsed][0m[0m
[0m[1mnull_resource.push: Still creating... [30s elapsed][0m[0m
[0m[1mnull_resource.push (local-exec):[0m [0m ---> 27fe8976aae3
[0m[1mnull_resource.push (local-exec):[0m [0mStep 7/9 : EXPOSE 80
[0m[1mnull_resource.push (local-exec):[0m [0m ---> Running in 3114187a3b66
[0m[1maws_instance.carsales_bastion_host-1a: Still creating... [10s elapsed][0m[0m
[0m[1mnull_resource.push (local-exec):[0m [0mRemoving intermediate container 3114187a3b66
[0m[1mnull_resource.push (local-exec):[0m [0m ---> 39c933058096
[0m[1mnull_resource.push (local-exec):[0m [0mStep 8/9 : ENTRYPOINT ["env"]
[0m[1maws_nat_gateway.carsales-nat-gateway-1a: Still creating... [10s elapsed][0m[0m
[0m[1mnull_resource.push (local-exec):[0m [0m ---> Running in 6de7d37a9e77
[0m[1mnull_resource.push (local-exec):[0m [0mRemoving intermediate container 6de7d37a9e77
[0m[1mnull_resource.push (local-exec):[0m [0m ---> da4411c5b227
[0m[1mnull_resource.push (local-exec):[0m [0mStep 9/9 : CMD [ "node", "server.js" ]
[0m[1mnull_resource.push (local-exec):[0m [0m ---> Running in 5cb0c5d093cd
[0m[1mnull_resource.push (local-exec):[0m [0mRemoving intermediate container 5cb0c5d093cd
[0m[1mnull_resource.push (local-exec):[0m [0m ---> c73c378af7d3
[0m[1mnull_resource.push (local-exec):[0m [0mSuccessfully built c73c378af7d3
[0m[1mnull_resource.push (local-exec):[0m [0mSuccessfully tagged test_ecr_repo:latest
[0m[1mnull_resource.push (local-exec):[0m [0mbegin docker login
[0m[1maws_ecs_service.carsales-commerical-service: Still creating... [10s elapsed][0m[0m
[0m[1mnull_resource.push (local-exec):[0m [0mWARNING! Your password will be stored unencrypted in /home/ec2-user/.docker/config.json.
[0m[1mnull_resource.push (local-exec):[0m [0mConfigure a credential helper to remove this warning. See
[0m[1mnull_resource.push (local-exec):[0m [0mhttps://docs.docker.com/engine/reference/commandline/login/#credentials-store

[0m[1mnull_resource.push (local-exec):[0m [0mLogin Succeeded
[0m[1mnull_resource.push (local-exec):[0m [0mThe push refers to repository [996104769930.dkr.ecr.ap-southeast-2.amazonaws.com/test_ecr_repo]
[0m[1mnull_resource.push (local-exec):[0m [0m9b85dd1d1529: Preparing
[0m[1mnull_resource.push (local-exec):[0m [0m844cae6adb4b: Preparing
[0m[1mnull_resource.push (local-exec):[0m [0m9ea2f66133b6: Preparing
[0m[1mnull_resource.push (local-exec):[0m [0m6752e0722a20: Preparing
[0m[1mnull_resource.push (local-exec):[0m [0m9990cafc719b: Preparing
[0m[1mnull_resource.push (local-exec):[0m [0mcb5c6f01afdd: Preparing
[0m[1mnull_resource.push (local-exec):[0m [0m9373ec48ed1c: Preparing
[0m[1mnull_resource.push (local-exec):[0m [0mb70feedd9946: Preparing
[0m[1mnull_resource.push (local-exec):[0m [0ma1190e978df5: Preparing
[0m[1mnull_resource.push (local-exec):[0m [0m227e0c39f037: Preparing
[0m[1mnull_resource.push (local-exec):[0m [0m66b1d61820c3: Preparing
[0m[1mnull_resource.push (local-exec):[0m [0m92903c3857f8: Preparing
[0m[1mnull_resource.push (local-exec):[0m [0m9ad2165feb02: Preparing
[0m[1mnull_resource.push (local-exec):[0m [0m2c7e7ab2260a: Preparing
[0m[1mnull_resource.push (local-exec):[0m [0mcb5c6f01afdd: Waiting
[0m[1mnull_resource.push (local-exec):[0m [0m9373ec48ed1c: Waiting
[0m[1mnull_resource.push (local-exec):[0m [0mb70feedd9946: Waiting
[0m[1mnull_resource.push (local-exec):[0m [0ma1190e978df5: Waiting
[0m[1mnull_resource.push (local-exec):[0m [0m227e0c39f037: Waiting
[0m[1mnull_resource.push (local-exec):[0m [0m66b1d61820c3: Waiting
[0m[1mnull_resource.push (local-exec):[0m [0m92903c3857f8: Waiting
[0m[1mnull_resource.push (local-exec):[0m [0m9ad2165feb02: Waiting
[0m[1mnull_resource.push (local-exec):[0m [0m2c7e7ab2260a: Waiting
[0m[1maws_lb.carsales_alb: Still creating... [10s elapsed][0m[0m
[0m[1maws_nat_gateway.carsales-nat-gateway-1b: Still creating... [10s elapsed][0m[0m
[0m[1maws_autoscaling_group.ecs-cluster: Still creating... [10s elapsed][0m[0m
[0m[1maws_route53_record.cert_validation: Still creating... [30s elapsed][0m[0m
[0m[1maws_route53_record.cert_validation_alb: Still creating... [30s elapsed][0m[0m
[0m[1mnull_resource.push (local-exec):[0m [0m6752e0722a20: Pushed
[0m[1maws_ecs_service.carsales-dealer-service: Still creating... [20s elapsed][0m[0m
[0m[1mnull_resource.push (local-exec):[0m [0m9ea2f66133b6: Pushed
[0m[1mnull_resource.push: Still creating... [40s elapsed][0m[0m
[0m[1maws_instance.carsales_bastion_host-1a: Still creating... [20s elapsed][0m[0m
[0m[1maws_nat_gateway.carsales-nat-gateway-1a: Still creating... [20s elapsed][0m[0m
[0m[1maws_ecs_service.carsales-commerical-service: Still creating... [20s elapsed][0m[0m
[0m[1maws_route53_record.cert_validation_alb: Creation complete after 37s [id=Z01584572MIJQ3CR4KP1B__def337c98b64e52d2d1ea703955c7459.ssldemo.poc.csnglobal.net._CNAME][0m
[0m[1maws_efs_mount_target.ecs_temp_space_az0: Creating...[0m[0m
[0m[1maws_route53_record.cert_validation: Creation complete after 38s [id=Z01584572MIJQ3CR4KP1B__def337c98b64e52d2d1ea703955c7459.ssldemo.poc.csnglobal.net._CNAME][0m
[0m[1maws_efs_mount_target.ecs_temp_space_az1: Creating...[0m[0m
[0m[1maws_lb.carsales_alb: Still creating... [20s elapsed][0m[0m
[0m[1maws_nat_gateway.carsales-nat-gateway-1b: Still creating... [20s elapsed][0m[0m
[0m[1maws_autoscaling_group.ecs-cluster: Still creating... [20s elapsed][0m[0m
[0m[1mnull_resource.push (local-exec):[0m [0mcb5c6f01afdd: Pushed
[0m[1maws_ecs_service.carsales-dealer-service: Still creating... [30s elapsed][0m[0m
[0m[1mnull_resource.push: Still creating... [50s elapsed][0m[0m
[0m[1mnull_resource.push (local-exec):[0m [0m844cae6adb4b: Pushed
[0m[1maws_instance.carsales_bastion_host-1a: Still creating... [30s elapsed][0m[0m
[0m[1maws_nat_gateway.carsales-nat-gateway-1a: Still creating... [30s elapsed][0m[0m
[0m[1maws_ecs_service.carsales-commerical-service: Still creating... [30s elapsed][0m[0m
[0m[1maws_instance.carsales_bastion_host-1a: Creation complete after 32s [id=i-0878c9a89d341964c][0m
[0m[1maws_db_instance.carsales-db: Creating...[0m[0m
[0m[1maws_efs_mount_target.ecs_temp_space_az0: Still creating... [10s elapsed][0m[0m
[0m[1maws_efs_mount_target.ecs_temp_space_az1: Still creating... [10s elapsed][0m[0m
[0m[1maws_lb.carsales_alb: Still creating... [30s elapsed][0m[0m
[0m[1maws_nat_gateway.carsales-nat-gateway-1b: Still creating... [30s elapsed][0m[0m
[0m[1maws_autoscaling_group.ecs-cluster: Still creating... [30s elapsed][0m[0m
[0m[1mnull_resource.push (local-exec):[0m [0m9990cafc719b: Pushed
[0m[1maws_ecs_service.carsales-dealer-service: Still creating... [40s elapsed][0m[0m
[0m[1mnull_resource.push (local-exec):[0m [0m9373ec48ed1c: Pushed
[0m[1mnull_resource.push: Still creating... [1m0s elapsed][0m[0m
[0m[1maws_nat_gateway.carsales-nat-gateway-1a: Still creating... [40s elapsed][0m[0m
[0m[1maws_ecs_service.carsales-commerical-service: Still creating... [40s elapsed][0m[0m
[0m[1maws_db_instance.carsales-db: Still creating... [10s elapsed][0m[0m
[0m[1maws_efs_mount_target.ecs_temp_space_az0: Still creating... [20s elapsed][0m[0m
[0m[1maws_efs_mount_target.ecs_temp_space_az1: Still creating... [20s elapsed][0m[0m
[0m[1maws_lb.carsales_alb: Still creating... [40s elapsed][0m[0m
[0m[1maws_nat_gateway.carsales-nat-gateway-1b: Still creating... [40s elapsed][0m[0m
[0m[1maws_autoscaling_group.ecs-cluster: Still creating... [40s elapsed][0m[0m
[0m[1maws_ecs_service.carsales-dealer-service: Still creating... [50s elapsed][0m[0m
[0m[1mnull_resource.push: Still creating... [1m10s elapsed][0m[0m
[0m[1mnull_resource.push (local-exec):[0m [0ma1190e978df5: Pushed
[0m[1mnull_resource.push (local-exec):[0m [0m9b85dd1d1529: Pushed
[0m[1maws_nat_gateway.carsales-nat-gateway-1a: Still creating... [50s elapsed][0m[0m
[0m[1maws_ecs_service.carsales-commerical-service: Still creating... [50s elapsed][0m[0m
[0m[1maws_db_instance.carsales-db: Still creating... [20s elapsed][0m[0m
[0m[1maws_efs_mount_target.ecs_temp_space_az0: Still creating... [30s elapsed][0m[0m
[0m[1maws_efs_mount_target.ecs_temp_space_az1: Still creating... [30s elapsed][0m[0m
[0m[1maws_lb.carsales_alb: Still creating... [50s elapsed][0m[0m
[0m[1maws_nat_gateway.carsales-nat-gateway-1b: Still creating... [50s elapsed][0m[0m
[0m[1maws_autoscaling_group.ecs-cluster: Still creating... [50s elapsed][0m[0m
[0m[1maws_ecs_service.carsales-dealer-service: Still creating... [1m0s elapsed][0m[0m
[0m[1mnull_resource.push: Still creating... [1m20s elapsed][0m[0m
[0m[1maws_nat_gateway.carsales-nat-gateway-1a: Still creating... [1m0s elapsed][0m[0m
[0m[1maws_ecs_service.carsales-commerical-service: Still creating... [1m0s elapsed][0m[0m
[0m[1maws_db_instance.carsales-db: Still creating... [30s elapsed][0m[0m
[0m[1maws_efs_mount_target.ecs_temp_space_az0: Still creating... [40s elapsed][0m[0m
[0m[1maws_efs_mount_target.ecs_temp_space_az1: Still creating... [40s elapsed][0m[0m
[0m[1maws_lb.carsales_alb: Still creating... [1m0s elapsed][0m[0m
[0m[1maws_nat_gateway.carsales-nat-gateway-1b: Still creating... [1m0s elapsed][0m[0m
[0m[1mnull_resource.push (local-exec):[0m [0m92903c3857f8: Pushed
[0m[1maws_autoscaling_group.ecs-cluster: Still creating... [1m0s elapsed][0m[0m
[0m[1mnull_resource.push (local-exec):[0m [0mb70feedd9946: Pushed
[0m[1mnull_resource.push (local-exec):[0m [0m9ad2165feb02: Pushed
[0m[1maws_ecs_service.carsales-dealer-service: Still creating... [1m10s elapsed][0m[0m
[0m[1mnull_resource.push: Still creating... [1m30s elapsed][0m[0m
[0m[1maws_nat_gateway.carsales-nat-gateway-1a: Still creating... [1m10s elapsed][0m[0m
[0m[1maws_ecs_service.carsales-commerical-service: Still creating... [1m10s elapsed][0m[0m
[0m[1maws_db_instance.carsales-db: Still creating... [40s elapsed][0m[0m
[0m[1maws_efs_mount_target.ecs_temp_space_az0: Still creating... [50s elapsed][0m[0m
[0m[1maws_efs_mount_target.ecs_temp_space_az1: Still creating... [50s elapsed][0m[0m
[0m[1maws_lb.carsales_alb: Still creating... [1m10s elapsed][0m[0m
[0m[1maws_nat_gateway.carsales-nat-gateway-1b: Still creating... [1m10s elapsed][0m[0m
[0m[1maws_autoscaling_group.ecs-cluster: Still creating... [1m10s elapsed][0m[0m
[0m[1maws_ecs_service.carsales-dealer-service: Still creating... [1m20s elapsed][0m[0m
[0m[1mnull_resource.push: Still creating... [1m40s elapsed][0m[0m
[0m[1maws_nat_gateway.carsales-nat-gateway-1a: Still creating... [1m20s elapsed][0m[0m
[0m[1maws_ecs_service.carsales-commerical-service: Still creating... [1m20s elapsed][0m[0m
[0m[1maws_db_instance.carsales-db: Still creating... [50s elapsed][0m[0m
[0m[1maws_efs_mount_target.ecs_temp_space_az0: Still creating... [1m0s elapsed][0m[0m
[0m[1maws_autoscaling_group.ecs-cluster: Creation complete after 1m18s [id=carsales-ecs-asg][0m
[0m[1maws_acm_certificate_validation.cert: Creating...[0m[0m
[0m[1maws_efs_mount_target.ecs_temp_space_az1: Still creating... [1m0s elapsed][0m[0m
[0m[1maws_lb.carsales_alb: Still creating... [1m20s elapsed][0m[0m
[0m[1maws_nat_gateway.carsales-nat-gateway-1b: Still creating... [1m20s elapsed][0m[0m
[0m[1maws_acm_certificate_validation.cert: Creation complete after 2s [id=2022-03-16 02:03:02.258 +0000 UTC][0m
[0m[1maws_autoscaling_policy.ecs-cluster-mem-scale-out: Creating...[0m[0m
[0m[1maws_autoscaling_policy.ecs-cluster-mem-scale-out: Creation complete after 1s [id=ecs-cluster-mem-scale-out][0m
[0m[1maws_autoscaling_policy.ecs-cluster-mem-scale-in: Creating...[0m[0m
[0m[1maws_autoscaling_policy.ecs-cluster-mem-scale-in: Creation complete after 0s [id=ecs-cluster-mem-scale-in][0m
[0m[1maws_autoscaling_policy.ecs-cluster-cpu-scale-out: Creating...[0m[0m
[0m[1maws_autoscaling_policy.ecs-cluster-cpu-scale-out: Creation complete after 1s [id=ecs-cluster-cpu-scale-out][0m
[0m[1maws_autoscaling_policy.ecs-cluster-cpu-scale-in: Creating...[0m[0m
[0m[1maws_autoscaling_policy.ecs-cluster-cpu-scale-in: Creation complete after 0s [id=ecs-cluster-cpu-scale-in][0m
[0m[1maws_cloudwatch_metric_alarm.memory-high: Creating...[0m[0m
[0m[1maws_cloudwatch_metric_alarm.memory-high: Creation complete after 0s [id=mem-util-high-agents][0m
[0m[1maws_cloudwatch_metric_alarm.memory-low: Creating...[0m[0m
[0m[1maws_cloudwatch_metric_alarm.memory-low: Creation complete after 1s [id=mem-util-low-agents][0m
[0m[1maws_cloudwatch_metric_alarm.cpu-high: Creating...[0m[0m
[0m[1maws_cloudwatch_metric_alarm.cpu-high: Creation complete after 0s [id=cpu-util-high-agents][0m
[0m[1maws_cloudwatch_metric_alarm.cpu-low: Creating...[0m[0m
[0m[1maws_cloudwatch_metric_alarm.cpu-low: Creation complete after 0s [id=cpu-util-low-agents][0m
[0m[1maws_ecs_service.carsales-dealer-service: Still creating... [1m30s elapsed][0m[0m
[0m[1mnull_resource.push: Still creating... [1m50s elapsed][0m[0m
[0m[1maws_nat_gateway.carsales-nat-gateway-1a: Still creating... [1m30s elapsed][0m[0m
[0m[1maws_ecs_service.carsales-commerical-service: Still creating... [1m30s elapsed][0m[0m
[0m[1maws_db_instance.carsales-db: Still creating... [1m0s elapsed][0m[0m
[0m[1maws_efs_mount_target.ecs_temp_space_az0: Still creating... [1m10s elapsed][0m[0m
[0m[1maws_efs_mount_target.ecs_temp_space_az1: Still creating... [1m10s elapsed][0m[0m
[0m[1maws_lb.carsales_alb: Still creating... [1m30s elapsed][0m[0m
[0m[1maws_nat_gateway.carsales-nat-gateway-1b: Still creating... [1m30s elapsed][0m[0m
[0m[1mnull_resource.push (local-exec):[0m [0m66b1d61820c3: Pushed
[0m[1maws_ecs_service.carsales-dealer-service: Still creating... [1m40s elapsed][0m[0m
[0m[1mnull_resource.push: Still creating... [2m0s elapsed][0m[0m
[0m[1maws_nat_gateway.carsales-nat-gateway-1a: Still creating... [1m40s elapsed][0m[0m
[0m[1maws_ecs_service.carsales-commerical-service: Still creating... [1m40s elapsed][0m[0m
[0m[1maws_db_instance.carsales-db: Still creating... [1m10s elapsed][0m[0m
[0m[1maws_efs_mount_target.ecs_temp_space_az0: Still creating... [1m20s elapsed][0m[0m
[0m[1maws_efs_mount_target.ecs_temp_space_az1: Still creating... [1m20s elapsed][0m[0m
[0m[1mnull_resource.push (local-exec):[0m [0m2c7e7ab2260a: Pushed
[0m[1maws_lb.carsales_alb: Still creating... [1m40s elapsed][0m[0m
[0m[1maws_nat_gateway.carsales-nat-gateway-1b: Still creating... [1m40s elapsed][0m[0m
[0m[1maws_nat_gateway.carsales-nat-gateway-1a: Creation complete after 1m44s [id=nat-01d10fe421e8b86e8][0m
[0m[1maws_route_table.carsales_private_route_table_1a: Creating...[0m[0m
[0m[1maws_efs_mount_target.ecs_temp_space_az0: Creation complete after 1m23s [id=fsmt-026d4c6bc1b48a472][0m
[0m[1maws_efs_mount_target.ecs_temp_space_az1: Creation complete after 1m23s [id=fsmt-094da14ed099c8199][0m
[0m[1maws_route_table.carsales_private_route_table_1a: Creation complete after 1s [id=rtb-0dbac0bd8e185bef3][0m
[0m[1maws_route_table_association.carsales-1a: Creating...[0m[0m
[0m[1maws_route_table_association.carsales-1a: Creation complete after 0s [id=rtbassoc-0402f187c465bcb70][0m
[0m[1maws_ecs_service.carsales-dealer-service: Still creating... [1m50s elapsed][0m[0m
[0m[1mnull_resource.push: Still creating... [2m10s elapsed][0m[0m
[0m[1maws_ecs_service.carsales-commerical-service: Still creating... [1m50s elapsed][0m[0m
[0m[1maws_db_instance.carsales-db: Still creating... [1m20s elapsed][0m[0m
[0m[1maws_lb.carsales_alb: Still creating... [1m50s elapsed][0m[0m
[0m[1maws_nat_gateway.carsales-nat-gateway-1b: Still creating... [1m50s elapsed][0m[0m
[0m[1maws_nat_gateway.carsales-nat-gateway-1b: Creation complete after 1m54s [id=nat-08ade14eb7595eaef][0m
[0m[1maws_route_table.carsales_private_route_table_1b: Creating...[0m[0m
[0m[1maws_route_table.carsales_private_route_table_1b: Creation complete after 1s [id=rtb-08000edd688a48267][0m
[0m[1maws_route_table_association.carsales-1b: Creating...[0m[0m
[0m[1maws_ecs_service.carsales-dealer-service: Still creating... [2m0s elapsed][0m[0m
[0m[1maws_route_table_association.carsales-1b: Creation complete after 0s [id=rtbassoc-09885fe73d0243919][0m
[0m[1mnull_resource.push: Still creating... [2m20s elapsed][0m[0m
[0m[1maws_ecs_service.carsales-commerical-service: Still creating... [2m0s elapsed][0m[0m
[0m[1mnull_resource.push (local-exec):[0m [0m227e0c39f037: Pushed
[0m[1maws_db_instance.carsales-db: Still creating... [1m30s elapsed][0m[0m
[0m[1mnull_resource.push (local-exec):[0m [0mlatest: digest: sha256:6e0c3eeac8dc933e52f326659c62a84adbe3d066fd858f36ca24020f28bf698c size: 3264
[0m[1mnull_resource.push: Creation complete after 2m23s [id=4256578840794153626][0m
[0m[1maws_lb.carsales_alb: Still creating... [2m0s elapsed][0m[0m
[0m[1maws_lb.carsales_alb: Creation complete after 2m1s [id=arn:aws:elasticloadbalancing:ap-southeast-2:996104769930:loadbalancer/app/carsales-app-load-balancer/10bc71e564d62cdd][0m
[0m[1maws_lb_listener.carsales_http: Creating...[0m[0m
[0m[1maws_lb_listener.carsales_http: Creation complete after 1s [id=arn:aws:elasticloadbalancing:ap-southeast-2:996104769930:listener/app/carsales-app-load-balancer/10bc71e564d62cdd/fe8f8281ef75562c][0m
[0m[1maws_cloudfront_distribution.distribution: Creating...[0m[0m
[0m[1maws_lb_listener_rule.carsales_test1_http: Creating...[0m[0m
[0m[1maws_lb_listener_rule.carsales_test2_http: Creating...[0m[0m
[0m[1maws_lb_listener_rule.carsales_test3_http: Creating...[0m[0m
[0m[1maws_lb_listener_rule.carsales_test1_http: Creation complete after 0s [id=arn:aws:elasticloadbalancing:ap-southeast-2:996104769930:listener-rule/app/carsales-app-load-balancer/10bc71e564d62cdd/fe8f8281ef75562c/c267175052aad7fd][0m
[0m[1maws_lb_listener_rule.carsales_test3_http: Creation complete after 0s [id=arn:aws:elasticloadbalancing:ap-southeast-2:996104769930:listener-rule/app/carsales-app-load-balancer/10bc71e564d62cdd/fe8f8281ef75562c/6f80e14d10d5dedd][0m
[0m[1maws_lb_listener_rule.carsales_test2_http: Creation complete after 0s [id=arn:aws:elasticloadbalancing:ap-southeast-2:996104769930:listener-rule/app/carsales-app-load-balancer/10bc71e564d62cdd/fe8f8281ef75562c/b43b279c38cd4c99][0m
[0m[1maws_ecs_service.carsales-dealer-service: Still creating... [2m10s elapsed][0m[0m
[0m[1maws_ecs_service.carsales-commerical-service: Creation complete after 2m8s [id=arn:aws:ecs:ap-southeast-2:996104769930:service/carsales-cluster/carsales-commerical-service][0m
[0m[1maws_db_instance.carsales-db: Still creating... [1m40s elapsed][0m[0m
[0m[1maws_cloudfront_distribution.distribution: Still creating... [10s elapsed][0m[0m
[0m[1maws_ecs_service.carsales-dealer-service: Creation complete after 2m19s [id=arn:aws:ecs:ap-southeast-2:996104769930:service/carsales-cluster/carsales-dealer-service][0m
[0m[1maws_codedeploy_deployment_group.demo: Creating...[0m[0m
[0m[1maws_appautoscaling_target.carsales-dealer_to_target: Creating...[0m[0m
[0m[1maws_appautoscaling_target.carsales-dealer_to_target: Creation complete after 0s [id=service/carsales-cluster/carsales-dealer-service][0m
[0m[1maws_appautoscaling_policy.carsales-dealer_to_target_memory: Creating...[0m[0m
[0m[1maws_appautoscaling_policy.carsales-dealer_to_target_cpu: Creating...[0m[0m
[0m[1maws_codedeploy_deployment_group.demo: Creation complete after 1s [id=d37e68f4-bdee-4f35-b774-89f4a3122543][0m
[0m[1maws_codepipeline.demo: Creating...[0m[0m
[0m[1maws_appautoscaling_policy.carsales-dealer_to_target_cpu: Creation complete after 1s [id=carsales-dealer-to-target-cpu][0m
[0m[1maws_appautoscaling_policy.carsales-dealer_to_target_memory: Creation complete after 1s [id=carsales-dealer-to-target-memory][0m
[0m[1maws_codepipeline.demo: Creation complete after 0s [id=demo-docker-pipeline][0m
[0m[1maws_db_instance.carsales-db: Still creating... [1m50s elapsed][0m[0m
[0m[1maws_cloudfront_distribution.distribution: Still creating... [20s elapsed][0m[0m
[0m[1maws_db_instance.carsales-db: Still creating... [2m0s elapsed][0m[0m
[0m[1maws_cloudfront_distribution.distribution: Still creating... [30s elapsed][0m[0m
[0m[1maws_db_instance.carsales-db: Still creating... [2m10s elapsed][0m[0m
[0m[1maws_cloudfront_distribution.distribution: Still creating... [40s elapsed][0m[0m
[0m[1maws_db_instance.carsales-db: Still creating... [2m20s elapsed][0m[0m
[0m[1maws_cloudfront_distribution.distribution: Still creating... [50s elapsed][0m[0m
[0m[1maws_db_instance.carsales-db: Still creating... [2m30s elapsed][0m[0m
[0m[1maws_cloudfront_distribution.distribution: Still creating... [1m0s elapsed][0m[0m
[0m[1maws_db_instance.carsales-db: Still creating... [2m40s elapsed][0m[0m
[0m[1maws_cloudfront_distribution.distribution: Still creating... [1m10s elapsed][0m[0m
[0m[1maws_db_instance.carsales-db: Still creating... [2m50s elapsed][0m[0m
[0m[1maws_cloudfront_distribution.distribution: Still creating... [1m20s elapsed][0m[0m
[0m[1maws_db_instance.carsales-db: Still creating... [3m0s elapsed][0m[0m
[0m[1maws_cloudfront_distribution.distribution: Still creating... [1m30s elapsed][0m[0m
[0m[1maws_db_instance.carsales-db: Still creating... [3m10s elapsed][0m[0m
[0m[1maws_cloudfront_distribution.distribution: Still creating... [1m40s elapsed][0m[0m
[0m[1maws_db_instance.carsales-db: Still creating... [3m20s elapsed][0m[0m
[0m[1maws_cloudfront_distribution.distribution: Still creating... [1m50s elapsed][0m[0m
[0m[1maws_db_instance.carsales-db: Still creating... [3m30s elapsed][0m[0m
[0m[1maws_cloudfront_distribution.distribution: Still creating... [2m0s elapsed][0m[0m
[0m[1maws_db_instance.carsales-db: Still creating... [3m40s elapsed][0m[0m
[0m[1maws_cloudfront_distribution.distribution: Still creating... [2m10s elapsed][0m[0m
[0m[1maws_db_instance.carsales-db: Still creating... [3m50s elapsed][0m[0m
[0m[1maws_cloudfront_distribution.distribution: Still creating... [2m20s elapsed][0m[0m
[0m[1maws_db_instance.carsales-db: Still creating... [4m0s elapsed][0m[0m
[0m[1maws_cloudfront_distribution.distribution: Still creating... [2m30s elapsed][0m[0m
[0m[1maws_db_instance.carsales-db: Still creating... [4m10s elapsed][0m[0m
[0m[1maws_cloudfront_distribution.distribution: Still creating... [2m40s elapsed][0m[0m
[0m[1maws_cloudfront_distribution.distribution: Creation complete after 2m43s [id=E11HET0PVBLYQQ][0m
[0m[1maws_route53_record.myapp: Creating...[0m[0m
[0m[1maws_db_instance.carsales-db: Still creating... [4m20s elapsed][0m[0m
[0m[1maws_route53_record.myapp: Still creating... [10s elapsed][0m[0m
[0m[1maws_db_instance.carsales-db: Still creating... [4m30s elapsed][0m[0m
[0m[1maws_route53_record.myapp: Still creating... [20s elapsed][0m[0m
[0m[1maws_db_instance.carsales-db: Still creating... [4m40s elapsed][0m[0m
[0m[1maws_route53_record.myapp: Still creating... [30s elapsed][0m[0m
[0m[1maws_db_instance.carsales-db: Still creating... [4m50s elapsed][0m[0m
[0m[1maws_route53_record.myapp: Creation complete after 37s [id=Z01584572MIJQ3CR4KP1B_ssldemo.poc.csnglobal.net_A][0m
[0m[1maws_db_instance.carsales-db: Still creating... [5m0s elapsed][0m[0m
[0m[1maws_db_instance.carsales-db: Still creating... [5m10s elapsed][0m[0m
[0m[1maws_db_instance.carsales-db: Still creating... [5m20s elapsed][0m[0m
[0m[1maws_db_instance.carsales-db: Still creating... [5m30s elapsed][0m[0m
[0m[1maws_db_instance.carsales-db: Still creating... [5m40s elapsed][0m[0m
[0m[1maws_db_instance.carsales-db: Still creating... [5m50s elapsed][0m[0m
[0m[1maws_db_instance.carsales-db: Still creating... [6m0s elapsed][0m[0m
[0m[1maws_db_instance.carsales-db: Still creating... [6m10s elapsed][0m[0m
[0m[1maws_db_instance.carsales-db: Still creating... [6m20s elapsed][0m[0m
[0m[1maws_db_instance.carsales-db: Still creating... [6m30s elapsed][0m[0m
[0m[1maws_db_instance.carsales-db: Still creating... [6m40s elapsed][0m[0m
[0m[1maws_db_instance.carsales-db: Still creating... [6m50s elapsed][0m[0m
[0m[1maws_db_instance.carsales-db: Still creating... [7m0s elapsed][0m[0m
[0m[1maws_db_instance.carsales-db: Still creating... [7m10s elapsed][0m[0m
[0m[1maws_db_instance.carsales-db: Still creating... [7m20s elapsed][0m[0m
[0m[1maws_db_instance.carsales-db: Still creating... [7m30s elapsed][0m[0m
[0m[1maws_db_instance.carsales-db: Still creating... [7m40s elapsed][0m[0m
[0m[1maws_db_instance.carsales-db: Still creating... [7m50s elapsed][0m[0m
[0m[1maws_db_instance.carsales-db: Still creating... [8m0s elapsed][0m[0m
[0m[1maws_db_instance.carsales-db: Still creating... [8m10s elapsed][0m[0m
[0m[1maws_db_instance.carsales-db: Still creating... [8m20s elapsed][0m[0m
[0m[1maws_db_instance.carsales-db: Still creating... [8m30s elapsed][0m[0m
[0m[1maws_db_instance.carsales-db: Still creating... [8m40s elapsed][0m[0m
[0m[1maws_db_instance.carsales-db: Still creating... [8m50s elapsed][0m[0m
[0m[1maws_db_instance.carsales-db: Still creating... [9m0s elapsed][0m[0m
[0m[1maws_db_instance.carsales-db: Still creating... [9m10s elapsed][0m[0m
[0m[1maws_db_instance.carsales-db: Still creating... [9m20s elapsed][0m[0m
[0m[1maws_db_instance.carsales-db: Still creating... [9m30s elapsed][0m[0m
[0m[1maws_db_instance.carsales-db: Still creating... [9m40s elapsed][0m[0m
[0m[1maws_db_instance.carsales-db: Still creating... [9m50s elapsed][0m[0m
[0m[1maws_db_instance.carsales-db: Still creating... [10m0s elapsed][0m[0m
[0m[1maws_db_instance.carsales-db: Still creating... [10m10s elapsed][0m[0m
[0m[1maws_db_instance.carsales-db: Still creating... [10m20s elapsed][0m[0m
[0m[1maws_db_instance.carsales-db: Still creating... [10m30s elapsed][0m[0m
[0m[1maws_db_instance.carsales-db: Still creating... [10m40s elapsed][0m[0m
[0m[1maws_db_instance.carsales-db: Still creating... [10m50s elapsed][0m[0m
[0m[1maws_db_instance.carsales-db: Still creating... [11m0s elapsed][0m[0m
[0m[1maws_db_instance.carsales-db: Still creating... [11m10s elapsed][0m[0m
[0m[1maws_db_instance.carsales-db: Still creating... [11m20s elapsed][0m[0m
[0m[1maws_db_instance.carsales-db: Still creating... [11m30s elapsed][0m[0m
[0m[1maws_db_instance.carsales-db: Still creating... [11m40s elapsed][0m[0m
[0m[1maws_db_instance.carsales-db: Still creating... [11m50s elapsed][0m[0m
[0m[1maws_db_instance.carsales-db: Still creating... [12m0s elapsed][0m[0m
[0m[1maws_db_instance.carsales-db: Still creating... [12m10s elapsed][0m[0m
[0m[1maws_db_instance.carsales-db: Still creating... [12m20s elapsed][0m[0m
[0m[1maws_db_instance.carsales-db: Still creating... [12m30s elapsed][0m[0m
[0m[1maws_db_instance.carsales-db: Still creating... [12m40s elapsed][0m[0m
[0m[1maws_db_instance.carsales-db: Creation complete after 12m43s [id=carsales-db][0m
[0m[1maws_db_instance.carsales-db-replica: Creating...[0m[0m
[0m[1maws_ssm_parameter.db_host: Creating...[0m[0m
[0m[1maws_ssm_parameter.db_host: Creation complete after 0s [id=/production/myapp/db-host][0m
[0m[1maws_db_instance.carsales-db-replica: Still creating... [10s elapsed][0m[0m
[0m[1maws_db_instance.carsales-db-replica: Still creating... [20s elapsed][0m[0m
[0m[1maws_db_instance.carsales-db-replica: Still creating... [30s elapsed][0m[0m
[0m[1maws_db_instance.carsales-db-replica: Still creating... [40s elapsed][0m[0m
[0m[1maws_db_instance.carsales-db-replica: Still creating... [50s elapsed][0m[0m
[0m[1maws_db_instance.carsales-db-replica: Still creating... [1m0s elapsed][0m[0m
[0m[1maws_db_instance.carsales-db-replica: Still creating... [1m10s elapsed][0m[0m
[0m[1maws_db_instance.carsales-db-replica: Still creating... [1m20s elapsed][0m[0m
[0m[1maws_db_instance.carsales-db-replica: Still creating... [1m30s elapsed][0m[0m
[0m[1maws_db_instance.carsales-db-replica: Still creating... [1m40s elapsed][0m[0m
[0m[1maws_db_instance.carsales-db-replica: Still creating... [1m50s elapsed][0m[0m
[0m[1maws_db_instance.carsales-db-replica: Still creating... [2m0s elapsed][0m[0m
[0m[1maws_db_instance.carsales-db-replica: Still creating... [2m10s elapsed][0m[0m
[0m[1maws_db_instance.carsales-db-replica: Still creating... [2m20s elapsed][0m[0m
[0m[1maws_db_instance.carsales-db-replica: Still creating... [2m30s elapsed][0m[0m
[0m[1maws_db_instance.carsales-db-replica: Still creating... [2m40s elapsed][0m[0m
[0m[1maws_db_instance.carsales-db-replica: Still creating... [2m50s elapsed][0m[0m
[0m[1maws_db_instance.carsales-db-replica: Still creating... [3m0s elapsed][0m[0m
[0m[1maws_db_instance.carsales-db-replica: Still creating... [3m10s elapsed][0m[0m
[0m[1maws_db_instance.carsales-db-replica: Still creating... [3m20s elapsed][0m[0m
[0m[1maws_db_instance.carsales-db-replica: Still creating... [3m30s elapsed][0m[0m
[0m[1maws_db_instance.carsales-db-replica: Still creating... [3m40s elapsed][0m[0m
[0m[1maws_db_instance.carsales-db-replica: Still creating... [3m50s elapsed][0m[0m
[0m[1maws_db_instance.carsales-db-replica: Still creating... [4m0s elapsed][0m[0m
[0m[1maws_db_instance.carsales-db-replica: Still creating... [4m10s elapsed][0m[0m
[0m[1maws_db_instance.carsales-db-replica: Still creating... [4m20s elapsed][0m[0m
[0m[1maws_db_instance.carsales-db-replica: Still creating... [4m30s elapsed][0m[0m
[0m[1maws_db_instance.carsales-db-replica: Still creating... [4m40s elapsed][0m[0m
[0m[1maws_db_instance.carsales-db-replica: Still creating... [4m50s elapsed][0m[0m
[0m[1maws_db_instance.carsales-db-replica: Still creating... [5m0s elapsed][0m[0m
[0m[1maws_db_instance.carsales-db-replica: Still creating... [5m10s elapsed][0m[0m
[0m[1maws_db_instance.carsales-db-replica: Still creating... [5m20s elapsed][0m[0m
[0m[1maws_db_instance.carsales-db-replica: Still creating... [5m30s elapsed][0m[0m
[0m[1maws_db_instance.carsales-db-replica: Still creating... [5m40s elapsed][0m[0m
[0m[1maws_db_instance.carsales-db-replica: Still creating... [5m50s elapsed][0m[0m
[0m[1maws_db_instance.carsales-db-replica: Still creating... [6m0s elapsed][0m[0m
[0m[1maws_db_instance.carsales-db-replica: Still creating... [6m10s elapsed][0m[0m
[0m[1maws_db_instance.carsales-db-replica: Still creating... [6m20s elapsed][0m[0m
[0m[1maws_db_instance.carsales-db-replica: Still creating... [6m30s elapsed][0m[0m
[0m[1maws_db_instance.carsales-db-replica: Still creating... [6m40s elapsed][0m[0m
[0m[1maws_db_instance.carsales-db-replica: Still creating... [6m50s elapsed][0m[0m
[0m[1maws_db_instance.carsales-db-replica: Still creating... [7m0s elapsed][0m[0m
[0m[1maws_db_instance.carsales-db-replica: Still creating... [7m10s elapsed][0m[0m
[0m[1maws_db_instance.carsales-db-replica: Still creating... [7m20s elapsed][0m[0m
[0m[1maws_db_instance.carsales-db-replica: Still creating... [7m30s elapsed][0m[0m
[0m[1maws_db_instance.carsales-db-replica: Still creating... [7m40s elapsed][0m[0m
[0m[1maws_db_instance.carsales-db-replica: Still creating... [7m50s elapsed][0m[0m
[0m[1maws_db_instance.carsales-db-replica: Still creating... [8m0s elapsed][0m[0m
[0m[1maws_db_instance.carsales-db-replica: Creation complete after 8m7s [id=carsales-db-replica][0m
[0m[1maws_ssm_parameter.db_host_read_replica: Creating...[0m[0m
[0m[1maws_ssm_parameter.db_host_read_replica: Creation complete after 0s [id=/production/myapp/db-host-read-replica][0m
[33m╷[0m[0m
[33m│[0m [0m[1m[33mWarning: [0m[0m[1mQuoted references are deprecated[0m
[33m│[0m [0m
[33m│[0m [0m[0m  on cloudfront.tf line 7, in resource "aws_wafv2_web_acl" "my_web_acl":
[33m│[0m [0m   7:   provider  = [4m"aws.wafv2_provider"[0m[0m
[33m│[0m [0m
[33m│[0m [0mIn this context, references are expected literally rather than in quotes. Terraform 0.11 and earlier required quotes, but quoted references are now deprecated and will be removed in a
[33m│[0m [0mfuture version of Terraform. Remove the quotes surrounding this reference to silence this warning.
[33m│[0m [0m
[33m│[0m [0m(and 2 more similar warnings elsewhere)
[33m╵[0m[0m
[33m╷[0m[0m
[33m│[0m [0m[1m[33mWarning: [0m[0m[1mVersion constraints inside provider configuration blocks are deprecated[0m
[33m│[0m [0m
[33m│[0m [0m[0m  on provider.tf line 3, in provider "aws":
[33m│[0m [0m   3:   version = [4m">= 3.4.0"[0m[0m
[33m│[0m [0m
[33m│[0m [0mTerraform 0.13 and earlier allowed provider version constraints inside the provider configuration block, but that is now deprecated and will be removed in a future version of Terraform.
[33m│[0m [0mTo silence this warning, move the provider version constraint into the required_providers block.
[33m╵[0m[0m
[0m[1m[32m
Apply complete! Resources: 139 added, 0 changed, 0 destroyed.
[0m[0m[1m[32m
Outputs:

[0mPublic_IP_of_Bastion = "13.54.124.79"
The_ECS_docker1_through_cloudfront-alb = "ssldemo.poc.csnglobal.net/carsales1/"
The_ECS_docker2_through_cloudfront-alb = "ssldemo.poc.csnglobal.net/carsales2/"
The_lambda_through_cloudfront-alb = "ssldemo.poc.csnglobal.net/lambda/"
The_static_content_on_S3_through_cloudfront = "ssldemo.poc.csnglobal.net/index.html"
