An execution plan has been generated and is shown below.
Resource actions are indicated with the following symbols:
  + create

Terraform will perform the following actions:

  # aws_dynamodb_table.terraform-up-and-running-locks-carsales-code will be created
  + resource "aws_dynamodb_table" "terraform-up-and-running-locks-carsales-code" {
      + arn              = (known after apply)
      + billing_mode     = "PROVISIONED"
      + hash_key         = "LockID"
      + id               = (known after apply)
      + name             = "terraform-up-and-running-locks-carsales-code"
      + read_capacity    = 5
      + stream_arn       = (known after apply)
      + stream_label     = (known after apply)
      + stream_view_type = (known after apply)
      + tags_all         = (known after apply)
      + write_capacity   = 5

      + attribute {
          + name = "LockID"
          + type = "S"
        }

      + point_in_time_recovery {
          + enabled = (known after apply)
        }

      + server_side_encryption {
          + enabled     = (known after apply)
          + kms_key_arn = (known after apply)
        }
    }

  # aws_s3_bucket.terraform-up-and-running-state-carsales-code will be created
  + resource "aws_s3_bucket" "terraform-up-and-running-state-carsales-code" {
      + acceleration_status         = (known after apply)
      + acl                         = "private"
      + arn                         = (known after apply)
      + bucket                      = "terraform-up-and-running-state-carsales-code"
      + bucket_domain_name          = (known after apply)
      + bucket_regional_domain_name = (known after apply)
      + force_destroy               = false
      + hosted_zone_id              = (known after apply)
      + id                          = (known after apply)
      + region                      = (known after apply)
      + request_payer               = (known after apply)
      + tags_all                    = (known after apply)
      + website_domain              = (known after apply)
      + website_endpoint            = (known after apply)

      + server_side_encryption_configuration {
          + rule {
              + apply_server_side_encryption_by_default {
                  + sse_algorithm = "AES256"
                }
            }
        }

      + versioning {
          + enabled    = true
          + mfa_delete = false
        }
    }

  # aws_s3_bucket_public_access_block.private-bucket-public-access-block will be created
  + resource "aws_s3_bucket_public_access_block" "private-bucket-public-access-block" {
      + block_public_acls       = true
      + block_public_policy     = true
      + bucket                  = (known after apply)
      + id                      = (known after apply)
      + ignore_public_acls      = true
      + restrict_public_buckets = true
    }

Plan: 3 to add, 0 to change, 0 to destroy.

Do you want to perform these actions?
  Terraform will perform the actions described above.
  Only 'yes' will be accepted to approve.

  Enter a value: yes

aws_dynamodb_table.terraform-up-and-running-locks-carsales-code: Creating...
aws_s3_bucket.terraform-up-and-running-state-carsales-code: Creating...
aws_dynamodb_table.terraform-up-and-running-locks-carsales-code: Creation complete after 7s [id=terraform-up-and-running-locks-carsales-code]
aws_s3_bucket.terraform-up-and-running-state-carsales-code: Still creating... [10s elapsed]
aws_s3_bucket.terraform-up-and-running-state-carsales-code: Creation complete after 13s [id=terraform-up-and-running-state-carsales-code]
aws_s3_bucket_public_access_block.private-bucket-public-access-block: Creating...
aws_s3_bucket_public_access_block.private-bucket-public-access-block: Creation complete after 2s [id=terraform-up-and-running-state-carsales-code]

Apply complete! Resources: 3 added, 0 changed, 0 destroyed.

